// !$*UTF8*$!
{
       archiveVersion = 1;
       classes = {
       };
       objectVersion = 46;
       objects = {

/* Begin PBXAggregateTarget section */
              540B6A4365414B43B7F8C599 /* ALL_BUILD */ = {
                     isa = PBXAggregateTarget;
                     buildConfigurationList = A3B999DA31EB4F2480E3F3DB /* Build configuration list for PBXAggregateTarget "ALL_BUILD" */;
                     buildPhases = (
                            D1A4F5A343914DE19E0EB782 /* CMake Rules */,
                     );
                     dependencies = (
                            D18A7EBEC34C4D73A1E948D6 /* PBXTargetDependency */,
                            82CC60A2157F4465BF0718C3 /* PBXTargetDependency */,
                     );
                     name = ALL_BUILD;
                     productName = ALL_BUILD;
              };
              89141F699FED45BBA44AA66C /* ZERO_CHECK */ = {
                     isa = PBXAggregateTarget;
                     buildConfigurationList = 3B230F2502164EAF8C257060 /* Build configuration list for PBXAggregateTarget "ZERO_CHECK" */;
                     buildPhases = (
                            37E92FEBB6274C7D84683084 /* CMake Rules */,
                     );
                     dependencies = (
                     );
                     name = ZERO_CHECK;
                     productName = ZERO_CHECK;
              };
              846BF4A0440F407EABE58C12 /* install */ = {
                     isa = PBXAggregateTarget;
                     buildConfigurationList = DECB7F06F4374D1FA7AC861C /* Build configuration list for PBXAggregateTarget "install" */;
                     buildPhases = (
                            B05785F9F1E14349B0148E52 /* CMake PostBuild Rules */,
                     );
                     dependencies = (
                            2B2A3869E5B14D04B72F462C /* PBXTargetDependency */,
                     );
                     name = install;
                     productName = install;
              };
              B437978842864E1FBBC9E43C /* package */ = {
                     isa = PBXAggregateTarget;
                     buildConfigurationList = DB60B93BC376466AA82D2644 /* Build configuration list for PBXAggregateTarget "package" */;
                     buildPhases = (
                            F26881E2F11C4CBF81CC832F /* CMake PostBuild Rules */,
                     );
                     dependencies = (
                            2B2A3869E5B14D04B72F462C /* PBXTargetDependency */,
                     );
                     name = package;
                     productName = package;
              };
/* End PBXAggregateTarget section */

/* Begin PBXBuildFile section */
A042E7A800F7422C80CD844B /* /Users/security/mtclient/src/lua/src/lapi.c */ = {isa = PBXBuildFile; fileRef = 6820E66497C748478FEF1474 /* /Users/security/mtclient/src/lua/src/lapi.c */; settings = { COMPILER_FLAGS = ""; }; };
53580AA1358746BC8543541B /* /Users/security/mtclient/src/lua/src/lauxlib.c */ = {isa = PBXBuildFile; fileRef = EC0ADD72B04A4BF0A22BF761 /* /Users/security/mtclient/src/lua/src/lauxlib.c */; settings = { COMPILER_FLAGS = ""; }; };
D164C82C567C401D94392CAB /* /Users/security/mtclient/src/lua/src/lbaselib.c */ = {isa = PBXBuildFile; fileRef = DE92C3E59C8849CA9DD8C810 /* /Users/security/mtclient/src/lua/src/lbaselib.c */; settings = { COMPILER_FLAGS = ""; }; };
1680C83BC117455FB4436AE2 /* /Users/security/mtclient/src/lua/src/lcode.c */ = {isa = PBXBuildFile; fileRef = 5E17BFBA198A4CBCA7A32A5B /* /Users/security/mtclient/src/lua/src/lcode.c */; settings = { COMPILER_FLAGS = ""; }; };
6626B491538849268B0200E4 /* /Users/security/mtclient/src/lua/src/ldblib.c */ = {isa = PBXBuildFile; fileRef = 17B2D6F9B134452DA73F621E /* /Users/security/mtclient/src/lua/src/ldblib.c */; settings = { COMPILER_FLAGS = ""; }; };
856F832922D84696920B6081 /* /Users/security/mtclient/src/lua/src/ldebug.c */ = {isa = PBXBuildFile; fileRef = F4FDF178BA51417B9D230A02 /* /Users/security/mtclient/src/lua/src/ldebug.c */; settings = { COMPILER_FLAGS = ""; }; };
0192AF4E2FE84B7FBBEC72BB /* /Users/security/mtclient/src/lua/src/ldo.c */ = {isa = PBXBuildFile; fileRef = 18AAFC6B581A4D0C98D6B6B3 /* /Users/security/mtclient/src/lua/src/ldo.c */; settings = { COMPILER_FLAGS = ""; }; };
068DB083409E4139A04CAF9F /* /Users/security/mtclient/src/lua/src/ldump.c */ = {isa = PBXBuildFile; fileRef = D59F6A2A587E45DB8FAAC6AC /* /Users/security/mtclient/src/lua/src/ldump.c */; settings = { COMPILER_FLAGS = ""; }; };
DF1483ADF67041FABC50D71E /* /Users/security/mtclient/src/lua/src/lfunc.c */ = {isa = PBXBuildFile; fileRef = 127F6E166EF845E388C8A84C /* /Users/security/mtclient/src/lua/src/lfunc.c */; settings = { COMPILER_FLAGS = ""; }; };
F4C00DF67B1D4C889551ADC5 /* /Users/security/mtclient/src/lua/src/lgc.c */ = {isa = PBXBuildFile; fileRef = 36310D4CFD4C4F6F8C75E770 /* /Users/security/mtclient/src/lua/src/lgc.c */; settings = { COMPILER_FLAGS = ""; }; };
53BE3B93C53A4E539071C010 /* /Users/security/mtclient/src/lua/src/linit.c */ = {isa = PBXBuildFile; fileRef = 8DFE9E0934D64EE9B272B28C /* /Users/security/mtclient/src/lua/src/linit.c */; settings = { COMPILER_FLAGS = ""; }; };
D0FD2618B7684F4DADCE28FD /* /Users/security/mtclient/src/lua/src/liolib.c */ = {isa = PBXBuildFile; fileRef = 253061D9096048239BDBE7B8 /* /Users/security/mtclient/src/lua/src/liolib.c */; settings = { COMPILER_FLAGS = ""; }; };
D6A64E1D298B450E839CEE0A /* /Users/security/mtclient/src/lua/src/llex.c */ = {isa = PBXBuildFile; fileRef = EAFDA9FCAA6F4AA69DD1145F /* /Users/security/mtclient/src/lua/src/llex.c */; settings = { COMPILER_FLAGS = ""; }; };
DEAAF804192B4F8FB2881746 /* /Users/security/mtclient/src/lua/src/lmathlib.c */ = {isa = PBXBuildFile; fileRef = FB3D3B2F6D584CE5A2539D75 /* /Users/security/mtclient/src/lua/src/lmathlib.c */; settings = { COMPILER_FLAGS = ""; }; };
519E359699EF4B0A9D746CEE /* /Users/security/mtclient/src/lua/src/lmem.c */ = {isa = PBXBuildFile; fileRef = 30B2DB7C83A44816BA4AA2A7 /* /Users/security/mtclient/src/lua/src/lmem.c */; settings = { COMPILER_FLAGS = ""; }; };
3396EBC2AC99424AB004AE39 /* /Users/security/mtclient/src/lua/src/loadlib.c */ = {isa = PBXBuildFile; fileRef = 9982D76B604B4E5EA0756CCE /* /Users/security/mtclient/src/lua/src/loadlib.c */; settings = { COMPILER_FLAGS = ""; }; };
5CA150937729460F8F0672D7 /* /Users/security/mtclient/src/lua/src/lobject.c */ = {isa = PBXBuildFile; fileRef = 1D8B9641B7924A1A9995533A /* /Users/security/mtclient/src/lua/src/lobject.c */; settings = { COMPILER_FLAGS = ""; }; };
4E2822DB1D724C2183F07426 /* /Users/security/mtclient/src/lua/src/lopcodes.c */ = {isa = PBXBuildFile; fileRef = B9E7137F9B54466F890C357C /* /Users/security/mtclient/src/lua/src/lopcodes.c */; settings = { COMPILER_FLAGS = ""; }; };
BA98558AB6C94A49A81DEE77 /* /Users/security/mtclient/src/lua/src/loslib.c */ = {isa = PBXBuildFile; fileRef = 56DE9D8C93DE4CA9893801B7 /* /Users/security/mtclient/src/lua/src/loslib.c */; settings = { COMPILER_FLAGS = ""; }; };
A5DC86594325433F8C5CE30C /* /Users/security/mtclient/src/lua/src/lparser.c */ = {isa = PBXBuildFile; fileRef = 3725565FD3AC4B9E8450B95E /* /Users/security/mtclient/src/lua/src/lparser.c */; settings = { COMPILER_FLAGS = ""; }; };
C64E27D4C1044BD1A7AB9C95 /* /Users/security/mtclient/src/lua/src/lstate.c */ = {isa = PBXBuildFile; fileRef = 4CC724CF972F46ED8E52CA60 /* /Users/security/mtclient/src/lua/src/lstate.c */; settings = { COMPILER_FLAGS = ""; }; };
171BEB10EB78448FA43D7F31 /* /Users/security/mtclient/src/lua/src/lstring.c */ = {isa = PBXBuildFile; fileRef = 897E0164C4374617B5396E33 /* /Users/security/mtclient/src/lua/src/lstring.c */; settings = { COMPILER_FLAGS = ""; }; };
5CBF5B681CD4486CBE8DA72D /* /Users/security/mtclient/src/lua/src/lstrlib.c */ = {isa = PBXBuildFile; fileRef = A9F025EAAE1B47E3A58DECB6 /* /Users/security/mtclient/src/lua/src/lstrlib.c */; settings = { COMPILER_FLAGS = ""; }; };
064ED3D53A994B3F80FBAC17 /* /Users/security/mtclient/src/lua/src/ltable.c */ = {isa = PBXBuildFile; fileRef = 415B18C879DC4D4DA69ED627 /* /Users/security/mtclient/src/lua/src/ltable.c */; settings = { COMPILER_FLAGS = ""; }; };
7D2483A2C9F548D492FA4BF3 /* /Users/security/mtclient/src/lua/src/ltablib.c */ = {isa = PBXBuildFile; fileRef = 323F45A1946C43F18D272A8A /* /Users/security/mtclient/src/lua/src/ltablib.c */; settings = { COMPILER_FLAGS = ""; }; };
FB2D29947B9047019D235E58 /* /Users/security/mtclient/src/lua/src/ltm.c */ = {isa = PBXBuildFile; fileRef = E16ECA96587648A6AC57FD9C /* /Users/security/mtclient/src/lua/src/ltm.c */; settings = { COMPILER_FLAGS = ""; }; };
C9E51B9B1A354503AA90BDB2 /* /Users/security/mtclient/src/lua/src/lundump.c */ = {isa = PBXBuildFile; fileRef = 5798116B48944695815C9F97 /* /Users/security/mtclient/src/lua/src/lundump.c */; settings = { COMPILER_FLAGS = ""; }; };
DE1BB53F6EE1476983794E37 /* /Users/security/mtclient/src/lua/src/lvm.c */ = {isa = PBXBuildFile; fileRef = B50C897D94B34119BB049E1E /* /Users/security/mtclient/src/lua/src/lvm.c */; settings = { COMPILER_FLAGS = ""; }; };
000441D488C848BBAE050658 /* /Users/security/mtclient/src/lua/src/lzio.c */ = {isa = PBXBuildFile; fileRef = 1B6399FAB6114B26A19CB851 /* /Users/security/mtclient/src/lua/src/lzio.c */; settings = { COMPILER_FLAGS = ""; }; };
C6DAE52B2AC943DFB44E33FE /* /Users/security/mtclient/src/lua/src/CMakeLists.txt */ = {isa = PBXBuildFile; fileRef = 51F16DD0A41C44FB9865FE3B /* /Users/security/mtclient/src/lua/src/CMakeLists.txt */; settings = { COMPILER_FLAGS = ""; }; };
/* End PBXBuildFile section */

/* Begin PBXBuildStyle section */
              DA751877DE0244C29E78C3E6 /*  */ = {
                     isa = PBXBuildStyle;
              };
              EE5C54CDD9B7416AA63A4F9C /* Debug */ = {
                     isa = PBXBuildStyle;
                     buildSettings = {
                            COPY_PHASE_STRIP = NO;
                     };
                     name = Debug;
              };
              C7043C9784EE4673A098A3F8 /* Release */ = {
                     isa = PBXBuildStyle;
                     buildSettings = {
                            COPY_PHASE_STRIP = NO;
                     };
                     name = Release;
              };
              FC96482606BF458FBE84668E /* MinSizeRel */ = {
                     isa = PBXBuildStyle;
                     buildSettings = {
                            COPY_PHASE_STRIP = NO;
                     };
                     name = MinSizeRel;
              };
              15FA28FFAC924B069E472A62 /* RelWithDebInfo */ = {
                     isa = PBXBuildStyle;
                     buildSettings = {
                            COPY_PHASE_STRIP = NO;
                     };
                     name = RelWithDebInfo;
              };
/* End PBXBuildStyle section */

/* Begin PBXContainerItemProxy section */
              E06532D0C5ED43FA94A0EED4 /* PBXContainerItemProxy */ = {
                     isa = PBXContainerItemProxy;
                     containerPortal = 5040E0F5789146E8BB87DA1B /* Project object */;
                     proxyType = 1;
                     remoteGlobalIDString = 89141F699FED45BBA44AA66C;
                     remoteInfo = ZERO_CHECK;
              };
              8F3F7E9F681444099FBB3113 /* PBXContainerItemProxy */ = {
                     isa = PBXContainerItemProxy;
                     containerPortal = 5040E0F5789146E8BB87DA1B /* Project object */;
                     proxyType = 1;
                     remoteGlobalIDString = E656FE09EFFF47AEB050B52D;
                     remoteInfo = lua;
              };
              8A806D738E2E46F58EF8CD0D /* PBXContainerItemProxy */ = {
                     isa = PBXContainerItemProxy;
                     containerPortal = 5040E0F5789146E8BB87DA1B /* Project object */;
                     proxyType = 1;
                     remoteGlobalIDString = 540B6A4365414B43B7F8C599;
                     remoteInfo = ALL_BUILD;
              };
/* End PBXContainerItemProxy section */

/* Begin PBXFileReference section */
1F6DD583116A4BE89A5BEE73 /* /Users/security/mtclient/src/lua/CMakeLists.txt */ = {isa = PBXFileReference; fileEncoding = 4; lastKnownFileType = "sourcecode.text"; name = "CMakeLists.txt"; path = "CMakeLists.txt"; sourceTree = SOURCE_ROOT; };
6820E66497C748478FEF1474 /* /Users/security/mtclient/src/lua/src/lapi.c */ = {isa = PBXFileReference; fileEncoding = 4; lastKnownFileType = "sourcecode.c.c"; name = "lapi.c"; path = "src/lapi.c"; sourceTree = SOURCE_ROOT; };
EC0ADD72B04A4BF0A22BF761 /* /Users/security/mtclient/src/lua/src/lauxlib.c */ = {isa = PBXFileReference; fileEncoding = 4; lastKnownFileType = "sourcecode.c.c"; name = "lauxlib.c"; path = "src/lauxlib.c"; sourceTree = SOURCE_ROOT; };
DE92C3E59C8849CA9DD8C810 /* /Users/security/mtclient/src/lua/src/lbaselib.c */ = {isa = PBXFileReference; fileEncoding = 4; lastKnownFileType = "sourcecode.c.c"; name = "lbaselib.c"; path = "src/lbaselib.c"; sourceTree = SOURCE_ROOT; };
5E17BFBA198A4CBCA7A32A5B /* /Users/security/mtclient/src/lua/src/lcode.c */ = {isa = PBXFileReference; fileEncoding = 4; lastKnownFileType = "sourcecode.c.c"; name = "lcode.c"; path = "src/lcode.c"; sourceTree = SOURCE_ROOT; };
17B2D6F9B134452DA73F621E /* /Users/security/mtclient/src/lua/src/ldblib.c */ = {isa = PBXFileReference; fileEncoding = 4; lastKnownFileType = "sourcecode.c.c"; name = "ldblib.c"; path = "src/ldblib.c"; sourceTree = SOURCE_ROOT; };
F4FDF178BA51417B9D230A02 /* /Users/security/mtclient/src/lua/src/ldebug.c */ = {isa = PBXFileReference; fileEncoding = 4; lastKnownFileType = "sourcecode.c.c"; name = "ldebug.c"; path = "src/ldebug.c"; sourceTree = SOURCE_ROOT; };
18AAFC6B581A4D0C98D6B6B3 /* /Users/security/mtclient/src/lua/src/ldo.c */ = {isa = PBXFileReference; fileEncoding = 4; lastKnownFileType = "sourcecode.c.c"; name = "ldo.c"; path = "src/ldo.c"; sourceTree = SOURCE_ROOT; };
D59F6A2A587E45DB8FAAC6AC /* /Users/security/mtclient/src/lua/src/ldump.c */ = {isa = PBXFileReference; fileEncoding = 4; lastKnownFileType = "sourcecode.c.c"; name = "ldump.c"; path = "src/ldump.c"; sourceTree = SOURCE_ROOT; };
127F6E166EF845E388C8A84C /* /Users/security/mtclient/src/lua/src/lfunc.c */ = {isa = PBXFileReference; fileEncoding = 4; lastKnownFileType = "sourcecode.c.c"; name = "lfunc.c"; path = "src/lfunc.c"; sourceTree = SOURCE_ROOT; };
36310D4CFD4C4F6F8C75E770 /* /Users/security/mtclient/src/lua/src/lgc.c */ = {isa = PBXFileReference; fileEncoding = 4; lastKnownFileType = "sourcecode.c.c"; name = "lgc.c"; path = "src/lgc.c"; sourceTree = SOURCE_ROOT; };
8DFE9E0934D64EE9B272B28C /* /Users/security/mtclient/src/lua/src/linit.c */ = {isa = PBXFileReference; fileEncoding = 4; lastKnownFileType = "sourcecode.c.c"; name = "linit.c"; path = "src/linit.c"; sourceTree = SOURCE_ROOT; };
253061D9096048239BDBE7B8 /* /Users/security/mtclient/src/lua/src/liolib.c */ = {isa = PBXFileReference; fileEncoding = 4; lastKnownFileType = "sourcecode.c.c"; name = "liolib.c"; path = "src/liolib.c"; sourceTree = SOURCE_ROOT; };
EAFDA9FCAA6F4AA69DD1145F /* /Users/security/mtclient/src/lua/src/llex.c */ = {isa = PBXFileReference; fileEncoding = 4; lastKnownFileType = "sourcecode.c.c"; name = "llex.c"; path = "src/llex.c"; sourceTree = SOURCE_ROOT; };
FB3D3B2F6D584CE5A2539D75 /* /Users/security/mtclient/src/lua/src/lmathlib.c */ = {isa = PBXFileReference; fileEncoding = 4; lastKnownFileType = "sourcecode.c.c"; name = "lmathlib.c"; path = "src/lmathlib.c"; sourceTree = SOURCE_ROOT; };
30B2DB7C83A44816BA4AA2A7 /* /Users/security/mtclient/src/lua/src/lmem.c */ = {isa = PBXFileReference; fileEncoding = 4; lastKnownFileType = "sourcecode.c.c"; name = "lmem.c"; path = "src/lmem.c"; sourceTree = SOURCE_ROOT; };
9982D76B604B4E5EA0756CCE /* /Users/security/mtclient/src/lua/src/loadlib.c */ = {isa = PBXFileReference; fileEncoding = 4; lastKnownFileType = "sourcecode.c.c"; name = "loadlib.c"; path = "src/loadlib.c"; sourceTree = SOURCE_ROOT; };
1D8B9641B7924A1A9995533A /* /Users/security/mtclient/src/lua/src/lobject.c */ = {isa = PBXFileReference; fileEncoding = 4; lastKnownFileType = "sourcecode.c.c"; name = "lobject.c"; path = "src/lobject.c"; sourceTree = SOURCE_ROOT; };
B9E7137F9B54466F890C357C /* /Users/security/mtclient/src/lua/src/lopcodes.c */ = {isa = PBXFileReference; fileEncoding = 4; lastKnownFileType = "sourcecode.c.c"; name = "lopcodes.c"; path = "src/lopcodes.c"; sourceTree = SOURCE_ROOT; };
56DE9D8C93DE4CA9893801B7 /* /Users/security/mtclient/src/lua/src/loslib.c */ = {isa = PBXFileReference; fileEncoding = 4; lastKnownFileType = "sourcecode.c.c"; name = "loslib.c"; path = "src/loslib.c"; sourceTree = SOURCE_ROOT; };
3725565FD3AC4B9E8450B95E /* /Users/security/mtclient/src/lua/src/lparser.c */ = {isa = PBXFileReference; fileEncoding = 4; lastKnownFileType = "sourcecode.c.c"; name = "lparser.c"; path = "src/lparser.c"; sourceTree = SOURCE_ROOT; };
4CC724CF972F46ED8E52CA60 /* /Users/security/mtclient/src/lua/src/lstate.c */ = {isa = PBXFileReference; fileEncoding = 4; lastKnownFileType = "sourcecode.c.c"; name = "lstate.c"; path = "src/lstate.c"; sourceTree = SOURCE_ROOT; };
897E0164C4374617B5396E33 /* /Users/security/mtclient/src/lua/src/lstring.c */ = {isa = PBXFileReference; fileEncoding = 4; lastKnownFileType = "sourcecode.c.c"; name = "lstring.c"; path = "src/lstring.c"; sourceTree = SOURCE_ROOT; };
A9F025EAAE1B47E3A58DECB6 /* /Users/security/mtclient/src/lua/src/lstrlib.c */ = {isa = PBXFileReference; fileEncoding = 4; lastKnownFileType = "sourcecode.c.c"; name = "lstrlib.c"; path = "src/lstrlib.c"; sourceTree = SOURCE_ROOT; };
415B18C879DC4D4DA69ED627 /* /Users/security/mtclient/src/lua/src/ltable.c */ = {isa = PBXFileReference; fileEncoding = 4; lastKnownFileType = "sourcecode.c.c"; name = "ltable.c"; path = "src/ltable.c"; sourceTree = SOURCE_ROOT; };
323F45A1946C43F18D272A8A /* /Users/security/mtclient/src/lua/src/ltablib.c */ = {isa = PBXFileReference; fileEncoding = 4; lastKnownFileType = "sourcecode.c.c"; name = "ltablib.c"; path = "src/ltablib.c"; sourceTree = SOURCE_ROOT; };
E16ECA96587648A6AC57FD9C /* /Users/security/mtclient/src/lua/src/ltm.c */ = {isa = PBXFileReference; fileEncoding = 4; lastKnownFileType = "sourcecode.c.c"; name = "ltm.c"; path = "src/ltm.c"; sourceTree = SOURCE_ROOT; };
5798116B48944695815C9F97 /* /Users/security/mtclient/src/lua/src/lundump.c */ = {isa = PBXFileReference; fileEncoding = 4; lastKnownFileType = "sourcecode.c.c"; name = "lundump.c"; path = "src/lundump.c"; sourceTree = SOURCE_ROOT; };
B50C897D94B34119BB049E1E /* /Users/security/mtclient/src/lua/src/lvm.c */ = {isa = PBXFileReference; fileEncoding = 4; lastKnownFileType = "sourcecode.c.c"; name = "lvm.c"; path = "src/lvm.c"; sourceTree = SOURCE_ROOT; };
1B6399FAB6114B26A19CB851 /* /Users/security/mtclient/src/lua/src/lzio.c */ = {isa = PBXFileReference; fileEncoding = 4; lastKnownFileType = "sourcecode.c.c"; name = "lzio.c"; path = "src/lzio.c"; sourceTree = SOURCE_ROOT; };
51F16DD0A41C44FB9865FE3B /* /Users/security/mtclient/src/lua/src/CMakeLists.txt */ = {isa = PBXFileReference; fileEncoding = 4; lastKnownFileType = "sourcecode.text"; name = "CMakeLists.txt"; path = "src/CMakeLists.txt"; sourceTree = SOURCE_ROOT; };
BCD327F44A4B4D97AA4AE1DF /* lua */ = {isa = PBXFileReference; explicitFileType = "archive.ar"; path = "liblua.a"; refType = 0; sourceTree = BUILT_PRODUCTS_DIR; };
/* End PBXFileReference section */

/* Begin PBXGroup section */
              9B5606C281DC4B968730A9B4  = {
                     isa = PBXGroup;
                     children = (
                            AF8A41A282324DE6A765FB8D /* Sources */,
                            4559C4E94E2A428EA998BEF6 /* Resources */,
                            2EC95C78A6CF449283B76667 /* Products */,
                     );
                     sourceTree = "<group>";
              };
              AF8A41A282324DE6A765FB8D /* Sources */ = {
                     isa = PBXGroup;
                     children = (
                            CE62B4ABC7604C1A8AE926EB /* ALL_BUILD */,
                            45079B9AC79F4363B540B6F3 /* ZERO_CHECK */,
                            0FD28ADD052A4CB69543D934 /* lua */,
                     );
                     name = Sources;
                     sourceTree = "<group>";
              };
              4559C4E94E2A428EA998BEF6 /* Resources */ = {
                     isa = PBXGroup;
                     children = (
                     );
                     name = Resources;
                     sourceTree = "<group>";
              };
              CE62B4ABC7604C1A8AE926EB /* ALL_BUILD */ = {
                     isa = PBXGroup;
                     children = (
                            6DAB08081E2D404A9EEC1CF6 /* CMake Rules */,
                            1F6DD583116A4BE89A5BEE73 /* /Users/security/mtclient/src/lua/CMakeLists.txt */,
                     );
                     name = ALL_BUILD;
                     sourceTree = "<group>";
              };
              6DAB08081E2D404A9EEC1CF6 /* CMake Rules */ = {
                     isa = PBXGroup;
                     children = (
                     );
                     name = "CMake Rules";
                     sourceTree = "<group>";
              };
              45079B9AC79F4363B540B6F3 /* ZERO_CHECK */ = {
                     isa = PBXGroup;
                     children = (
                            A00E6682EDBD4402938C0EFE /* CMake Rules */,
                            1F6DD583116A4BE89A5BEE73 /* /Users/security/mtclient/src/lua/CMakeLists.txt */,
                     );
                     name = ZERO_CHECK;
                     sourceTree = "<group>";
              };
              A00E6682EDBD4402938C0EFE /* CMake Rules */ = {
                     isa = PBXGroup;
                     children = (
                     );
                     name = "CMake Rules";
                     sourceTree = "<group>";
              };
              0FD28ADD052A4CB69543D934 /* lua */ = {
                     isa = PBXGroup;
                     children = (
                            67856361588143CB8675B7FC /* Source Files */,
                            51F16DD0A41C44FB9865FE3B /* /Users/security/mtclient/src/lua/src/CMakeLists.txt */,
                     );
                     name = lua;
                     sourceTree = "<group>";
              };
              67856361588143CB8675B7FC /* Source Files */ = {
                     isa = PBXGroup;
                     children = (
                            6820E66497C748478FEF1474 /* /Users/security/mtclient/src/lua/src/lapi.c */,
                            EC0ADD72B04A4BF0A22BF761 /* /Users/security/mtclient/src/lua/src/lauxlib.c */,
                            DE92C3E59C8849CA9DD8C810 /* /Users/security/mtclient/src/lua/src/lbaselib.c */,
                            5E17BFBA198A4CBCA7A32A5B /* /Users/security/mtclient/src/lua/src/lcode.c */,
                            17B2D6F9B134452DA73F621E /* /Users/security/mtclient/src/lua/src/ldblib.c */,
                            F4FDF178BA51417B9D230A02 /* /Users/security/mtclient/src/lua/src/ldebug.c */,
                            18AAFC6B581A4D0C98D6B6B3 /* /Users/security/mtclient/src/lua/src/ldo.c */,
                            D59F6A2A587E45DB8FAAC6AC /* /Users/security/mtclient/src/lua/src/ldump.c */,
                            127F6E166EF845E388C8A84C /* /Users/security/mtclient/src/lua/src/lfunc.c */,
                            36310D4CFD4C4F6F8C75E770 /* /Users/security/mtclient/src/lua/src/lgc.c */,
                            8DFE9E0934D64EE9B272B28C /* /Users/security/mtclient/src/lua/src/linit.c */,
                            253061D9096048239BDBE7B8 /* /Users/security/mtclient/src/lua/src/liolib.c */,
                            EAFDA9FCAA6F4AA69DD1145F /* /Users/security/mtclient/src/lua/src/llex.c */,
                            FB3D3B2F6D584CE5A2539D75 /* /Users/security/mtclient/src/lua/src/lmathlib.c */,
                            30B2DB7C83A44816BA4AA2A7 /* /Users/security/mtclient/src/lua/src/lmem.c */,
                            9982D76B604B4E5EA0756CCE /* /Users/security/mtclient/src/lua/src/loadlib.c */,
                            1D8B9641B7924A1A9995533A /* /Users/security/mtclient/src/lua/src/lobject.c */,
                            B9E7137F9B54466F890C357C /* /Users/security/mtclient/src/lua/src/lopcodes.c */,
                            56DE9D8C93DE4CA9893801B7 /* /Users/security/mtclient/src/lua/src/loslib.c */,
                            3725565FD3AC4B9E8450B95E /* /Users/security/mtclient/src/lua/src/lparser.c */,
                            4CC724CF972F46ED8E52CA60 /* /Users/security/mtclient/src/lua/src/lstate.c */,
                            897E0164C4374617B5396E33 /* /Users/security/mtclient/src/lua/src/lstring.c */,
                            A9F025EAAE1B47E3A58DECB6 /* /Users/security/mtclient/src/lua/src/lstrlib.c */,
                            415B18C879DC4D4DA69ED627 /* /Users/security/mtclient/src/lua/src/ltable.c */,
                            323F45A1946C43F18D272A8A /* /Users/security/mtclient/src/lua/src/ltablib.c */,
                            E16ECA96587648A6AC57FD9C /* /Users/security/mtclient/src/lua/src/ltm.c */,
                            5798116B48944695815C9F97 /* /Users/security/mtclient/src/lua/src/lundump.c */,
                            B50C897D94B34119BB049E1E /* /Users/security/mtclient/src/lua/src/lvm.c */,
                            1B6399FAB6114B26A19CB851 /* /Users/security/mtclient/src/lua/src/lzio.c */,
                     );
                     name = "Source Files";
                     sourceTree = "<group>";
              };
              2EC95C78A6CF449283B76667 /* Products */ = {
                     isa = PBXGroup;
                     children = (
                            BCD327F44A4B4D97AA4AE1DF /* lua */,
                     );
                     name = Products;
                     sourceTree = "<group>";
              };
/* End PBXGroup section */

/* Begin PBXNativeTarget section */
              E656FE09EFFF47AEB050B52D /* lua */ = {
                     isa = PBXNativeTarget;
                     buildConfigurationList = F9A57E6EB8D543A0ADDE69B5 /* Build configuration list for PBXNativeTarget "lua" */;
                     buildPhases = (
                            796D30AA994A47969D2F793D /* Sources */,
                            2402E6ED6129470E8F5A175D /* CMake PostBuild Rules */,
                     );
                     buildRules = (
                     );
                     dependencies = (
                     );
                     name = lua;
                     productName = lua;
                     productReference = BCD327F44A4B4D97AA4AE1DF /* lua */;
                     productType = "com.apple.product-type.library.static";
              };
/* End PBXNativeTarget section */

/* Begin PBXProject section */
              5040E0F5789146E8BB87DA1B /* Project object */ = {
                     isa = PBXProject;
                     attributes = {
                            BuildIndependentTargetsInParallel = YES;
                     };
                     buildConfigurationList = F8845FCFA98A4B9C8F3C2DFC /* Build configuration list for PBXProject  "lua" */;
                     buildSettings = {
                     };
                     buildStyles = (
                            EE5C54CDD9B7416AA63A4F9C /* Debug */,
                            C7043C9784EE4673A098A3F8 /* Release */,
                            FC96482606BF458FBE84668E /* MinSizeRel */,
                            15FA28FFAC924B069E472A62 /* RelWithDebInfo */,
                     );
                     compatibilityVersion = "Xcode 3.2";
                     hasScannedForEncodings = 0;
                     mainGroup = 9B5606C281DC4B968730A9B4;
                     projectDirPath = ".";
                     projectRoot = "";
                     targets = (
                            540B6A4365414B43B7F8C599 /* ALL_BUILD */,
                            89141F699FED45BBA44AA66C /* ZERO_CHECK */,
                            846BF4A0440F407EABE58C12 /* install */,
                            B437978842864E1FBBC9E43C /* package */,
                            E656FE09EFFF47AEB050B52D /* lua */,
                     );
              };
/* End PBXProject section */

/* Begin PBXShellScriptBuildPhase section */
              20696288DDF343DAADDF9B2F /*  */ = {
                     isa = PBXShellScriptBuildPhase;
                     buildActionMask = 2147483647;
                     files = (
                     );
                     inputPaths = (
                     );
                     outputPaths = (
                     );
                     runOnlyForDeploymentPostprocessing = 0;
                     shellPath = /bin/sh;
                     shellScript = "# shell script goes here
exit 0";
                     showEnvVarsInLog = 0;
              };
              D1A4F5A343914DE19E0EB782 /* CMake Rules */ = {
                     isa = PBXShellScriptBuildPhase;
                     buildActionMask = 2147483647;
                     files = (
                     );
                     name = "CMake Rules";
                     runOnlyForDeploymentPostprocessing = 0;
                     shellPath = /bin/sh;
                     shellScript = "make -C /Users/security/mtclient/src/lua -f /Users/security/mtclient/src/lua/CMakeScripts/ALL_BUILD_cmakeRulesBuildPhase.make$CONFIGURATION all";
                     showEnvVarsInLog = 0;
              };
              926CEAA7A3574F20818EAFF3 /*  */ = {
                     isa = PBXShellScriptBuildPhase;
                     buildActionMask = 2147483647;
                     files = (
                     );
                     inputPaths = (
                     );
                     outputPaths = (
                     );
                     runOnlyForDeploymentPostprocessing = 0;
                     shellPath = /bin/sh;
                     shellScript = "# shell script goes here
exit 0";
                     showEnvVarsInLog = 0;
              };
              37E92FEBB6274C7D84683084 /* CMake Rules */ = {
                     isa = PBXShellScriptBuildPhase;
                     buildActionMask = 2147483647;
                     files = (
                     );
                     name = "CMake Rules";
                     runOnlyForDeploymentPostprocessing = 0;
                     shellPath = /bin/sh;
                     shellScript = "make -C /Users/security/mtclient/src/lua -f /Users/security/mtclient/src/lua/CMakeScripts/ZERO_CHECK_cmakeRulesBuildPhase.make$CONFIGURATION all";
                     showEnvVarsInLog = 0;
              };
              3B40A93E170146E9B86D4F9F /*  */ = {
                     isa = PBXShellScriptBuildPhase;
                     buildActionMask = 2147483647;
                     files = (
                     );
                     inputPaths = (
                     );
                     outputPaths = (
                     );
                     runOnlyForDeploymentPostprocessing = 0;
                     shellPath = /bin/sh;
                     shellScript = "# shell script goes here
exit 0";
                     showEnvVarsInLog = 0;
              };
              B05785F9F1E14349B0148E52 /* CMake PostBuild Rules */ = {
                     isa = PBXShellScriptBuildPhase;
                     buildActionMask = 2147483647;
                     files = (
                     );
                     name = "CMake PostBuild Rules";
                     runOnlyForDeploymentPostprocessing = 0;
                     shellPath = /bin/sh;
                     shellScript = "make -C /Users/security/mtclient/src/lua -f /Users/security/mtclient/src/lua/CMakeScripts/install_postBuildPhase.make$CONFIGURATION all";
                     showEnvVarsInLog = 0;
              };
              AF15BBCC19204376B21819B8 /*  */ = {
                     isa = PBXShellScriptBuildPhase;
                     buildActionMask = 2147483647;
                     files = (
                     );
                     inputPaths = (
                     );
                     outputPaths = (
                     );
                     runOnlyForDeploymentPostprocessing = 0;
                     shellPath = /bin/sh;
                     shellScript = "# shell script goes here
exit 0";
                     showEnvVarsInLog = 0;
              };
              F26881E2F11C4CBF81CC832F /* CMake PostBuild Rules */ = {
                     isa = PBXShellScriptBuildPhase;
                     buildActionMask = 2147483647;
                     files = (
                     );
                     name = "CMake PostBuild Rules";
                     runOnlyForDeploymentPostprocessing = 0;
                     shellPath = /bin/sh;
                     shellScript = "make -C /Users/security/mtclient/src/lua -f /Users/security/mtclient/src/lua/CMakeScripts/package_postBuildPhase.make$CONFIGURATION all";
                     showEnvVarsInLog = 0;
              };
              2402E6ED6129470E8F5A175D /* CMake PostBuild Rules */ = {
                     isa = PBXShellScriptBuildPhase;
                     buildActionMask = 2147483647;
                     files = (
                     );
                     name = "CMake PostBuild Rules";
                     runOnlyForDeploymentPostprocessing = 0;
                     shellPath = /bin/sh;
                     shellScript = "make -C /Users/security/mtclient/src/lua/build -f /Users/security/mtclient/src/lua/build/CMakeScripts/lua_postBuildPhase.make$CONFIGURATION all";
                     showEnvVarsInLog = 0;
              };
/* End PBXShellScriptBuildPhase section */

/* Begin PBXSourcesBuildPhase section */
              796D30AA994A47969D2F793D /* Sources */ = {
                     isa = PBXSourcesBuildPhase;
                     buildActionMask = 2147483647;
                     files = (
                            A042E7A800F7422C80CD844B /* /Users/security/mtclient/src/lua/src/lapi.c */,
                            53580AA1358746BC8543541B /* /Users/security/mtclient/src/lua/src/lauxlib.c */,
                            D164C82C567C401D94392CAB /* /Users/security/mtclient/src/lua/src/lbaselib.c */,
                            1680C83BC117455FB4436AE2 /* /Users/security/mtclient/src/lua/src/lcode.c */,
                            6626B491538849268B0200E4 /* /Users/security/mtclient/src/lua/src/ldblib.c */,
                            856F832922D84696920B6081 /* /Users/security/mtclient/src/lua/src/ldebug.c */,
                            0192AF4E2FE84B7FBBEC72BB /* /Users/security/mtclient/src/lua/src/ldo.c */,
                            068DB083409E4139A04CAF9F /* /Users/security/mtclient/src/lua/src/ldump.c */,
                            DF1483ADF67041FABC50D71E /* /Users/security/mtclient/src/lua/src/lfunc.c */,
                            F4C00DF67B1D4C889551ADC5 /* /Users/security/mtclient/src/lua/src/lgc.c */,
                            53BE3B93C53A4E539071C010 /* /Users/security/mtclient/src/lua/src/linit.c */,
                            D0FD2618B7684F4DADCE28FD /* /Users/security/mtclient/src/lua/src/liolib.c */,
                            D6A64E1D298B450E839CEE0A /* /Users/security/mtclient/src/lua/src/llex.c */,
                            DEAAF804192B4F8FB2881746 /* /Users/security/mtclient/src/lua/src/lmathlib.c */,
                            519E359699EF4B0A9D746CEE /* /Users/security/mtclient/src/lua/src/lmem.c */,
                            3396EBC2AC99424AB004AE39 /* /Users/security/mtclient/src/lua/src/loadlib.c */,
                            5CA150937729460F8F0672D7 /* /Users/security/mtclient/src/lua/src/lobject.c */,
                            4E2822DB1D724C2183F07426 /* /Users/security/mtclient/src/lua/src/lopcodes.c */,
                            BA98558AB6C94A49A81DEE77 /* /Users/security/mtclient/src/lua/src/loslib.c */,
                            A5DC86594325433F8C5CE30C /* /Users/security/mtclient/src/lua/src/lparser.c */,
                            C64E27D4C1044BD1A7AB9C95 /* /Users/security/mtclient/src/lua/src/lstate.c */,
                            171BEB10EB78448FA43D7F31 /* /Users/security/mtclient/src/lua/src/lstring.c */,
                            5CBF5B681CD4486CBE8DA72D /* /Users/security/mtclient/src/lua/src/lstrlib.c */,
                            064ED3D53A994B3F80FBAC17 /* /Users/security/mtclient/src/lua/src/ltable.c */,
                            7D2483A2C9F548D492FA4BF3 /* /Users/security/mtclient/src/lua/src/ltablib.c */,
                            FB2D29947B9047019D235E58 /* /Users/security/mtclient/src/lua/src/ltm.c */,
                            C9E51B9B1A354503AA90BDB2 /* /Users/security/mtclient/src/lua/src/lundump.c */,
                            DE1BB53F6EE1476983794E37 /* /Users/security/mtclient/src/lua/src/lvm.c */,
                            000441D488C848BBAE050658 /* /Users/security/mtclient/src/lua/src/lzio.c */,
                     );
                     runOnlyForDeploymentPostprocessing = 0;
              };
/* End PBXSourcesBuildPhase section */

/* Begin PBXTargetDependency section */
              D18A7EBEC34C4D73A1E948D6 /* PBXTargetDependency */ = {
                     isa = PBXTargetDependency;
                     target = 89141F699FED45BBA44AA66C /* ZERO_CHECK */;
                     targetProxy = E06532D0C5ED43FA94A0EED4 /* PBXContainerItemProxy */;
              };
              82CC60A2157F4465BF0718C3 /* PBXTargetDependency */ = {
                     isa = PBXTargetDependency;
                     target = E656FE09EFFF47AEB050B52D /* lua */;
                     targetProxy = 8F3F7E9F681444099FBB3113 /* PBXContainerItemProxy */;
              };
              2B2A3869E5B14D04B72F462C /* PBXTargetDependency */ = {
                     isa = PBXTargetDependency;
                     target = 540B6A4365414B43B7F8C599 /* ALL_BUILD */;
                     targetProxy = 8A806D738E2E46F58EF8CD0D /* PBXContainerItemProxy */;
              };
/* End PBXTargetDependency section */

/* Begin XCBuildConfiguration section */
              1004C83D722E48B0A90DECC9 /* Debug */ = {
                     isa = XCBuildConfiguration;
                     buildSettings = {
                            ARCHS = i386;
                            SDKROOT = "/Developer/SDKs/MacOSX10.6.sdk";
                            SYMROOT = /Users/security/mtclient/src/lua/build;
                     };
                     name = Debug;
              };
              D352271B1AA64D2299E4B449 /* Release */ = {
                     isa = XCBuildConfiguration;
                     buildSettings = {
                            ARCHS = i386;
                            SDKROOT = "/Developer/SDKs/MacOSX10.6.sdk";
                            SYMROOT = /Users/security/mtclient/src/lua/build;
                     };
                     name = Release;
              };
              0C5A917E3A39404895EB6536 /* MinSizeRel */ = {
                     isa = XCBuildConfiguration;
                     buildSettings = {
                            ARCHS = i386;
                            SDKROOT = "/Developer/SDKs/MacOSX10.6.sdk";
                            SYMROOT = /Users/security/mtclient/src/lua/build;
                     };
                     name = MinSizeRel;
              };
              F58BAE598725410AAD5D9329 /* RelWithDebInfo */ = {
                     isa = XCBuildConfiguration;
                     buildSettings = {
                            ARCHS = i386;
                            SDKROOT = "/Developer/SDKs/MacOSX10.6.sdk";
                            SYMROOT = /Users/security/mtclient/src/lua/build;
                     };
                     name = RelWithDebInfo;
              };
              A6E59718343C442683918D57 /* Debug */ = {
                     isa = XCBuildConfiguration;
                     buildSettings = {
                            ARCHS = i386;
                            GCC_GENERATE_DEBUGGING_SYMBOLS = NO;
                            GCC_INLINES_ARE_PRIVATE_EXTERN = NO;
                            GCC_OPTIMIZATION_LEVEL = 0;
                            GCC_PREPROCESSOR_DEFINITIONS = ("'CMAKE_INTDIR=\"$(CONFIGURATION)$(EFFECTIVE_PLATFORM_NAME)\"'", USE_CMAKE_CONFIG_H, );
                            GCC_SYMBOLS_PRIVATE_EXTERN = NO;
                            INSTALL_PATH = "";
                            ONLY_ACTIVE_ARCH = NO;
                            OTHER_CFLAGS = "  ";
                            OTHER_LDFLAGS = "";
                            OTHER_REZFLAGS = "";
                            PREBINDING = NO;
                            PRODUCT_NAME = ALL_BUILD;
                            SECTORDER_FLAGS = "";
                            SYMROOT = /Users/security/mtclient/src/lua;
                            USE_HEADERMAP = NO;
                            WARNING_CFLAGS = ("-Wmost", "-Wno-four-char-constants", "-Wno-unknown-pragmas", );
                     };
                     name = Debug;
              };
              717CB5B83E27480B982EFE2C /* Release */ = {
                     isa = XCBuildConfiguration;
                     buildSettings = {
                            ARCHS = i386;
                            GCC_GENERATE_DEBUGGING_SYMBOLS = NO;
                            GCC_INLINES_ARE_PRIVATE_EXTERN = NO;
                            GCC_OPTIMIZATION_LEVEL = 0;
                            GCC_PREPROCESSOR_DEFINITIONS = ("'CMAKE_INTDIR=\"$(CONFIGURATION)$(EFFECTIVE_PLATFORM_NAME)\"'", USE_CMAKE_CONFIG_H, );
                            GCC_SYMBOLS_PRIVATE_EXTERN = NO;
                            INSTALL_PATH = "";
                            ONLY_ACTIVE_ARCH = NO;
                            OTHER_CFLAGS = "  ";
                            OTHER_LDFLAGS = "";
                            OTHER_REZFLAGS = "";
                            PREBINDING = NO;
                            PRODUCT_NAME = ALL_BUILD;
                            SECTORDER_FLAGS = "";
                            SYMROOT = /Users/security/mtclient/src/lua;
                            USE_HEADERMAP = NO;
                            WARNING_CFLAGS = ("-Wmost", "-Wno-four-char-constants", "-Wno-unknown-pragmas", );
                     };
                     name = Release;
              };
              C8B5B9F5569A421A963E29F2 /* MinSizeRel */ = {
                     isa = XCBuildConfiguration;
                     buildSettings = {
                            ARCHS = i386;
                            GCC_GENERATE_DEBUGGING_SYMBOLS = NO;
                            GCC_INLINES_ARE_PRIVATE_EXTERN = NO;
                            GCC_OPTIMIZATION_LEVEL = 0;
                            GCC_PREPROCESSOR_DEFINITIONS = ("'CMAKE_INTDIR=\"$(CONFIGURATION)$(EFFECTIVE_PLATFORM_NAME)\"'", USE_CMAKE_CONFIG_H, );
                            GCC_SYMBOLS_PRIVATE_EXTERN = NO;
                            INSTALL_PATH = "";
                            ONLY_ACTIVE_ARCH = NO;
                            OTHER_CFLAGS = "  ";
                            OTHER_LDFLAGS = "";
                            OTHER_REZFLAGS = "";
                            PREBINDING = NO;
                            PRODUCT_NAME = ALL_BUILD;
                            SECTORDER_FLAGS = "";
                            SYMROOT = /Users/security/mtclient/src/lua;
                            USE_HEADERMAP = NO;
                            WARNING_CFLAGS = ("-Wmost", "-Wno-four-char-constants", "-Wno-unknown-pragmas", );
                     };
                     name = MinSizeRel;
              };
              531E154CE1E54AC78A001370 /* RelWithDebInfo */ = {
                     isa = XCBuildConfiguration;
                     buildSettings = {
                            ARCHS = i386;
                            GCC_GENERATE_DEBUGGING_SYMBOLS = NO;
                            GCC_INLINES_ARE_PRIVATE_EXTERN = NO;
                            GCC_OPTIMIZATION_LEVEL = 0;
                            GCC_PREPROCESSOR_DEFINITIONS = ("'CMAKE_INTDIR=\"$(CONFIGURATION)$(EFFECTIVE_PLATFORM_NAME)\"'", USE_CMAKE_CONFIG_H, );
                            GCC_SYMBOLS_PRIVATE_EXTERN = NO;
                            INSTALL_PATH = "";
                            ONLY_ACTIVE_ARCH = NO;
                            OTHER_CFLAGS = "  ";
                            OTHER_LDFLAGS = "";
                            OTHER_REZFLAGS = "";
                            PREBINDING = NO;
                            PRODUCT_NAME = ALL_BUILD;
                            SECTORDER_FLAGS = "";
                            SYMROOT = /Users/security/mtclient/src/lua;
                            USE_HEADERMAP = NO;
                            WARNING_CFLAGS = ("-Wmost", "-Wno-four-char-constants", "-Wno-unknown-pragmas", );
                     };
                     name = RelWithDebInfo;
              };
              40590CFD0D40466AB4F79655 /* Debug */ = {
                     isa = XCBuildConfiguration;
                     buildSettings = {
                            ARCHS = i386;
                            GCC_GENERATE_DEBUGGING_SYMBOLS = NO;
                            GCC_INLINES_ARE_PRIVATE_EXTERN = NO;
                            GCC_OPTIMIZATION_LEVEL = 0;
                            GCC_PREPROCESSOR_DEFINITIONS = ("'CMAKE_INTDIR=\"$(CONFIGURATION)$(EFFECTIVE_PLATFORM_NAME)\"'", USE_CMAKE_CONFIG_H, );
                            GCC_SYMBOLS_PRIVATE_EXTERN = NO;
                            INSTALL_PATH = "";
                            ONLY_ACTIVE_ARCH = NO;
                            OTHER_CFLAGS = "  ";
                            OTHER_LDFLAGS = "";
                            OTHER_REZFLAGS = "";
                            PREBINDING = NO;
                            PRODUCT_NAME = ZERO_CHECK;
                            SECTORDER_FLAGS = "";
                            SYMROOT = /Users/security/mtclient/src/lua;
                            USE_HEADERMAP = NO;
                            WARNING_CFLAGS = ("-Wmost", "-Wno-four-char-constants", "-Wno-unknown-pragmas", );
                     };
                     name = Debug;
              };
              D0DA2762A4054F638617CA92 /* Release */ = {
                     isa = XCBuildConfiguration;
                     buildSettings = {
                            ARCHS = i386;
                            GCC_GENERATE_DEBUGGING_SYMBOLS = NO;
                            GCC_INLINES_ARE_PRIVATE_EXTERN = NO;
                            GCC_OPTIMIZATION_LEVEL = 0;
                            GCC_PREPROCESSOR_DEFINITIONS = ("'CMAKE_INTDIR=\"$(CONFIGURATION)$(EFFECTIVE_PLATFORM_NAME)\"'", USE_CMAKE_CONFIG_H, );
                            GCC_SYMBOLS_PRIVATE_EXTERN = NO;
                            INSTALL_PATH = "";
                            ONLY_ACTIVE_ARCH = NO;
                            OTHER_CFLAGS = "  ";
                            OTHER_LDFLAGS = "";
                            OTHER_REZFLAGS = "";
                            PREBINDING = NO;
                            PRODUCT_NAME = ZERO_CHECK;
                            SECTORDER_FLAGS = "";
                            SYMROOT = /Users/security/mtclient/src/lua;
                            USE_HEADERMAP = NO;
                            WARNING_CFLAGS = ("-Wmost", "-Wno-four-char-constants", "-Wno-unknown-pragmas", );
                     };
                     name = Release;
              };
              F2F2CB93C4504B78A6C0F4DC /* MinSizeRel */ = {
                     isa = XCBuildConfiguration;
                     buildSettings = {
                            ARCHS = i386;
                            GCC_GENERATE_DEBUGGING_SYMBOLS = NO;
                            GCC_INLINES_ARE_PRIVATE_EXTERN = NO;
                            GCC_OPTIMIZATION_LEVEL = 0;
                            GCC_PREPROCESSOR_DEFINITIONS = ("'CMAKE_INTDIR=\"$(CONFIGURATION)$(EFFECTIVE_PLATFORM_NAME)\"'", USE_CMAKE_CONFIG_H, );
                            GCC_SYMBOLS_PRIVATE_EXTERN = NO;
                            INSTALL_PATH = "";
                            ONLY_ACTIVE_ARCH = NO;
                            OTHER_CFLAGS = "  ";
                            OTHER_LDFLAGS = "";
                            OTHER_REZFLAGS = "";
                            PREBINDING = NO;
                            PRODUCT_NAME = ZERO_CHECK;
                            SECTORDER_FLAGS = "";
                            SYMROOT = /Users/security/mtclient/src/lua;
                            USE_HEADERMAP = NO;
                            WARNING_CFLAGS = ("-Wmost", "-Wno-four-char-constants", "-Wno-unknown-pragmas", );
                     };
                     name = MinSizeRel;
              };
              A0A287FFFD54408681ABF6B8 /* RelWithDebInfo */ = {
                     isa = XCBuildConfiguration;
                     buildSettings = {
                            ARCHS = i386;
                            GCC_GENERATE_DEBUGGING_SYMBOLS = NO;
                            GCC_INLINES_ARE_PRIVATE_EXTERN = NO;
                            GCC_OPTIMIZATION_LEVEL = 0;
                            GCC_PREPROCESSOR_DEFINITIONS = ("'CMAKE_INTDIR=\"$(CONFIGURATION)$(EFFECTIVE_PLATFORM_NAME)\"'", USE_CMAKE_CONFIG_H, );
                            GCC_SYMBOLS_PRIVATE_EXTERN = NO;
                            INSTALL_PATH = "";
                            ONLY_ACTIVE_ARCH = NO;
                            OTHER_CFLAGS = "  ";
                            OTHER_LDFLAGS = "";
                            OTHER_REZFLAGS = "";
                            PREBINDING = NO;
                            PRODUCT_NAME = ZERO_CHECK;
                            SECTORDER_FLAGS = "";
                            SYMROOT = /Users/security/mtclient/src/lua;
                            USE_HEADERMAP = NO;
                            WARNING_CFLAGS = ("-Wmost", "-Wno-four-char-constants", "-Wno-unknown-pragmas", );
                     };
                     name = RelWithDebInfo;
              };
              2AE5AE16E6644FDEA8C2AB9F /* Debug */ = {
                     isa = XCBuildConfiguration;
                     buildSettings = {
                            ARCHS = i386;
                            GCC_GENERATE_DEBUGGING_SYMBOLS = NO;
                            GCC_INLINES_ARE_PRIVATE_EXTERN = NO;
                            GCC_OPTIMIZATION_LEVEL = 0;
                            GCC_PREPROCESSOR_DEFINITIONS = ("'CMAKE_INTDIR=\"$(CONFIGURATION)$(EFFECTIVE_PLATFORM_NAME)\"'", USE_CMAKE_CONFIG_H, );
                            GCC_SYMBOLS_PRIVATE_EXTERN = NO;
                            INSTALL_PATH = "";
                            ONLY_ACTIVE_ARCH = NO;
                            OTHER_CFLAGS = "  ";
                            OTHER_LDFLAGS = "";
                            OTHER_REZFLAGS = "";
                            PREBINDING = NO;
                            PRODUCT_NAME = install;
                            SECTORDER_FLAGS = "";
                            SYMROOT = /Users/security/mtclient/src/lua;
                            USE_HEADERMAP = NO;
                            WARNING_CFLAGS = ("-Wmost", "-Wno-four-char-constants", "-Wno-unknown-pragmas", );
                     };
                     name = Debug;
              };
              2E9A20F6CCEE40A3A8768BDF /* Release */ = {
                     isa = XCBuildConfiguration;
                     buildSettings = {
                            ARCHS = i386;
                            GCC_GENERATE_DEBUGGING_SYMBOLS = NO;
                            GCC_INLINES_ARE_PRIVATE_EXTERN = NO;
                            GCC_OPTIMIZATION_LEVEL = 0;
                            GCC_PREPROCESSOR_DEFINITIONS = ("'CMAKE_INTDIR=\"$(CONFIGURATION)$(EFFECTIVE_PLATFORM_NAME)\"'", USE_CMAKE_CONFIG_H, );
                            GCC_SYMBOLS_PRIVATE_EXTERN = NO;
                            INSTALL_PATH = "";
                            ONLY_ACTIVE_ARCH = NO;
                            OTHER_CFLAGS = "  ";
                            OTHER_LDFLAGS = "";
                            OTHER_REZFLAGS = "";
                            PREBINDING = NO;
                            PRODUCT_NAME = install;
                            SECTORDER_FLAGS = "";
                            SYMROOT = /Users/security/mtclient/src/lua;
                            USE_HEADERMAP = NO;
                            WARNING_CFLAGS = ("-Wmost", "-Wno-four-char-constants", "-Wno-unknown-pragmas", );
                     };
                     name = Release;
              };
              30B7B2BA3E2841B286AEB909 /* MinSizeRel */ = {
                     isa = XCBuildConfiguration;
                     buildSettings = {
                            ARCHS = i386;
                            GCC_GENERATE_DEBUGGING_SYMBOLS = NO;
                            GCC_INLINES_ARE_PRIVATE_EXTERN = NO;
                            GCC_OPTIMIZATION_LEVEL = 0;
                            GCC_PREPROCESSOR_DEFINITIONS = ("'CMAKE_INTDIR=\"$(CONFIGURATION)$(EFFECTIVE_PLATFORM_NAME)\"'", USE_CMAKE_CONFIG_H, );
                            GCC_SYMBOLS_PRIVATE_EXTERN = NO;
                            INSTALL_PATH = "";
                            ONLY_ACTIVE_ARCH = NO;
                            OTHER_CFLAGS = "  ";
                            OTHER_LDFLAGS = "";
                            OTHER_REZFLAGS = "";
                            PREBINDING = NO;
                            PRODUCT_NAME = install;
                            SECTORDER_FLAGS = "";
                            SYMROOT = /Users/security/mtclient/src/lua;
                            USE_HEADERMAP = NO;
                            WARNING_CFLAGS = ("-Wmost", "-Wno-four-char-constants", "-Wno-unknown-pragmas", );
                     };
                     name = MinSizeRel;
              };
              9D814340580A4092AAF20A19 /* RelWithDebInfo */ = {
                     isa = XCBuildConfiguration;
                     buildSettings = {
                            ARCHS = i386;
                            GCC_GENERATE_DEBUGGING_SYMBOLS = NO;
                            GCC_INLINES_ARE_PRIVATE_EXTERN = NO;
                            GCC_OPTIMIZATION_LEVEL = 0;
                            GCC_PREPROCESSOR_DEFINITIONS = ("'CMAKE_INTDIR=\"$(CONFIGURATION)$(EFFECTIVE_PLATFORM_NAME)\"'", USE_CMAKE_CONFIG_H, );
                            GCC_SYMBOLS_PRIVATE_EXTERN = NO;
                            INSTALL_PATH = "";
                            ONLY_ACTIVE_ARCH = NO;
                            OTHER_CFLAGS = "  ";
                            OTHER_LDFLAGS = "";
                            OTHER_REZFLAGS = "";
                            PREBINDING = NO;
                            PRODUCT_NAME = install;
                            SECTORDER_FLAGS = "";
                            SYMROOT = /Users/security/mtclient/src/lua;
                            USE_HEADERMAP = NO;
                            WARNING_CFLAGS = ("-Wmost", "-Wno-four-char-constants", "-Wno-unknown-pragmas", );
                     };
                     name = RelWithDebInfo;
              };
              499C8603E30F42E9B3D8A30A /* Debug */ = {
                     isa = XCBuildConfiguration;
                     buildSettings = {
                            ARCHS = i386;
                            GCC_GENERATE_DEBUGGING_SYMBOLS = NO;
                            GCC_INLINES_ARE_PRIVATE_EXTERN = NO;
                            GCC_OPTIMIZATION_LEVEL = 0;
                            GCC_PREPROCESSOR_DEFINITIONS = ("'CMAKE_INTDIR=\"$(CONFIGURATION)$(EFFECTIVE_PLATFORM_NAME)\"'", USE_CMAKE_CONFIG_H, );
                            GCC_SYMBOLS_PRIVATE_EXTERN = NO;
                            INSTALL_PATH = "";
                            ONLY_ACTIVE_ARCH = NO;
                            OTHER_CFLAGS = "  ";
                            OTHER_LDFLAGS = "";
                            OTHER_REZFLAGS = "";
                            PREBINDING = NO;
                            PRODUCT_NAME = package;
                            SECTORDER_FLAGS = "";
                            SYMROOT = /Users/security/mtclient/src/lua;
                            USE_HEADERMAP = NO;
                            WARNING_CFLAGS = ("-Wmost", "-Wno-four-char-constants", "-Wno-unknown-pragmas", );
                     };
                     name = Debug;
              };
              00FE2D9E14DA453CAF902EF0 /* Release */ = {
                     isa = XCBuildConfiguration;
                     buildSettings = {
                            ARCHS = i386;
                            GCC_GENERATE_DEBUGGING_SYMBOLS = NO;
                            GCC_INLINES_ARE_PRIVATE_EXTERN = NO;
                            GCC_OPTIMIZATION_LEVEL = 0;
                            GCC_PREPROCESSOR_DEFINITIONS = ("'CMAKE_INTDIR=\"$(CONFIGURATION)$(EFFECTIVE_PLATFORM_NAME)\"'", USE_CMAKE_CONFIG_H, );
                            GCC_SYMBOLS_PRIVATE_EXTERN = NO;
                            INSTALL_PATH = "";
                            ONLY_ACTIVE_ARCH = NO;
                            OTHER_CFLAGS = "  ";
                            OTHER_LDFLAGS = "";
                            OTHER_REZFLAGS = "";
                            PREBINDING = NO;
                            PRODUCT_NAME = package;
                            SECTORDER_FLAGS = "";
                            SYMROOT = /Users/security/mtclient/src/lua;
                            USE_HEADERMAP = NO;
                            WARNING_CFLAGS = ("-Wmost", "-Wno-four-char-constants", "-Wno-unknown-pragmas", );
                     };
                     name = Release;
              };
              4B898D6480A140D593EB967E /* MinSizeRel */ = {
                     isa = XCBuildConfiguration;
                     buildSettings = {
                            ARCHS = i386;
                            GCC_GENERATE_DEBUGGING_SYMBOLS = NO;
                            GCC_INLINES_ARE_PRIVATE_EXTERN = NO;
                            GCC_OPTIMIZATION_LEVEL = 0;
                            GCC_PREPROCESSOR_DEFINITIONS = ("'CMAKE_INTDIR=\"$(CONFIGURATION)$(EFFECTIVE_PLATFORM_NAME)\"'", USE_CMAKE_CONFIG_H, );
                            GCC_SYMBOLS_PRIVATE_EXTERN = NO;
                            INSTALL_PATH = "";
                            ONLY_ACTIVE_ARCH = NO;
                            OTHER_CFLAGS = "  ";
                            OTHER_LDFLAGS = "";
                            OTHER_REZFLAGS = "";
                            PREBINDING = NO;
                            PRODUCT_NAME = package;
                            SECTORDER_FLAGS = "";
                            SYMROOT = /Users/security/mtclient/src/lua;
                            USE_HEADERMAP = NO;
                            WARNING_CFLAGS = ("-Wmost", "-Wno-four-char-constants", "-Wno-unknown-pragmas", );
                     };
                     name = MinSizeRel;
              };
              26A65AA4940748B2B3DC09E7 /* RelWithDebInfo */ = {
                     isa = XCBuildConfiguration;
                     buildSettings = {
                            ARCHS = i386;
                            GCC_GENERATE_DEBUGGING_SYMBOLS = NO;
                            GCC_INLINES_ARE_PRIVATE_EXTERN = NO;
                            GCC_OPTIMIZATION_LEVEL = 0;
                            GCC_PREPROCESSOR_DEFINITIONS = ("'CMAKE_INTDIR=\"$(CONFIGURATION)$(EFFECTIVE_PLATFORM_NAME)\"'", USE_CMAKE_CONFIG_H, );
                            GCC_SYMBOLS_PRIVATE_EXTERN = NO;
                            INSTALL_PATH = "";
                            ONLY_ACTIVE_ARCH = NO;
                            OTHER_CFLAGS = "  ";
                            OTHER_LDFLAGS = "";
                            OTHER_REZFLAGS = "";
                            PREBINDING = NO;
                            PRODUCT_NAME = package;
                            SECTORDER_FLAGS = "";
                            SYMROOT = /Users/security/mtclient/src/lua;
                            USE_HEADERMAP = NO;
                            WARNING_CFLAGS = ("-Wmost", "-Wno-four-char-constants", "-Wno-unknown-pragmas", );
                     };
                     name = RelWithDebInfo;
              };
              7A7B2A84C38940E8839F59BD /* Debug */ = {
                     isa = XCBuildConfiguration;
                     buildSettings = {
                            ARCHS = i386;
                            EXECUTABLE_PREFIX = lib;
                            EXECUTABLE_SUFFIX = ".a";
                            GCC_GENERATE_DEBUGGING_SYMBOLS = YES;
                            GCC_INLINES_ARE_PRIVATE_EXTERN = NO;
                            GCC_OPTIMIZATION_LEVEL = 0;
                            GCC_PREPROCESSOR_DEFINITIONS = ("'CMAKE_INTDIR=\"$(CONFIGURATION)$(EFFECTIVE_PLATFORM_NAME)\"'", USE_CMAKE_CONFIG_H, );
                            GCC_SYMBOLS_PRIVATE_EXTERN = NO;
                            HEADER_SEARCH_PATHS = (/Users/security/mtclient/src/lua/src, /Users/security/mtclient/src/lua/build, );
                            INSTALL_PATH = "";
                            LIBRARY_STYLE = STATIC;
                            ONLY_ACTIVE_ARCH = NO;
                            OTHER_CFLAGS = "  -DLUA_USE_DLOPEN -pipe -Wall -Wextra -Wshadow -W -pedantic -std=gnu99                  ";
                            OTHER_LDFLAGS = "";
                            OTHER_REZFLAGS = "";
                            PREBINDING = NO;
                            PRODUCT_NAME = lua;
                            SECTORDER_FLAGS = "";
                            SYMROOT = /Users/security/mtclient/src/lua/build;
                            USE_HEADERMAP = NO;
                            WARNING_CFLAGS = ("-Wmost", "-Wno-four-char-constants", "-Wno-unknown-pragmas", );
                     };
                     name = Debug;
              };
              0662CF5EEC24406BA168BB04 /* Release */ = {
                     isa = XCBuildConfiguration;
                     buildSettings = {
                            ARCHS = i386;
                            EXECUTABLE_PREFIX = lib;
                            EXECUTABLE_SUFFIX = ".a";
                            GCC_GENERATE_DEBUGGING_SYMBOLS = NO;
                            GCC_INLINES_ARE_PRIVATE_EXTERN = NO;
                            GCC_OPTIMIZATION_LEVEL = 2;
                            GCC_PREPROCESSOR_DEFINITIONS = ("'CMAKE_INTDIR=\"$(CONFIGURATION)$(EFFECTIVE_PLATFORM_NAME)\"'", USE_CMAKE_CONFIG_H, );
                            GCC_SYMBOLS_PRIVATE_EXTERN = NO;
                            HEADER_SEARCH_PATHS = (/Users/security/mtclient/src/lua/src, /Users/security/mtclient/src/lua/build, );
                            INSTALL_PATH = "";
                            LIBRARY_STYLE = STATIC;
                            ONLY_ACTIVE_ARCH = NO;
                            OTHER_CFLAGS = "  -DLUA_USE_DLOPEN -pipe -Wall -Wextra -Wshadow -W -pedantic -std=gnu99     -DNDEBUG          ";
                            OTHER_LDFLAGS = "";
                            OTHER_REZFLAGS = "";
                            PREBINDING = NO;
                            PRODUCT_NAME = lua;
                            SECTORDER_FLAGS = "";
                            SYMROOT = /Users/security/mtclient/src/lua/build;
                            USE_HEADERMAP = NO;
                            WARNING_CFLAGS = ("-Wmost", "-Wno-four-char-constants", "-Wno-unknown-pragmas", );
                     };
                     name = Release;
              };
              E43DDABF0B9D4952BDEB6240 /* MinSizeRel */ = {
                     isa = XCBuildConfiguration;
                     buildSettings = {
                            ARCHS = i386;
                            EXECUTABLE_PREFIX = lib;
                            EXECUTABLE_SUFFIX = ".a";
                            GCC_GENERATE_DEBUGGING_SYMBOLS = NO;
                            GCC_INLINES_ARE_PRIVATE_EXTERN = NO;
                            GCC_OPTIMIZATION_LEVEL = s;
                            GCC_PREPROCESSOR_DEFINITIONS = ("'CMAKE_INTDIR=\"$(CONFIGURATION)$(EFFECTIVE_PLATFORM_NAME)\"'", USE_CMAKE_CONFIG_H, );
                            GCC_SYMBOLS_PRIVATE_EXTERN = NO;
                            HEADER_SEARCH_PATHS = (/Users/security/mtclient/src/lua/src, /Users/security/mtclient/src/lua/build, );
                            INSTALL_PATH = "";
                            LIBRARY_STYLE = STATIC;
                            ONLY_ACTIVE_ARCH = NO;
                            OTHER_CFLAGS = "  -DLUA_USE_DLOPEN -pipe -Wall -Wextra -Wshadow -W -pedantic -std=gnu99     -DNDEBUG  ";
                            OTHER_LDFLAGS = "";
                            OTHER_REZFLAGS = "";
                            PREBINDING = NO;
                            PRODUCT_NAME = lua;
                            SECTORDER_FLAGS = "";
                            SYMROOT = /Users/security/mtclient/src/lua/build;
                            USE_HEADERMAP = NO;
                            WARNING_CFLAGS = ("-Wmost", "-Wno-four-char-constants", "-Wno-unknown-pragmas", );
                     };
                     name = MinSizeRel;
              };
              2CE790C51D214613AA8C8EDA /* RelWithDebInfo */ = {
                     isa = XCBuildConfiguration;
                     buildSettings = {
                            ARCHS = i386;
                            EXECUTABLE_PREFIX = lib;
                            EXECUTABLE_SUFFIX = ".a";
                            GCC_GENERATE_DEBUGGING_SYMBOLS = YES;
                            GCC_INLINES_ARE_PRIVATE_EXTERN = NO;
                            GCC_OPTIMIZATION_LEVEL = 2;
                            GCC_PREPROCESSOR_DEFINITIONS = ("'CMAKE_INTDIR=\"$(CONFIGURATION)$(EFFECTIVE_PLATFORM_NAME)\"'", USE_CMAKE_CONFIG_H, );
                            GCC_SYMBOLS_PRIVATE_EXTERN = NO;
                            HEADER_SEARCH_PATHS = (/Users/security/mtclient/src/lua/src, /Users/security/mtclient/src/lua/build, );
                            INSTALL_PATH = "";
                            LIBRARY_STYLE = STATIC;
                            ONLY_ACTIVE_ARCH = NO;
                            OTHER_CFLAGS = "  -DLUA_USE_DLOPEN -pipe -Wall -Wextra -Wshadow -W -pedantic -std=gnu99          ";
                            OTHER_LDFLAGS = "";
                            OTHER_REZFLAGS = "";
                            PREBINDING = NO;
                            PRODUCT_NAME = lua;
                            SECTORDER_FLAGS = "";
                            SYMROOT = /Users/security/mtclient/src/lua/build;
                            USE_HEADERMAP = NO;
                            WARNING_CFLAGS = ("-Wmost", "-Wno-four-char-constants", "-Wno-unknown-pragmas", );
                     };
                     name = RelWithDebInfo;
              };
/* End XCBuildConfiguration section */

/* Begin XCConfigurationList section */
              F8845FCFA98A4B9C8F3C2DFC /* Build configuration list for PBXProject  "lua" */ = {
                     isa = XCConfigurationList;
                     buildConfigurations = (
                            1004C83D722E48B0A90DECC9 /* Debug */,
                            D352271B1AA64D2299E4B449 /* Release */,
                            0C5A917E3A39404895EB6536 /* MinSizeRel */,
                            F58BAE598725410AAD5D9329 /* RelWithDebInfo */,
                     );
                     defaultConfigurationIsVisible = 0;
                     defaultConfigurationName = Debug;
              };
              A3B999DA31EB4F2480E3F3DB /* Build configuration list for PBXAggregateTarget "ALL_BUILD" */ = {
                     isa = XCConfigurationList;
                     buildConfigurations = (
                            A6E59718343C442683918D57 /* Debug */,
                            717CB5B83E27480B982EFE2C /* Release */,
                            C8B5B9F5569A421A963E29F2 /* MinSizeRel */,
                            531E154CE1E54AC78A001370 /* RelWithDebInfo */,
                     );
                     defaultConfigurationIsVisible = 0;
                     defaultConfigurationName = Debug;
              };
              3B230F2502164EAF8C257060 /* Build configuration list for PBXAggregateTarget "ZERO_CHECK" */ = {
                     isa = XCConfigurationList;
                     buildConfigurations = (
                            40590CFD0D40466AB4F79655 /* Debug */,
                            D0DA2762A4054F638617CA92 /* Release */,
                            F2F2CB93C4504B78A6C0F4DC /* MinSizeRel */,
                            A0A287FFFD54408681ABF6B8 /* RelWithDebInfo */,
                     );
                     defaultConfigurationIsVisible = 0;
                     defaultConfigurationName = Debug;
              };
              DECB7F06F4374D1FA7AC861C /* Build configuration list for PBXAggregateTarget "install" */ = {
                     isa = XCConfigurationList;
                     buildConfigurations = (
                            2AE5AE16E6644FDEA8C2AB9F /* Debug */,
                            2E9A20F6CCEE40A3A8768BDF /* Release */,
                            30B7B2BA3E2841B286AEB909 /* MinSizeRel */,
                            9D814340580A4092AAF20A19 /* RelWithDebInfo */,
                     );
                     defaultConfigurationIsVisible = 0;
                     defaultConfigurationName = Debug;
              };
              DB60B93BC376466AA82D2644 /* Build configuration list for PBXAggregateTarget "package" */ = {
                     isa = XCConfigurationList;
                     buildConfigurations = (
                            499C8603E30F42E9B3D8A30A /* Debug */,
                            00FE2D9E14DA453CAF902EF0 /* Release */,
                            4B898D6480A140D593EB967E /* MinSizeRel */,
                            26A65AA4940748B2B3DC09E7 /* RelWithDebInfo */,
                     );
                     defaultConfigurationIsVisible = 0;
                     defaultConfigurationName = Debug;
              };
              F9A57E6EB8D543A0ADDE69B5 /* Build configuration list for PBXNativeTarget "lua" */ = {
                     isa = XCConfigurationList;
                     buildConfigurations = (
                            7A7B2A84C38940E8839F59BD /* Debug */,
                            0662CF5EEC24406BA168BB04 /* Release */,
                            E43DDABF0B9D4952BDEB6240 /* MinSizeRel */,
                            2CE790C51D214613AA8C8EDA /* RelWithDebInfo */,
                     );
                     defaultConfigurationIsVisible = 0;
                     defaultConfigurationName = Debug;
              };
/* End XCConfigurationList section */
       };
       rootObject = 5040E0F5789146E8BB87DA1B;
}
