// !$*UTF8*$!
{
       archiveVersion = 1;
       classes = {
       };
       objectVersion = 46;
       objects = {

/* Begin PBXAggregateTarget section */
              00B16596904D417299D556F2 /* ALL_BUILD */ = {
                     isa = PBXAggregateTarget;
                     buildConfigurationList = 35265B7317054C9280D7674E /* Build configuration list for PBXAggregateTarget "ALL_BUILD" */;
                     buildPhases = (
                            1AB30FFB6B8B436390547557 /* CMake Rules */,
                     );
                     dependencies = (
                            614FBE89DF064C24A5FB5E46 /* PBXTargetDependency */,
                            7C3CD0A7AB10411D8780887E /* PBXTargetDependency */,
                     );
                     name = ALL_BUILD;
                     productName = ALL_BUILD;
              };
              3C3DDCBB7AD34043A55973E8 /* ZERO_CHECK */ = {
                     isa = PBXAggregateTarget;
                     buildConfigurationList = 26D768263F8543AAAF5728DC /* Build configuration list for PBXAggregateTarget "ZERO_CHECK" */;
                     buildPhases = (
                            D4772CF2848C43FD8FF3BE37 /* CMake Rules */,
                     );
                     dependencies = (
                     );
                     name = ZERO_CHECK;
                     productName = ZERO_CHECK;
              };
              FE949912548249F98E1B8C67 /* install */ = {
                     isa = PBXAggregateTarget;
                     buildConfigurationList = EBC29AF1102F40DB8764C441 /* Build configuration list for PBXAggregateTarget "install" */;
                     buildPhases = (
                            B60418C670244F7C8321A854 /* CMake PostBuild Rules */,
                     );
                     dependencies = (
                            63B2EF72DA9140ABACDFC639 /* PBXTargetDependency */,
                     );
                     name = install;
                     productName = install;
              };
              FFC2C255521C4B8E80BE2D44 /* package */ = {
                     isa = PBXAggregateTarget;
                     buildConfigurationList = 980A22B54E58473D8EF1374C /* Build configuration list for PBXAggregateTarget "package" */;
                     buildPhases = (
                            FCB133702FEC48AB803BFA2D /* CMake PostBuild Rules */,
                     );
                     dependencies = (
                            63B2EF72DA9140ABACDFC639 /* PBXTargetDependency */,
                     );
                     name = package;
                     productName = package;
              };
/* End PBXAggregateTarget section */

/* Begin PBXBuildFile section */
C9293A9D2BAA485DA50095D1 /* /Users/security/mtclient/src/lua/src/lapi.c */ = {isa = PBXBuildFile; fileRef = ABD0E7286EE645808EF7DBC0 /* /Users/security/mtclient/src/lua/src/lapi.c */; settings = { COMPILER_FLAGS = ""; }; };
C2B28960500E45ADB52A8B32 /* /Users/security/mtclient/src/lua/src/lauxlib.c */ = {isa = PBXBuildFile; fileRef = 82B4D5137EE044BB9CCA1BAE /* /Users/security/mtclient/src/lua/src/lauxlib.c */; settings = { COMPILER_FLAGS = ""; }; };
0EAD30BF3B154804907A1016 /* /Users/security/mtclient/src/lua/src/lbaselib.c */ = {isa = PBXBuildFile; fileRef = 7764B07E64594B6999B97732 /* /Users/security/mtclient/src/lua/src/lbaselib.c */; settings = { COMPILER_FLAGS = ""; }; };
734B6305520D4FCBB0A13C46 /* /Users/security/mtclient/src/lua/src/lcode.c */ = {isa = PBXBuildFile; fileRef = 53373737EC384832804E6955 /* /Users/security/mtclient/src/lua/src/lcode.c */; settings = { COMPILER_FLAGS = ""; }; };
D90569B704C1431B84B4A17E /* /Users/security/mtclient/src/lua/src/ldblib.c */ = {isa = PBXBuildFile; fileRef = FB72FBF392104AC395EC7A26 /* /Users/security/mtclient/src/lua/src/ldblib.c */; settings = { COMPILER_FLAGS = ""; }; };
427436D9BFE042AA84CF650C /* /Users/security/mtclient/src/lua/src/ldebug.c */ = {isa = PBXBuildFile; fileRef = F3008E7AF00C474988EE491E /* /Users/security/mtclient/src/lua/src/ldebug.c */; settings = { COMPILER_FLAGS = ""; }; };
BD8DF3B503C84A3781F67E68 /* /Users/security/mtclient/src/lua/src/ldo.c */ = {isa = PBXBuildFile; fileRef = A8FCE5DAADE64A448B1D107A /* /Users/security/mtclient/src/lua/src/ldo.c */; settings = { COMPILER_FLAGS = ""; }; };
DC5B054D3BA74159BE33FC3B /* /Users/security/mtclient/src/lua/src/ldump.c */ = {isa = PBXBuildFile; fileRef = 4AA06E082DF4483FAE0A78A5 /* /Users/security/mtclient/src/lua/src/ldump.c */; settings = { COMPILER_FLAGS = ""; }; };
F0965191F9784E6C834791E0 /* /Users/security/mtclient/src/lua/src/lfunc.c */ = {isa = PBXBuildFile; fileRef = 3EEDCEF77A324BA788FC4C13 /* /Users/security/mtclient/src/lua/src/lfunc.c */; settings = { COMPILER_FLAGS = ""; }; };
F32F41BDCD044533B7B7713A /* /Users/security/mtclient/src/lua/src/lgc.c */ = {isa = PBXBuildFile; fileRef = 29CF39CDC15C4F1DAEA409B6 /* /Users/security/mtclient/src/lua/src/lgc.c */; settings = { COMPILER_FLAGS = ""; }; };
9CF5CD8028454318AA0A1CEE /* /Users/security/mtclient/src/lua/src/linit.c */ = {isa = PBXBuildFile; fileRef = 8E1CAC1F68014A738D71461E /* /Users/security/mtclient/src/lua/src/linit.c */; settings = { COMPILER_FLAGS = ""; }; };
1823C25BB28846348B6BF7B2 /* /Users/security/mtclient/src/lua/src/liolib.c */ = {isa = PBXBuildFile; fileRef = 379D12BBEAA343388A3978F7 /* /Users/security/mtclient/src/lua/src/liolib.c */; settings = { COMPILER_FLAGS = ""; }; };
A441017C5EC44EDE8B9B8AE0 /* /Users/security/mtclient/src/lua/src/llex.c */ = {isa = PBXBuildFile; fileRef = AA9229E2B8AD4230BFA55852 /* /Users/security/mtclient/src/lua/src/llex.c */; settings = { COMPILER_FLAGS = ""; }; };
C6F256975CE54551A6464DC7 /* /Users/security/mtclient/src/lua/src/lmathlib.c */ = {isa = PBXBuildFile; fileRef = F948C8E41FDB4E37B2947A44 /* /Users/security/mtclient/src/lua/src/lmathlib.c */; settings = { COMPILER_FLAGS = ""; }; };
1E02AA8136EB40CFA0B7247C /* /Users/security/mtclient/src/lua/src/lmem.c */ = {isa = PBXBuildFile; fileRef = 82FFA83C8F614AEBB130958B /* /Users/security/mtclient/src/lua/src/lmem.c */; settings = { COMPILER_FLAGS = ""; }; };
AD4EA3B6541E4FAB87911E32 /* /Users/security/mtclient/src/lua/src/loadlib.c */ = {isa = PBXBuildFile; fileRef = A3D8B83C61F845239F9C698B /* /Users/security/mtclient/src/lua/src/loadlib.c */; settings = { COMPILER_FLAGS = ""; }; };
0CD9CE43AE1249E19A4C366C /* /Users/security/mtclient/src/lua/src/lobject.c */ = {isa = PBXBuildFile; fileRef = B2A8BCDFCFAA4E6E93FC76EC /* /Users/security/mtclient/src/lua/src/lobject.c */; settings = { COMPILER_FLAGS = ""; }; };
EA7489BD3D9F4F0CA2BD895B /* /Users/security/mtclient/src/lua/src/lopcodes.c */ = {isa = PBXBuildFile; fileRef = 329757C0EF1A4F8A8F8B2E68 /* /Users/security/mtclient/src/lua/src/lopcodes.c */; settings = { COMPILER_FLAGS = ""; }; };
01080EC2D7694CD78F937B74 /* /Users/security/mtclient/src/lua/src/loslib.c */ = {isa = PBXBuildFile; fileRef = BA3930E4948C4660950F4D43 /* /Users/security/mtclient/src/lua/src/loslib.c */; settings = { COMPILER_FLAGS = ""; }; };
929703E3F6AC4AB0843F6CF6 /* /Users/security/mtclient/src/lua/src/lparser.c */ = {isa = PBXBuildFile; fileRef = 73844076E4D24DF6A1B39811 /* /Users/security/mtclient/src/lua/src/lparser.c */; settings = { COMPILER_FLAGS = ""; }; };
046BD870C41341A7BEE2454F /* /Users/security/mtclient/src/lua/src/lstate.c */ = {isa = PBXBuildFile; fileRef = BD29F6F6B17D4171BFE5D863 /* /Users/security/mtclient/src/lua/src/lstate.c */; settings = { COMPILER_FLAGS = ""; }; };
F2D6CE27436748D4BD44C115 /* /Users/security/mtclient/src/lua/src/lstring.c */ = {isa = PBXBuildFile; fileRef = 9F2B38F6011647C88F35A55D /* /Users/security/mtclient/src/lua/src/lstring.c */; settings = { COMPILER_FLAGS = ""; }; };
426101822CE14BAABD3DF185 /* /Users/security/mtclient/src/lua/src/lstrlib.c */ = {isa = PBXBuildFile; fileRef = FA2E73B2D3484482AB36EC22 /* /Users/security/mtclient/src/lua/src/lstrlib.c */; settings = { COMPILER_FLAGS = ""; }; };
1A70A372E4254018940EF948 /* /Users/security/mtclient/src/lua/src/ltable.c */ = {isa = PBXBuildFile; fileRef = EBE0EC6DEA52459C828E136C /* /Users/security/mtclient/src/lua/src/ltable.c */; settings = { COMPILER_FLAGS = ""; }; };
BF8498F482424671B9066DF8 /* /Users/security/mtclient/src/lua/src/ltablib.c */ = {isa = PBXBuildFile; fileRef = C123DF865AB04732AFEC73B1 /* /Users/security/mtclient/src/lua/src/ltablib.c */; settings = { COMPILER_FLAGS = ""; }; };
B314C970F8904813958514B2 /* /Users/security/mtclient/src/lua/src/ltm.c */ = {isa = PBXBuildFile; fileRef = CBB9CB84791B4529A1FDE20A /* /Users/security/mtclient/src/lua/src/ltm.c */; settings = { COMPILER_FLAGS = ""; }; };
A277CAAA643C43C38683AB94 /* /Users/security/mtclient/src/lua/src/lundump.c */ = {isa = PBXBuildFile; fileRef = B770B0FFAFEC48D4AFD12379 /* /Users/security/mtclient/src/lua/src/lundump.c */; settings = { COMPILER_FLAGS = ""; }; };
5EC7885FF99D412D9D75A631 /* /Users/security/mtclient/src/lua/src/lvm.c */ = {isa = PBXBuildFile; fileRef = C7832B1DC43E45C6B4A32417 /* /Users/security/mtclient/src/lua/src/lvm.c */; settings = { COMPILER_FLAGS = ""; }; };
2A3DEBBC31EE4CBEBF53034E /* /Users/security/mtclient/src/lua/src/lzio.c */ = {isa = PBXBuildFile; fileRef = 4C647246CE6840A9BE1C4B6A /* /Users/security/mtclient/src/lua/src/lzio.c */; settings = { COMPILER_FLAGS = ""; }; };
6E5BDAEE1F45407BBC4E26CC /* /Users/security/mtclient/src/lua/src/CMakeLists.txt */ = {isa = PBXBuildFile; fileRef = FC3EC41F65724D04AA48474D /* /Users/security/mtclient/src/lua/src/CMakeLists.txt */; settings = { COMPILER_FLAGS = ""; }; };
/* End PBXBuildFile section */

/* Begin PBXBuildStyle section */
              4F0FF52C0DC3463494D38380 /*  */ = {
                     isa = PBXBuildStyle;
              };
              3BD8DB94AC9A4FD8881B870B /* Debug */ = {
                     isa = PBXBuildStyle;
                     buildSettings = {
                            COPY_PHASE_STRIP = NO;
                     };
                     name = Debug;
              };
              FD9358A221644D4486217A70 /* Release */ = {
                     isa = PBXBuildStyle;
                     buildSettings = {
                            COPY_PHASE_STRIP = NO;
                     };
                     name = Release;
              };
              5ACF592F25B845F7948AC73E /* MinSizeRel */ = {
                     isa = PBXBuildStyle;
                     buildSettings = {
                            COPY_PHASE_STRIP = NO;
                     };
                     name = MinSizeRel;
              };
              712014A320ED4C648877F02A /* RelWithDebInfo */ = {
                     isa = PBXBuildStyle;
                     buildSettings = {
                            COPY_PHASE_STRIP = NO;
                     };
                     name = RelWithDebInfo;
              };
/* End PBXBuildStyle section */

/* Begin PBXContainerItemProxy section */
              D3AC1D0C0CFF4B34939D3292 /* PBXContainerItemProxy */ = {
                     isa = PBXContainerItemProxy;
                     containerPortal = D94DB94DCC5F43DAB5111C21 /* Project object */;
                     proxyType = 1;
                     remoteGlobalIDString = 3C3DDCBB7AD34043A55973E8;
                     remoteInfo = ZERO_CHECK;
              };
              AA0DD620560A40E39E330C16 /* PBXContainerItemProxy */ = {
                     isa = PBXContainerItemProxy;
                     containerPortal = D94DB94DCC5F43DAB5111C21 /* Project object */;
                     proxyType = 1;
                     remoteGlobalIDString = B5CD81AE4FC0409CBDE4BE6D;
                     remoteInfo = lua;
              };
              4834A93F99344E209672C564 /* PBXContainerItemProxy */ = {
                     isa = PBXContainerItemProxy;
                     containerPortal = D94DB94DCC5F43DAB5111C21 /* Project object */;
                     proxyType = 1;
                     remoteGlobalIDString = 00B16596904D417299D556F2;
                     remoteInfo = ALL_BUILD;
              };
/* End PBXContainerItemProxy section */

/* Begin PBXFileReference section */
777575B3BCAE423991260C46 /* /Users/security/mtclient/src/lua/CMakeLists.txt */ = {isa = PBXFileReference; fileEncoding = 4; lastKnownFileType = "sourcecode.text"; name = "CMakeLists.txt"; path = "CMakeLists.txt"; sourceTree = SOURCE_ROOT; };
ABD0E7286EE645808EF7DBC0 /* /Users/security/mtclient/src/lua/src/lapi.c */ = {isa = PBXFileReference; fileEncoding = 4; lastKnownFileType = "sourcecode.c.c"; name = "lapi.c"; path = "src/lapi.c"; sourceTree = SOURCE_ROOT; };
82B4D5137EE044BB9CCA1BAE /* /Users/security/mtclient/src/lua/src/lauxlib.c */ = {isa = PBXFileReference; fileEncoding = 4; lastKnownFileType = "sourcecode.c.c"; name = "lauxlib.c"; path = "src/lauxlib.c"; sourceTree = SOURCE_ROOT; };
7764B07E64594B6999B97732 /* /Users/security/mtclient/src/lua/src/lbaselib.c */ = {isa = PBXFileReference; fileEncoding = 4; lastKnownFileType = "sourcecode.c.c"; name = "lbaselib.c"; path = "src/lbaselib.c"; sourceTree = SOURCE_ROOT; };
53373737EC384832804E6955 /* /Users/security/mtclient/src/lua/src/lcode.c */ = {isa = PBXFileReference; fileEncoding = 4; lastKnownFileType = "sourcecode.c.c"; name = "lcode.c"; path = "src/lcode.c"; sourceTree = SOURCE_ROOT; };
FB72FBF392104AC395EC7A26 /* /Users/security/mtclient/src/lua/src/ldblib.c */ = {isa = PBXFileReference; fileEncoding = 4; lastKnownFileType = "sourcecode.c.c"; name = "ldblib.c"; path = "src/ldblib.c"; sourceTree = SOURCE_ROOT; };
F3008E7AF00C474988EE491E /* /Users/security/mtclient/src/lua/src/ldebug.c */ = {isa = PBXFileReference; fileEncoding = 4; lastKnownFileType = "sourcecode.c.c"; name = "ldebug.c"; path = "src/ldebug.c"; sourceTree = SOURCE_ROOT; };
A8FCE5DAADE64A448B1D107A /* /Users/security/mtclient/src/lua/src/ldo.c */ = {isa = PBXFileReference; fileEncoding = 4; lastKnownFileType = "sourcecode.c.c"; name = "ldo.c"; path = "src/ldo.c"; sourceTree = SOURCE_ROOT; };
4AA06E082DF4483FAE0A78A5 /* /Users/security/mtclient/src/lua/src/ldump.c */ = {isa = PBXFileReference; fileEncoding = 4; lastKnownFileType = "sourcecode.c.c"; name = "ldump.c"; path = "src/ldump.c"; sourceTree = SOURCE_ROOT; };
3EEDCEF77A324BA788FC4C13 /* /Users/security/mtclient/src/lua/src/lfunc.c */ = {isa = PBXFileReference; fileEncoding = 4; lastKnownFileType = "sourcecode.c.c"; name = "lfunc.c"; path = "src/lfunc.c"; sourceTree = SOURCE_ROOT; };
29CF39CDC15C4F1DAEA409B6 /* /Users/security/mtclient/src/lua/src/lgc.c */ = {isa = PBXFileReference; fileEncoding = 4; lastKnownFileType = "sourcecode.c.c"; name = "lgc.c"; path = "src/lgc.c"; sourceTree = SOURCE_ROOT; };
8E1CAC1F68014A738D71461E /* /Users/security/mtclient/src/lua/src/linit.c */ = {isa = PBXFileReference; fileEncoding = 4; lastKnownFileType = "sourcecode.c.c"; name = "linit.c"; path = "src/linit.c"; sourceTree = SOURCE_ROOT; };
379D12BBEAA343388A3978F7 /* /Users/security/mtclient/src/lua/src/liolib.c */ = {isa = PBXFileReference; fileEncoding = 4; lastKnownFileType = "sourcecode.c.c"; name = "liolib.c"; path = "src/liolib.c"; sourceTree = SOURCE_ROOT; };
AA9229E2B8AD4230BFA55852 /* /Users/security/mtclient/src/lua/src/llex.c */ = {isa = PBXFileReference; fileEncoding = 4; lastKnownFileType = "sourcecode.c.c"; name = "llex.c"; path = "src/llex.c"; sourceTree = SOURCE_ROOT; };
F948C8E41FDB4E37B2947A44 /* /Users/security/mtclient/src/lua/src/lmathlib.c */ = {isa = PBXFileReference; fileEncoding = 4; lastKnownFileType = "sourcecode.c.c"; name = "lmathlib.c"; path = "src/lmathlib.c"; sourceTree = SOURCE_ROOT; };
82FFA83C8F614AEBB130958B /* /Users/security/mtclient/src/lua/src/lmem.c */ = {isa = PBXFileReference; fileEncoding = 4; lastKnownFileType = "sourcecode.c.c"; name = "lmem.c"; path = "src/lmem.c"; sourceTree = SOURCE_ROOT; };
A3D8B83C61F845239F9C698B /* /Users/security/mtclient/src/lua/src/loadlib.c */ = {isa = PBXFileReference; fileEncoding = 4; lastKnownFileType = "sourcecode.c.c"; name = "loadlib.c"; path = "src/loadlib.c"; sourceTree = SOURCE_ROOT; };
B2A8BCDFCFAA4E6E93FC76EC /* /Users/security/mtclient/src/lua/src/lobject.c */ = {isa = PBXFileReference; fileEncoding = 4; lastKnownFileType = "sourcecode.c.c"; name = "lobject.c"; path = "src/lobject.c"; sourceTree = SOURCE_ROOT; };
329757C0EF1A4F8A8F8B2E68 /* /Users/security/mtclient/src/lua/src/lopcodes.c */ = {isa = PBXFileReference; fileEncoding = 4; lastKnownFileType = "sourcecode.c.c"; name = "lopcodes.c"; path = "src/lopcodes.c"; sourceTree = SOURCE_ROOT; };
BA3930E4948C4660950F4D43 /* /Users/security/mtclient/src/lua/src/loslib.c */ = {isa = PBXFileReference; fileEncoding = 4; lastKnownFileType = "sourcecode.c.c"; name = "loslib.c"; path = "src/loslib.c"; sourceTree = SOURCE_ROOT; };
73844076E4D24DF6A1B39811 /* /Users/security/mtclient/src/lua/src/lparser.c */ = {isa = PBXFileReference; fileEncoding = 4; lastKnownFileType = "sourcecode.c.c"; name = "lparser.c"; path = "src/lparser.c"; sourceTree = SOURCE_ROOT; };
BD29F6F6B17D4171BFE5D863 /* /Users/security/mtclient/src/lua/src/lstate.c */ = {isa = PBXFileReference; fileEncoding = 4; lastKnownFileType = "sourcecode.c.c"; name = "lstate.c"; path = "src/lstate.c"; sourceTree = SOURCE_ROOT; };
9F2B38F6011647C88F35A55D /* /Users/security/mtclient/src/lua/src/lstring.c */ = {isa = PBXFileReference; fileEncoding = 4; lastKnownFileType = "sourcecode.c.c"; name = "lstring.c"; path = "src/lstring.c"; sourceTree = SOURCE_ROOT; };
FA2E73B2D3484482AB36EC22 /* /Users/security/mtclient/src/lua/src/lstrlib.c */ = {isa = PBXFileReference; fileEncoding = 4; lastKnownFileType = "sourcecode.c.c"; name = "lstrlib.c"; path = "src/lstrlib.c"; sourceTree = SOURCE_ROOT; };
EBE0EC6DEA52459C828E136C /* /Users/security/mtclient/src/lua/src/ltable.c */ = {isa = PBXFileReference; fileEncoding = 4; lastKnownFileType = "sourcecode.c.c"; name = "ltable.c"; path = "src/ltable.c"; sourceTree = SOURCE_ROOT; };
C123DF865AB04732AFEC73B1 /* /Users/security/mtclient/src/lua/src/ltablib.c */ = {isa = PBXFileReference; fileEncoding = 4; lastKnownFileType = "sourcecode.c.c"; name = "ltablib.c"; path = "src/ltablib.c"; sourceTree = SOURCE_ROOT; };
CBB9CB84791B4529A1FDE20A /* /Users/security/mtclient/src/lua/src/ltm.c */ = {isa = PBXFileReference; fileEncoding = 4; lastKnownFileType = "sourcecode.c.c"; name = "ltm.c"; path = "src/ltm.c"; sourceTree = SOURCE_ROOT; };
B770B0FFAFEC48D4AFD12379 /* /Users/security/mtclient/src/lua/src/lundump.c */ = {isa = PBXFileReference; fileEncoding = 4; lastKnownFileType = "sourcecode.c.c"; name = "lundump.c"; path = "src/lundump.c"; sourceTree = SOURCE_ROOT; };
C7832B1DC43E45C6B4A32417 /* /Users/security/mtclient/src/lua/src/lvm.c */ = {isa = PBXFileReference; fileEncoding = 4; lastKnownFileType = "sourcecode.c.c"; name = "lvm.c"; path = "src/lvm.c"; sourceTree = SOURCE_ROOT; };
4C647246CE6840A9BE1C4B6A /* /Users/security/mtclient/src/lua/src/lzio.c */ = {isa = PBXFileReference; fileEncoding = 4; lastKnownFileType = "sourcecode.c.c"; name = "lzio.c"; path = "src/lzio.c"; sourceTree = SOURCE_ROOT; };
FC3EC41F65724D04AA48474D /* /Users/security/mtclient/src/lua/src/CMakeLists.txt */ = {isa = PBXFileReference; fileEncoding = 4; lastKnownFileType = "sourcecode.text"; name = "CMakeLists.txt"; path = "src/CMakeLists.txt"; sourceTree = SOURCE_ROOT; };
AEBEBEF96FF44FD999650500 /* lua */ = {isa = PBXFileReference; explicitFileType = "archive.ar"; path = "liblua.a"; refType = 0; sourceTree = BUILT_PRODUCTS_DIR; };
/* End PBXFileReference section */

/* Begin PBXGroup section */
              C9ADC9AAD303495B87432D35  = {
                     isa = PBXGroup;
                     children = (
                            A10C19F77FE545F59B1B787D /* Sources */,
                            B74D3A7209274DAAA867C175 /* Resources */,
                            3E49A4C3760E44EEADF67C98 /* Products */,
                     );
                     sourceTree = "<group>";
              };
              A10C19F77FE545F59B1B787D /* Sources */ = {
                     isa = PBXGroup;
                     children = (
                            8B954B672DEA411DB4DADF7E /* ALL_BUILD */,
                            AEDB0EB5402D49A7A8F46FC4 /* ZERO_CHECK */,
                            D7DEC387D8B34902928239A8 /* lua */,
                     );
                     name = Sources;
                     sourceTree = "<group>";
              };
              B74D3A7209274DAAA867C175 /* Resources */ = {
                     isa = PBXGroup;
                     children = (
                     );
                     name = Resources;
                     sourceTree = "<group>";
              };
              8B954B672DEA411DB4DADF7E /* ALL_BUILD */ = {
                     isa = PBXGroup;
                     children = (
                            3E176FB5FA104D469E05ECF2 /* CMake Rules */,
                            777575B3BCAE423991260C46 /* /Users/security/mtclient/src/lua/CMakeLists.txt */,
                     );
                     name = ALL_BUILD;
                     sourceTree = "<group>";
              };
              3E176FB5FA104D469E05ECF2 /* CMake Rules */ = {
                     isa = PBXGroup;
                     children = (
                     );
                     name = "CMake Rules";
                     sourceTree = "<group>";
              };
              AEDB0EB5402D49A7A8F46FC4 /* ZERO_CHECK */ = {
                     isa = PBXGroup;
                     children = (
                            D4BCC8CCE6A541C18DFEB64E /* CMake Rules */,
                            777575B3BCAE423991260C46 /* /Users/security/mtclient/src/lua/CMakeLists.txt */,
                     );
                     name = ZERO_CHECK;
                     sourceTree = "<group>";
              };
              D4BCC8CCE6A541C18DFEB64E /* CMake Rules */ = {
                     isa = PBXGroup;
                     children = (
                     );
                     name = "CMake Rules";
                     sourceTree = "<group>";
              };
              D7DEC387D8B34902928239A8 /* lua */ = {
                     isa = PBXGroup;
                     children = (
                            8DA91F97F4714430BFB322B4 /* Source Files */,
                            FC3EC41F65724D04AA48474D /* /Users/security/mtclient/src/lua/src/CMakeLists.txt */,
                     );
                     name = lua;
                     sourceTree = "<group>";
              };
              8DA91F97F4714430BFB322B4 /* Source Files */ = {
                     isa = PBXGroup;
                     children = (
                            ABD0E7286EE645808EF7DBC0 /* /Users/security/mtclient/src/lua/src/lapi.c */,
                            82B4D5137EE044BB9CCA1BAE /* /Users/security/mtclient/src/lua/src/lauxlib.c */,
                            7764B07E64594B6999B97732 /* /Users/security/mtclient/src/lua/src/lbaselib.c */,
                            53373737EC384832804E6955 /* /Users/security/mtclient/src/lua/src/lcode.c */,
                            FB72FBF392104AC395EC7A26 /* /Users/security/mtclient/src/lua/src/ldblib.c */,
                            F3008E7AF00C474988EE491E /* /Users/security/mtclient/src/lua/src/ldebug.c */,
                            A8FCE5DAADE64A448B1D107A /* /Users/security/mtclient/src/lua/src/ldo.c */,
                            4AA06E082DF4483FAE0A78A5 /* /Users/security/mtclient/src/lua/src/ldump.c */,
                            3EEDCEF77A324BA788FC4C13 /* /Users/security/mtclient/src/lua/src/lfunc.c */,
                            29CF39CDC15C4F1DAEA409B6 /* /Users/security/mtclient/src/lua/src/lgc.c */,
                            8E1CAC1F68014A738D71461E /* /Users/security/mtclient/src/lua/src/linit.c */,
                            379D12BBEAA343388A3978F7 /* /Users/security/mtclient/src/lua/src/liolib.c */,
                            AA9229E2B8AD4230BFA55852 /* /Users/security/mtclient/src/lua/src/llex.c */,
                            F948C8E41FDB4E37B2947A44 /* /Users/security/mtclient/src/lua/src/lmathlib.c */,
                            82FFA83C8F614AEBB130958B /* /Users/security/mtclient/src/lua/src/lmem.c */,
                            A3D8B83C61F845239F9C698B /* /Users/security/mtclient/src/lua/src/loadlib.c */,
                            B2A8BCDFCFAA4E6E93FC76EC /* /Users/security/mtclient/src/lua/src/lobject.c */,
                            329757C0EF1A4F8A8F8B2E68 /* /Users/security/mtclient/src/lua/src/lopcodes.c */,
                            BA3930E4948C4660950F4D43 /* /Users/security/mtclient/src/lua/src/loslib.c */,
                            73844076E4D24DF6A1B39811 /* /Users/security/mtclient/src/lua/src/lparser.c */,
                            BD29F6F6B17D4171BFE5D863 /* /Users/security/mtclient/src/lua/src/lstate.c */,
                            9F2B38F6011647C88F35A55D /* /Users/security/mtclient/src/lua/src/lstring.c */,
                            FA2E73B2D3484482AB36EC22 /* /Users/security/mtclient/src/lua/src/lstrlib.c */,
                            EBE0EC6DEA52459C828E136C /* /Users/security/mtclient/src/lua/src/ltable.c */,
                            C123DF865AB04732AFEC73B1 /* /Users/security/mtclient/src/lua/src/ltablib.c */,
                            CBB9CB84791B4529A1FDE20A /* /Users/security/mtclient/src/lua/src/ltm.c */,
                            B770B0FFAFEC48D4AFD12379 /* /Users/security/mtclient/src/lua/src/lundump.c */,
                            C7832B1DC43E45C6B4A32417 /* /Users/security/mtclient/src/lua/src/lvm.c */,
                            4C647246CE6840A9BE1C4B6A /* /Users/security/mtclient/src/lua/src/lzio.c */,
                     );
                     name = "Source Files";
                     sourceTree = "<group>";
              };
              3E49A4C3760E44EEADF67C98 /* Products */ = {
                     isa = PBXGroup;
                     children = (
                            AEBEBEF96FF44FD999650500 /* lua */,
                     );
                     name = Products;
                     sourceTree = "<group>";
              };
/* End PBXGroup section */

/* Begin PBXNativeTarget section */
              B5CD81AE4FC0409CBDE4BE6D /* lua */ = {
                     isa = PBXNativeTarget;
                     buildConfigurationList = 62A0D764AAE948928B6A24BC /* Build configuration list for PBXNativeTarget "lua" */;
                     buildPhases = (
                            C06D0195A34A420B8999B738 /* Sources */,
                            D06F7E17A6FC429A8F732CBF /* CMake PostBuild Rules */,
                     );
                     buildRules = (
                     );
                     dependencies = (
                     );
                     name = lua;
                     productName = lua;
                     productReference = AEBEBEF96FF44FD999650500 /* lua */;
                     productType = "com.apple.product-type.library.static";
              };
/* End PBXNativeTarget section */

/* Begin PBXProject section */
              D94DB94DCC5F43DAB5111C21 /* Project object */ = {
                     isa = PBXProject;
                     attributes = {
                            BuildIndependentTargetsInParallel = YES;
                     };
                     buildConfigurationList = 08B55B4E440B4000B972BDF4 /* Build configuration list for PBXProject  "lua" */;
                     buildSettings = {
                     };
                     buildStyles = (
                            3BD8DB94AC9A4FD8881B870B /* Debug */,
                            FD9358A221644D4486217A70 /* Release */,
                            5ACF592F25B845F7948AC73E /* MinSizeRel */,
                            712014A320ED4C648877F02A /* RelWithDebInfo */,
                     );
                     compatibilityVersion = "Xcode 3.2";
                     hasScannedForEncodings = 0;
                     mainGroup = C9ADC9AAD303495B87432D35;
                     projectDirPath = ".";
                     projectRoot = "";
                     targets = (
                            00B16596904D417299D556F2 /* ALL_BUILD */,
                            3C3DDCBB7AD34043A55973E8 /* ZERO_CHECK */,
                            FE949912548249F98E1B8C67 /* install */,
                            FFC2C255521C4B8E80BE2D44 /* package */,
                            B5CD81AE4FC0409CBDE4BE6D /* lua */,
                     );
              };
/* End PBXProject section */

/* Begin PBXShellScriptBuildPhase section */
              70FBE5C565F1402B9CFF1A50 /*  */ = {
                     isa = PBXShellScriptBuildPhase;
                     buildActionMask = 2147483647;
                     files = (
                     );
                     inputPaths = (
                     );
                     outputPaths = (
                     );
                     runOnlyForDeploymentPostprocessing = 0;
                     shellPath = /bin/sh;
                     shellScript = "# shell script goes here
exit 0";
                     showEnvVarsInLog = 0;
              };
              1AB30FFB6B8B436390547557 /* CMake Rules */ = {
                     isa = PBXShellScriptBuildPhase;
                     buildActionMask = 2147483647;
                     files = (
                     );
                     name = "CMake Rules";
                     runOnlyForDeploymentPostprocessing = 0;
                     shellPath = /bin/sh;
                     shellScript = "make -C /Users/security/mtclient/src/lua -f /Users/security/mtclient/src/lua/CMakeScripts/ALL_BUILD_cmakeRulesBuildPhase.make$CONFIGURATION all";
                     showEnvVarsInLog = 0;
              };
              EB6372A898154B95A8F6D4A5 /*  */ = {
                     isa = PBXShellScriptBuildPhase;
                     buildActionMask = 2147483647;
                     files = (
                     );
                     inputPaths = (
                     );
                     outputPaths = (
                     );
                     runOnlyForDeploymentPostprocessing = 0;
                     shellPath = /bin/sh;
                     shellScript = "# shell script goes here
exit 0";
                     showEnvVarsInLog = 0;
              };
              D4772CF2848C43FD8FF3BE37 /* CMake Rules */ = {
                     isa = PBXShellScriptBuildPhase;
                     buildActionMask = 2147483647;
                     files = (
                     );
                     name = "CMake Rules";
                     runOnlyForDeploymentPostprocessing = 0;
                     shellPath = /bin/sh;
                     shellScript = "make -C /Users/security/mtclient/src/lua -f /Users/security/mtclient/src/lua/CMakeScripts/ZERO_CHECK_cmakeRulesBuildPhase.make$CONFIGURATION all";
                     showEnvVarsInLog = 0;
              };
              1AE9B1B5F360439DAEA29F1C /*  */ = {
                     isa = PBXShellScriptBuildPhase;
                     buildActionMask = 2147483647;
                     files = (
                     );
                     inputPaths = (
                     );
                     outputPaths = (
                     );
                     runOnlyForDeploymentPostprocessing = 0;
                     shellPath = /bin/sh;
                     shellScript = "# shell script goes here
exit 0";
                     showEnvVarsInLog = 0;
              };
              B60418C670244F7C8321A854 /* CMake PostBuild Rules */ = {
                     isa = PBXShellScriptBuildPhase;
                     buildActionMask = 2147483647;
                     files = (
                     );
                     name = "CMake PostBuild Rules";
                     runOnlyForDeploymentPostprocessing = 0;
                     shellPath = /bin/sh;
                     shellScript = "make -C /Users/security/mtclient/src/lua -f /Users/security/mtclient/src/lua/CMakeScripts/install_postBuildPhase.make$CONFIGURATION all";
                     showEnvVarsInLog = 0;
              };
              A0A02D18403D49D790B5ACD3 /*  */ = {
                     isa = PBXShellScriptBuildPhase;
                     buildActionMask = 2147483647;
                     files = (
                     );
                     inputPaths = (
                     );
                     outputPaths = (
                     );
                     runOnlyForDeploymentPostprocessing = 0;
                     shellPath = /bin/sh;
                     shellScript = "# shell script goes here
exit 0";
                     showEnvVarsInLog = 0;
              };
              FCB133702FEC48AB803BFA2D /* CMake PostBuild Rules */ = {
                     isa = PBXShellScriptBuildPhase;
                     buildActionMask = 2147483647;
                     files = (
                     );
                     name = "CMake PostBuild Rules";
                     runOnlyForDeploymentPostprocessing = 0;
                     shellPath = /bin/sh;
                     shellScript = "make -C /Users/security/mtclient/src/lua -f /Users/security/mtclient/src/lua/CMakeScripts/package_postBuildPhase.make$CONFIGURATION all";
                     showEnvVarsInLog = 0;
              };
              D06F7E17A6FC429A8F732CBF /* CMake PostBuild Rules */ = {
                     isa = PBXShellScriptBuildPhase;
                     buildActionMask = 2147483647;
                     files = (
                     );
                     name = "CMake PostBuild Rules";
                     runOnlyForDeploymentPostprocessing = 0;
                     shellPath = /bin/sh;
                     shellScript = "make -C /Users/security/mtclient/src/lua/build -f /Users/security/mtclient/src/lua/build/CMakeScripts/lua_postBuildPhase.make$CONFIGURATION all";
                     showEnvVarsInLog = 0;
              };
/* End PBXShellScriptBuildPhase section */

/* Begin PBXSourcesBuildPhase section */
              C06D0195A34A420B8999B738 /* Sources */ = {
                     isa = PBXSourcesBuildPhase;
                     buildActionMask = 2147483647;
                     files = (
                            C9293A9D2BAA485DA50095D1 /* /Users/security/mtclient/src/lua/src/lapi.c */,
                            C2B28960500E45ADB52A8B32 /* /Users/security/mtclient/src/lua/src/lauxlib.c */,
                            0EAD30BF3B154804907A1016 /* /Users/security/mtclient/src/lua/src/lbaselib.c */,
                            734B6305520D4FCBB0A13C46 /* /Users/security/mtclient/src/lua/src/lcode.c */,
                            D90569B704C1431B84B4A17E /* /Users/security/mtclient/src/lua/src/ldblib.c */,
                            427436D9BFE042AA84CF650C /* /Users/security/mtclient/src/lua/src/ldebug.c */,
                            BD8DF3B503C84A3781F67E68 /* /Users/security/mtclient/src/lua/src/ldo.c */,
                            DC5B054D3BA74159BE33FC3B /* /Users/security/mtclient/src/lua/src/ldump.c */,
                            F0965191F9784E6C834791E0 /* /Users/security/mtclient/src/lua/src/lfunc.c */,
                            F32F41BDCD044533B7B7713A /* /Users/security/mtclient/src/lua/src/lgc.c */,
                            9CF5CD8028454318AA0A1CEE /* /Users/security/mtclient/src/lua/src/linit.c */,
                            1823C25BB28846348B6BF7B2 /* /Users/security/mtclient/src/lua/src/liolib.c */,
                            A441017C5EC44EDE8B9B8AE0 /* /Users/security/mtclient/src/lua/src/llex.c */,
                            C6F256975CE54551A6464DC7 /* /Users/security/mtclient/src/lua/src/lmathlib.c */,
                            1E02AA8136EB40CFA0B7247C /* /Users/security/mtclient/src/lua/src/lmem.c */,
                            AD4EA3B6541E4FAB87911E32 /* /Users/security/mtclient/src/lua/src/loadlib.c */,
                            0CD9CE43AE1249E19A4C366C /* /Users/security/mtclient/src/lua/src/lobject.c */,
                            EA7489BD3D9F4F0CA2BD895B /* /Users/security/mtclient/src/lua/src/lopcodes.c */,
                            01080EC2D7694CD78F937B74 /* /Users/security/mtclient/src/lua/src/loslib.c */,
                            929703E3F6AC4AB0843F6CF6 /* /Users/security/mtclient/src/lua/src/lparser.c */,
                            046BD870C41341A7BEE2454F /* /Users/security/mtclient/src/lua/src/lstate.c */,
                            F2D6CE27436748D4BD44C115 /* /Users/security/mtclient/src/lua/src/lstring.c */,
                            426101822CE14BAABD3DF185 /* /Users/security/mtclient/src/lua/src/lstrlib.c */,
                            1A70A372E4254018940EF948 /* /Users/security/mtclient/src/lua/src/ltable.c */,
                            BF8498F482424671B9066DF8 /* /Users/security/mtclient/src/lua/src/ltablib.c */,
                            B314C970F8904813958514B2 /* /Users/security/mtclient/src/lua/src/ltm.c */,
                            A277CAAA643C43C38683AB94 /* /Users/security/mtclient/src/lua/src/lundump.c */,
                            5EC7885FF99D412D9D75A631 /* /Users/security/mtclient/src/lua/src/lvm.c */,
                            2A3DEBBC31EE4CBEBF53034E /* /Users/security/mtclient/src/lua/src/lzio.c */,
                     );
                     runOnlyForDeploymentPostprocessing = 0;
              };
/* End PBXSourcesBuildPhase section */

/* Begin PBXTargetDependency section */
              614FBE89DF064C24A5FB5E46 /* PBXTargetDependency */ = {
                     isa = PBXTargetDependency;
                     target = 3C3DDCBB7AD34043A55973E8 /* ZERO_CHECK */;
                     targetProxy = D3AC1D0C0CFF4B34939D3292 /* PBXContainerItemProxy */;
              };
              7C3CD0A7AB10411D8780887E /* PBXTargetDependency */ = {
                     isa = PBXTargetDependency;
                     target = B5CD81AE4FC0409CBDE4BE6D /* lua */;
                     targetProxy = AA0DD620560A40E39E330C16 /* PBXContainerItemProxy */;
              };
              63B2EF72DA9140ABACDFC639 /* PBXTargetDependency */ = {
                     isa = PBXTargetDependency;
                     target = 00B16596904D417299D556F2 /* ALL_BUILD */;
                     targetProxy = 4834A93F99344E209672C564 /* PBXContainerItemProxy */;
              };
/* End PBXTargetDependency section */

/* Begin XCBuildConfiguration section */
              148CBE3C8D8A46B49A5CE882 /* Debug */ = {
                     isa = XCBuildConfiguration;
                     buildSettings = {
                            ARCHS = i386;
                            SDKROOT = "/Developer/SDKs/MacOSX10.6.sdk";
                            SYMROOT = /Users/security/mtclient/src/lua/build;
                     };
                     name = Debug;
              };
              E222956871CF473281A3A995 /* Release */ = {
                     isa = XCBuildConfiguration;
                     buildSettings = {
                            ARCHS = i386;
                            SDKROOT = "/Developer/SDKs/MacOSX10.6.sdk";
                            SYMROOT = /Users/security/mtclient/src/lua/build;
                     };
                     name = Release;
              };
              ECB3EF1CF9A44F75B3AAE3D1 /* MinSizeRel */ = {
                     isa = XCBuildConfiguration;
                     buildSettings = {
                            ARCHS = i386;
                            SDKROOT = "/Developer/SDKs/MacOSX10.6.sdk";
                            SYMROOT = /Users/security/mtclient/src/lua/build;
                     };
                     name = MinSizeRel;
              };
              D765CF7C604F48AE8B0D4DD2 /* RelWithDebInfo */ = {
                     isa = XCBuildConfiguration;
                     buildSettings = {
                            ARCHS = i386;
                            SDKROOT = "/Developer/SDKs/MacOSX10.6.sdk";
                            SYMROOT = /Users/security/mtclient/src/lua/build;
                     };
                     name = RelWithDebInfo;
              };
              FA892E82A2C748979BD7AC62 /* Debug */ = {
                     isa = XCBuildConfiguration;
                     buildSettings = {
                            ARCHS = i386;
                            GCC_GENERATE_DEBUGGING_SYMBOLS = NO;
                            GCC_INLINES_ARE_PRIVATE_EXTERN = NO;
                            GCC_OPTIMIZATION_LEVEL = 0;
                            GCC_PREPROCESSOR_DEFINITIONS = ("'CMAKE_INTDIR=\"$(CONFIGURATION)$(EFFECTIVE_PLATFORM_NAME)\"'", USE_CMAKE_CONFIG_H, );
                            GCC_SYMBOLS_PRIVATE_EXTERN = NO;
                            INSTALL_PATH = "";
                            ONLY_ACTIVE_ARCH = NO;
                            OTHER_CFLAGS = "  ";
                            OTHER_LDFLAGS = "";
                            OTHER_REZFLAGS = "";
                            PREBINDING = NO;
                            PRODUCT_NAME = ALL_BUILD;
                            SECTORDER_FLAGS = "";
                            SYMROOT = /Users/security/mtclient/src/lua;
                            USE_HEADERMAP = NO;
                            WARNING_CFLAGS = ("-Wmost", "-Wno-four-char-constants", "-Wno-unknown-pragmas", );
                     };
                     name = Debug;
              };
              5D342D9FB0CC4E53A76A1063 /* Release */ = {
                     isa = XCBuildConfiguration;
                     buildSettings = {
                            ARCHS = i386;
                            GCC_GENERATE_DEBUGGING_SYMBOLS = NO;
                            GCC_INLINES_ARE_PRIVATE_EXTERN = NO;
                            GCC_OPTIMIZATION_LEVEL = 0;
                            GCC_PREPROCESSOR_DEFINITIONS = ("'CMAKE_INTDIR=\"$(CONFIGURATION)$(EFFECTIVE_PLATFORM_NAME)\"'", USE_CMAKE_CONFIG_H, );
                            GCC_SYMBOLS_PRIVATE_EXTERN = NO;
                            INSTALL_PATH = "";
                            ONLY_ACTIVE_ARCH = NO;
                            OTHER_CFLAGS = "  ";
                            OTHER_LDFLAGS = "";
                            OTHER_REZFLAGS = "";
                            PREBINDING = NO;
                            PRODUCT_NAME = ALL_BUILD;
                            SECTORDER_FLAGS = "";
                            SYMROOT = /Users/security/mtclient/src/lua;
                            USE_HEADERMAP = NO;
                            WARNING_CFLAGS = ("-Wmost", "-Wno-four-char-constants", "-Wno-unknown-pragmas", );
                     };
                     name = Release;
              };
              9070B894D3F14B788EFCE8C5 /* MinSizeRel */ = {
                     isa = XCBuildConfiguration;
                     buildSettings = {
                            ARCHS = i386;
                            GCC_GENERATE_DEBUGGING_SYMBOLS = NO;
                            GCC_INLINES_ARE_PRIVATE_EXTERN = NO;
                            GCC_OPTIMIZATION_LEVEL = 0;
                            GCC_PREPROCESSOR_DEFINITIONS = ("'CMAKE_INTDIR=\"$(CONFIGURATION)$(EFFECTIVE_PLATFORM_NAME)\"'", USE_CMAKE_CONFIG_H, );
                            GCC_SYMBOLS_PRIVATE_EXTERN = NO;
                            INSTALL_PATH = "";
                            ONLY_ACTIVE_ARCH = NO;
                            OTHER_CFLAGS = "  ";
                            OTHER_LDFLAGS = "";
                            OTHER_REZFLAGS = "";
                            PREBINDING = NO;
                            PRODUCT_NAME = ALL_BUILD;
                            SECTORDER_FLAGS = "";
                            SYMROOT = /Users/security/mtclient/src/lua;
                            USE_HEADERMAP = NO;
                            WARNING_CFLAGS = ("-Wmost", "-Wno-four-char-constants", "-Wno-unknown-pragmas", );
                     };
                     name = MinSizeRel;
              };
              00FC6FFCE0714B36B7428D40 /* RelWithDebInfo */ = {
                     isa = XCBuildConfiguration;
                     buildSettings = {
                            ARCHS = i386;
                            GCC_GENERATE_DEBUGGING_SYMBOLS = NO;
                            GCC_INLINES_ARE_PRIVATE_EXTERN = NO;
                            GCC_OPTIMIZATION_LEVEL = 0;
                            GCC_PREPROCESSOR_DEFINITIONS = ("'CMAKE_INTDIR=\"$(CONFIGURATION)$(EFFECTIVE_PLATFORM_NAME)\"'", USE_CMAKE_CONFIG_H, );
                            GCC_SYMBOLS_PRIVATE_EXTERN = NO;
                            INSTALL_PATH = "";
                            ONLY_ACTIVE_ARCH = NO;
                            OTHER_CFLAGS = "  ";
                            OTHER_LDFLAGS = "";
                            OTHER_REZFLAGS = "";
                            PREBINDING = NO;
                            PRODUCT_NAME = ALL_BUILD;
                            SECTORDER_FLAGS = "";
                            SYMROOT = /Users/security/mtclient/src/lua;
                            USE_HEADERMAP = NO;
                            WARNING_CFLAGS = ("-Wmost", "-Wno-four-char-constants", "-Wno-unknown-pragmas", );
                     };
                     name = RelWithDebInfo;
              };
              D19D7F67924A455CA49C00EF /* Debug */ = {
                     isa = XCBuildConfiguration;
                     buildSettings = {
                            ARCHS = i386;
                            GCC_GENERATE_DEBUGGING_SYMBOLS = NO;
                            GCC_INLINES_ARE_PRIVATE_EXTERN = NO;
                            GCC_OPTIMIZATION_LEVEL = 0;
                            GCC_PREPROCESSOR_DEFINITIONS = ("'CMAKE_INTDIR=\"$(CONFIGURATION)$(EFFECTIVE_PLATFORM_NAME)\"'", USE_CMAKE_CONFIG_H, );
                            GCC_SYMBOLS_PRIVATE_EXTERN = NO;
                            INSTALL_PATH = "";
                            ONLY_ACTIVE_ARCH = NO;
                            OTHER_CFLAGS = "  ";
                            OTHER_LDFLAGS = "";
                            OTHER_REZFLAGS = "";
                            PREBINDING = NO;
                            PRODUCT_NAME = ZERO_CHECK;
                            SECTORDER_FLAGS = "";
                            SYMROOT = /Users/security/mtclient/src/lua;
                            USE_HEADERMAP = NO;
                            WARNING_CFLAGS = ("-Wmost", "-Wno-four-char-constants", "-Wno-unknown-pragmas", );
                     };
                     name = Debug;
              };
              4FD9F9B9C0234ABAA7BAA8A2 /* Release */ = {
                     isa = XCBuildConfiguration;
                     buildSettings = {
                            ARCHS = i386;
                            GCC_GENERATE_DEBUGGING_SYMBOLS = NO;
                            GCC_INLINES_ARE_PRIVATE_EXTERN = NO;
                            GCC_OPTIMIZATION_LEVEL = 0;
                            GCC_PREPROCESSOR_DEFINITIONS = ("'CMAKE_INTDIR=\"$(CONFIGURATION)$(EFFECTIVE_PLATFORM_NAME)\"'", USE_CMAKE_CONFIG_H, );
                            GCC_SYMBOLS_PRIVATE_EXTERN = NO;
                            INSTALL_PATH = "";
                            ONLY_ACTIVE_ARCH = NO;
                            OTHER_CFLAGS = "  ";
                            OTHER_LDFLAGS = "";
                            OTHER_REZFLAGS = "";
                            PREBINDING = NO;
                            PRODUCT_NAME = ZERO_CHECK;
                            SECTORDER_FLAGS = "";
                            SYMROOT = /Users/security/mtclient/src/lua;
                            USE_HEADERMAP = NO;
                            WARNING_CFLAGS = ("-Wmost", "-Wno-four-char-constants", "-Wno-unknown-pragmas", );
                     };
                     name = Release;
              };
              1CC0386335E34947AFBD044F /* MinSizeRel */ = {
                     isa = XCBuildConfiguration;
                     buildSettings = {
                            ARCHS = i386;
                            GCC_GENERATE_DEBUGGING_SYMBOLS = NO;
                            GCC_INLINES_ARE_PRIVATE_EXTERN = NO;
                            GCC_OPTIMIZATION_LEVEL = 0;
                            GCC_PREPROCESSOR_DEFINITIONS = ("'CMAKE_INTDIR=\"$(CONFIGURATION)$(EFFECTIVE_PLATFORM_NAME)\"'", USE_CMAKE_CONFIG_H, );
                            GCC_SYMBOLS_PRIVATE_EXTERN = NO;
                            INSTALL_PATH = "";
                            ONLY_ACTIVE_ARCH = NO;
                            OTHER_CFLAGS = "  ";
                            OTHER_LDFLAGS = "";
                            OTHER_REZFLAGS = "";
                            PREBINDING = NO;
                            PRODUCT_NAME = ZERO_CHECK;
                            SECTORDER_FLAGS = "";
                            SYMROOT = /Users/security/mtclient/src/lua;
                            USE_HEADERMAP = NO;
                            WARNING_CFLAGS = ("-Wmost", "-Wno-four-char-constants", "-Wno-unknown-pragmas", );
                     };
                     name = MinSizeRel;
              };
              D5CF3AFF1E2043EC8CAA79FC /* RelWithDebInfo */ = {
                     isa = XCBuildConfiguration;
                     buildSettings = {
                            ARCHS = i386;
                            GCC_GENERATE_DEBUGGING_SYMBOLS = NO;
                            GCC_INLINES_ARE_PRIVATE_EXTERN = NO;
                            GCC_OPTIMIZATION_LEVEL = 0;
                            GCC_PREPROCESSOR_DEFINITIONS = ("'CMAKE_INTDIR=\"$(CONFIGURATION)$(EFFECTIVE_PLATFORM_NAME)\"'", USE_CMAKE_CONFIG_H, );
                            GCC_SYMBOLS_PRIVATE_EXTERN = NO;
                            INSTALL_PATH = "";
                            ONLY_ACTIVE_ARCH = NO;
                            OTHER_CFLAGS = "  ";
                            OTHER_LDFLAGS = "";
                            OTHER_REZFLAGS = "";
                            PREBINDING = NO;
                            PRODUCT_NAME = ZERO_CHECK;
                            SECTORDER_FLAGS = "";
                            SYMROOT = /Users/security/mtclient/src/lua;
                            USE_HEADERMAP = NO;
                            WARNING_CFLAGS = ("-Wmost", "-Wno-four-char-constants", "-Wno-unknown-pragmas", );
                     };
                     name = RelWithDebInfo;
              };
              9F288E35219A4474BD597F7F /* Debug */ = {
                     isa = XCBuildConfiguration;
                     buildSettings = {
                            ARCHS = i386;
                            GCC_GENERATE_DEBUGGING_SYMBOLS = NO;
                            GCC_INLINES_ARE_PRIVATE_EXTERN = NO;
                            GCC_OPTIMIZATION_LEVEL = 0;
                            GCC_PREPROCESSOR_DEFINITIONS = ("'CMAKE_INTDIR=\"$(CONFIGURATION)$(EFFECTIVE_PLATFORM_NAME)\"'", USE_CMAKE_CONFIG_H, );
                            GCC_SYMBOLS_PRIVATE_EXTERN = NO;
                            INSTALL_PATH = "";
                            ONLY_ACTIVE_ARCH = NO;
                            OTHER_CFLAGS = "  ";
                            OTHER_LDFLAGS = "";
                            OTHER_REZFLAGS = "";
                            PREBINDING = NO;
                            PRODUCT_NAME = install;
                            SECTORDER_FLAGS = "";
                            SYMROOT = /Users/security/mtclient/src/lua;
                            USE_HEADERMAP = NO;
                            WARNING_CFLAGS = ("-Wmost", "-Wno-four-char-constants", "-Wno-unknown-pragmas", );
                     };
                     name = Debug;
              };
              AA1EC63CD9534C5A9C552ADC /* Release */ = {
                     isa = XCBuildConfiguration;
                     buildSettings = {
                            ARCHS = i386;
                            GCC_GENERATE_DEBUGGING_SYMBOLS = NO;
                            GCC_INLINES_ARE_PRIVATE_EXTERN = NO;
                            GCC_OPTIMIZATION_LEVEL = 0;
                            GCC_PREPROCESSOR_DEFINITIONS = ("'CMAKE_INTDIR=\"$(CONFIGURATION)$(EFFECTIVE_PLATFORM_NAME)\"'", USE_CMAKE_CONFIG_H, );
                            GCC_SYMBOLS_PRIVATE_EXTERN = NO;
                            INSTALL_PATH = "";
                            ONLY_ACTIVE_ARCH = NO;
                            OTHER_CFLAGS = "  ";
                            OTHER_LDFLAGS = "";
                            OTHER_REZFLAGS = "";
                            PREBINDING = NO;
                            PRODUCT_NAME = install;
                            SECTORDER_FLAGS = "";
                            SYMROOT = /Users/security/mtclient/src/lua;
                            USE_HEADERMAP = NO;
                            WARNING_CFLAGS = ("-Wmost", "-Wno-four-char-constants", "-Wno-unknown-pragmas", );
                     };
                     name = Release;
              };
              167343B39E3644BFA3E97507 /* MinSizeRel */ = {
                     isa = XCBuildConfiguration;
                     buildSettings = {
                            ARCHS = i386;
                            GCC_GENERATE_DEBUGGING_SYMBOLS = NO;
                            GCC_INLINES_ARE_PRIVATE_EXTERN = NO;
                            GCC_OPTIMIZATION_LEVEL = 0;
                            GCC_PREPROCESSOR_DEFINITIONS = ("'CMAKE_INTDIR=\"$(CONFIGURATION)$(EFFECTIVE_PLATFORM_NAME)\"'", USE_CMAKE_CONFIG_H, );
                            GCC_SYMBOLS_PRIVATE_EXTERN = NO;
                            INSTALL_PATH = "";
                            ONLY_ACTIVE_ARCH = NO;
                            OTHER_CFLAGS = "  ";
                            OTHER_LDFLAGS = "";
                            OTHER_REZFLAGS = "";
                            PREBINDING = NO;
                            PRODUCT_NAME = install;
                            SECTORDER_FLAGS = "";
                            SYMROOT = /Users/security/mtclient/src/lua;
                            USE_HEADERMAP = NO;
                            WARNING_CFLAGS = ("-Wmost", "-Wno-four-char-constants", "-Wno-unknown-pragmas", );
                     };
                     name = MinSizeRel;
              };
              4D4CBEF5E943407FA82709D1 /* RelWithDebInfo */ = {
                     isa = XCBuildConfiguration;
                     buildSettings = {
                            ARCHS = i386;
                            GCC_GENERATE_DEBUGGING_SYMBOLS = NO;
                            GCC_INLINES_ARE_PRIVATE_EXTERN = NO;
                            GCC_OPTIMIZATION_LEVEL = 0;
                            GCC_PREPROCESSOR_DEFINITIONS = ("'CMAKE_INTDIR=\"$(CONFIGURATION)$(EFFECTIVE_PLATFORM_NAME)\"'", USE_CMAKE_CONFIG_H, );
                            GCC_SYMBOLS_PRIVATE_EXTERN = NO;
                            INSTALL_PATH = "";
                            ONLY_ACTIVE_ARCH = NO;
                            OTHER_CFLAGS = "  ";
                            OTHER_LDFLAGS = "";
                            OTHER_REZFLAGS = "";
                            PREBINDING = NO;
                            PRODUCT_NAME = install;
                            SECTORDER_FLAGS = "";
                            SYMROOT = /Users/security/mtclient/src/lua;
                            USE_HEADERMAP = NO;
                            WARNING_CFLAGS = ("-Wmost", "-Wno-four-char-constants", "-Wno-unknown-pragmas", );
                     };
                     name = RelWithDebInfo;
              };
              ED676883FB1B490A96A1BEB2 /* Debug */ = {
                     isa = XCBuildConfiguration;
                     buildSettings = {
                            ARCHS = i386;
                            GCC_GENERATE_DEBUGGING_SYMBOLS = NO;
                            GCC_INLINES_ARE_PRIVATE_EXTERN = NO;
                            GCC_OPTIMIZATION_LEVEL = 0;
                            GCC_PREPROCESSOR_DEFINITIONS = ("'CMAKE_INTDIR=\"$(CONFIGURATION)$(EFFECTIVE_PLATFORM_NAME)\"'", USE_CMAKE_CONFIG_H, );
                            GCC_SYMBOLS_PRIVATE_EXTERN = NO;
                            INSTALL_PATH = "";
                            ONLY_ACTIVE_ARCH = NO;
                            OTHER_CFLAGS = "  ";
                            OTHER_LDFLAGS = "";
                            OTHER_REZFLAGS = "";
                            PREBINDING = NO;
                            PRODUCT_NAME = package;
                            SECTORDER_FLAGS = "";
                            SYMROOT = /Users/security/mtclient/src/lua;
                            USE_HEADERMAP = NO;
                            WARNING_CFLAGS = ("-Wmost", "-Wno-four-char-constants", "-Wno-unknown-pragmas", );
                     };
                     name = Debug;
              };
              A693734A7EF447628BAA751D /* Release */ = {
                     isa = XCBuildConfiguration;
                     buildSettings = {
                            ARCHS = i386;
                            GCC_GENERATE_DEBUGGING_SYMBOLS = NO;
                            GCC_INLINES_ARE_PRIVATE_EXTERN = NO;
                            GCC_OPTIMIZATION_LEVEL = 0;
                            GCC_PREPROCESSOR_DEFINITIONS = ("'CMAKE_INTDIR=\"$(CONFIGURATION)$(EFFECTIVE_PLATFORM_NAME)\"'", USE_CMAKE_CONFIG_H, );
                            GCC_SYMBOLS_PRIVATE_EXTERN = NO;
                            INSTALL_PATH = "";
                            ONLY_ACTIVE_ARCH = NO;
                            OTHER_CFLAGS = "  ";
                            OTHER_LDFLAGS = "";
                            OTHER_REZFLAGS = "";
                            PREBINDING = NO;
                            PRODUCT_NAME = package;
                            SECTORDER_FLAGS = "";
                            SYMROOT = /Users/security/mtclient/src/lua;
                            USE_HEADERMAP = NO;
                            WARNING_CFLAGS = ("-Wmost", "-Wno-four-char-constants", "-Wno-unknown-pragmas", );
                     };
                     name = Release;
              };
              935E08C65E4B4901A9C7D16D /* MinSizeRel */ = {
                     isa = XCBuildConfiguration;
                     buildSettings = {
                            ARCHS = i386;
                            GCC_GENERATE_DEBUGGING_SYMBOLS = NO;
                            GCC_INLINES_ARE_PRIVATE_EXTERN = NO;
                            GCC_OPTIMIZATION_LEVEL = 0;
                            GCC_PREPROCESSOR_DEFINITIONS = ("'CMAKE_INTDIR=\"$(CONFIGURATION)$(EFFECTIVE_PLATFORM_NAME)\"'", USE_CMAKE_CONFIG_H, );
                            GCC_SYMBOLS_PRIVATE_EXTERN = NO;
                            INSTALL_PATH = "";
                            ONLY_ACTIVE_ARCH = NO;
                            OTHER_CFLAGS = "  ";
                            OTHER_LDFLAGS = "";
                            OTHER_REZFLAGS = "";
                            PREBINDING = NO;
                            PRODUCT_NAME = package;
                            SECTORDER_FLAGS = "";
                            SYMROOT = /Users/security/mtclient/src/lua;
                            USE_HEADERMAP = NO;
                            WARNING_CFLAGS = ("-Wmost", "-Wno-four-char-constants", "-Wno-unknown-pragmas", );
                     };
                     name = MinSizeRel;
              };
              4AF395440B9D492BB3D7E48C /* RelWithDebInfo */ = {
                     isa = XCBuildConfiguration;
                     buildSettings = {
                            ARCHS = i386;
                            GCC_GENERATE_DEBUGGING_SYMBOLS = NO;
                            GCC_INLINES_ARE_PRIVATE_EXTERN = NO;
                            GCC_OPTIMIZATION_LEVEL = 0;
                            GCC_PREPROCESSOR_DEFINITIONS = ("'CMAKE_INTDIR=\"$(CONFIGURATION)$(EFFECTIVE_PLATFORM_NAME)\"'", USE_CMAKE_CONFIG_H, );
                            GCC_SYMBOLS_PRIVATE_EXTERN = NO;
                            INSTALL_PATH = "";
                            ONLY_ACTIVE_ARCH = NO;
                            OTHER_CFLAGS = "  ";
                            OTHER_LDFLAGS = "";
                            OTHER_REZFLAGS = "";
                            PREBINDING = NO;
                            PRODUCT_NAME = package;
                            SECTORDER_FLAGS = "";
                            SYMROOT = /Users/security/mtclient/src/lua;
                            USE_HEADERMAP = NO;
                            WARNING_CFLAGS = ("-Wmost", "-Wno-four-char-constants", "-Wno-unknown-pragmas", );
                     };
                     name = RelWithDebInfo;
              };
              F348CF3B98EA451C811C6812 /* Debug */ = {
                     isa = XCBuildConfiguration;
                     buildSettings = {
                            ARCHS = i386;
                            EXECUTABLE_PREFIX = lib;
                            EXECUTABLE_SUFFIX = ".a";
                            GCC_GENERATE_DEBUGGING_SYMBOLS = YES;
                            GCC_INLINES_ARE_PRIVATE_EXTERN = NO;
                            GCC_OPTIMIZATION_LEVEL = 0;
                            GCC_PREPROCESSOR_DEFINITIONS = ("'CMAKE_INTDIR=\"$(CONFIGURATION)$(EFFECTIVE_PLATFORM_NAME)\"'", USE_CMAKE_CONFIG_H, );
                            GCC_SYMBOLS_PRIVATE_EXTERN = NO;
                            HEADER_SEARCH_PATHS = (/Users/security/mtclient/src/lua/src, /Users/security/mtclient/src/lua/build, );
                            INSTALL_PATH = "";
                            LIBRARY_STYLE = STATIC;
                            ONLY_ACTIVE_ARCH = NO;
                            OTHER_CFLAGS = "  -DLUA_USE_DLOPEN -pipe -Wall -Wextra -Wshadow -W -pedantic -std=gnu99                  ";
                            OTHER_LDFLAGS = "";
                            OTHER_REZFLAGS = "";
                            PREBINDING = NO;
                            PRODUCT_NAME = lua;
                            SECTORDER_FLAGS = "";
                            SYMROOT = /Users/security/mtclient/src/lua/build;
                            USE_HEADERMAP = NO;
                            WARNING_CFLAGS = ("-Wmost", "-Wno-four-char-constants", "-Wno-unknown-pragmas", );
                     };
                     name = Debug;
              };
              3D272A99DFA942AF98A1390E /* Release */ = {
                     isa = XCBuildConfiguration;
                     buildSettings = {
                            ARCHS = i386;
                            EXECUTABLE_PREFIX = lib;
                            EXECUTABLE_SUFFIX = ".a";
                            GCC_GENERATE_DEBUGGING_SYMBOLS = NO;
                            GCC_INLINES_ARE_PRIVATE_EXTERN = NO;
                            GCC_OPTIMIZATION_LEVEL = 2;
                            GCC_PREPROCESSOR_DEFINITIONS = ("'CMAKE_INTDIR=\"$(CONFIGURATION)$(EFFECTIVE_PLATFORM_NAME)\"'", USE_CMAKE_CONFIG_H, );
                            GCC_SYMBOLS_PRIVATE_EXTERN = NO;
                            HEADER_SEARCH_PATHS = (/Users/security/mtclient/src/lua/src, /Users/security/mtclient/src/lua/build, );
                            INSTALL_PATH = "";
                            LIBRARY_STYLE = STATIC;
                            ONLY_ACTIVE_ARCH = NO;
                            OTHER_CFLAGS = "  -DLUA_USE_DLOPEN -pipe -Wall -Wextra -Wshadow -W -pedantic -std=gnu99     -DNDEBUG          ";
                            OTHER_LDFLAGS = "";
                            OTHER_REZFLAGS = "";
                            PREBINDING = NO;
                            PRODUCT_NAME = lua;
                            SECTORDER_FLAGS = "";
                            SYMROOT = /Users/security/mtclient/src/lua/build;
                            USE_HEADERMAP = NO;
                            WARNING_CFLAGS = ("-Wmost", "-Wno-four-char-constants", "-Wno-unknown-pragmas", );
                     };
                     name = Release;
              };
              9303004BF9BB40DFB12FAC38 /* MinSizeRel */ = {
                     isa = XCBuildConfiguration;
                     buildSettings = {
                            ARCHS = i386;
                            EXECUTABLE_PREFIX = lib;
                            EXECUTABLE_SUFFIX = ".a";
                            GCC_GENERATE_DEBUGGING_SYMBOLS = NO;
                            GCC_INLINES_ARE_PRIVATE_EXTERN = NO;
                            GCC_OPTIMIZATION_LEVEL = s;
                            GCC_PREPROCESSOR_DEFINITIONS = ("'CMAKE_INTDIR=\"$(CONFIGURATION)$(EFFECTIVE_PLATFORM_NAME)\"'", USE_CMAKE_CONFIG_H, );
                            GCC_SYMBOLS_PRIVATE_EXTERN = NO;
                            HEADER_SEARCH_PATHS = (/Users/security/mtclient/src/lua/src, /Users/security/mtclient/src/lua/build, );
                            INSTALL_PATH = "";
                            LIBRARY_STYLE = STATIC;
                            ONLY_ACTIVE_ARCH = NO;
                            OTHER_CFLAGS = "  -DLUA_USE_DLOPEN -pipe -Wall -Wextra -Wshadow -W -pedantic -std=gnu99     -DNDEBUG  ";
                            OTHER_LDFLAGS = "";
                            OTHER_REZFLAGS = "";
                            PREBINDING = NO;
                            PRODUCT_NAME = lua;
                            SECTORDER_FLAGS = "";
                            SYMROOT = /Users/security/mtclient/src/lua/build;
                            USE_HEADERMAP = NO;
                            WARNING_CFLAGS = ("-Wmost", "-Wno-four-char-constants", "-Wno-unknown-pragmas", );
                     };
                     name = MinSizeRel;
              };
              9683A1F29EC04A229764E82A /* RelWithDebInfo */ = {
                     isa = XCBuildConfiguration;
                     buildSettings = {
                            ARCHS = i386;
                            EXECUTABLE_PREFIX = lib;
                            EXECUTABLE_SUFFIX = ".a";
                            GCC_GENERATE_DEBUGGING_SYMBOLS = YES;
                            GCC_INLINES_ARE_PRIVATE_EXTERN = NO;
                            GCC_OPTIMIZATION_LEVEL = 2;
                            GCC_PREPROCESSOR_DEFINITIONS = ("'CMAKE_INTDIR=\"$(CONFIGURATION)$(EFFECTIVE_PLATFORM_NAME)\"'", USE_CMAKE_CONFIG_H, );
                            GCC_SYMBOLS_PRIVATE_EXTERN = NO;
                            HEADER_SEARCH_PATHS = (/Users/security/mtclient/src/lua/src, /Users/security/mtclient/src/lua/build, );
                            INSTALL_PATH = "";
                            LIBRARY_STYLE = STATIC;
                            ONLY_ACTIVE_ARCH = NO;
                            OTHER_CFLAGS = "  -DLUA_USE_DLOPEN -pipe -Wall -Wextra -Wshadow -W -pedantic -std=gnu99          ";
                            OTHER_LDFLAGS = "";
                            OTHER_REZFLAGS = "";
                            PREBINDING = NO;
                            PRODUCT_NAME = lua;
                            SECTORDER_FLAGS = "";
                            SYMROOT = /Users/security/mtclient/src/lua/build;
                            USE_HEADERMAP = NO;
                            WARNING_CFLAGS = ("-Wmost", "-Wno-four-char-constants", "-Wno-unknown-pragmas", );
                     };
                     name = RelWithDebInfo;
              };
/* End XCBuildConfiguration section */

/* Begin XCConfigurationList section */
              08B55B4E440B4000B972BDF4 /* Build configuration list for PBXProject  "lua" */ = {
                     isa = XCConfigurationList;
                     buildConfigurations = (
                            148CBE3C8D8A46B49A5CE882 /* Debug */,
                            E222956871CF473281A3A995 /* Release */,
                            ECB3EF1CF9A44F75B3AAE3D1 /* MinSizeRel */,
                            D765CF7C604F48AE8B0D4DD2 /* RelWithDebInfo */,
                     );
                     defaultConfigurationIsVisible = 0;
                     defaultConfigurationName = Debug;
              };
              35265B7317054C9280D7674E /* Build configuration list for PBXAggregateTarget "ALL_BUILD" */ = {
                     isa = XCConfigurationList;
                     buildConfigurations = (
                            FA892E82A2C748979BD7AC62 /* Debug */,
                            5D342D9FB0CC4E53A76A1063 /* Release */,
                            9070B894D3F14B788EFCE8C5 /* MinSizeRel */,
                            00FC6FFCE0714B36B7428D40 /* RelWithDebInfo */,
                     );
                     defaultConfigurationIsVisible = 0;
                     defaultConfigurationName = Debug;
              };
              26D768263F8543AAAF5728DC /* Build configuration list for PBXAggregateTarget "ZERO_CHECK" */ = {
                     isa = XCConfigurationList;
                     buildConfigurations = (
                            D19D7F67924A455CA49C00EF /* Debug */,
                            4FD9F9B9C0234ABAA7BAA8A2 /* Release */,
                            1CC0386335E34947AFBD044F /* MinSizeRel */,
                            D5CF3AFF1E2043EC8CAA79FC /* RelWithDebInfo */,
                     );
                     defaultConfigurationIsVisible = 0;
                     defaultConfigurationName = Debug;
              };
              EBC29AF1102F40DB8764C441 /* Build configuration list for PBXAggregateTarget "install" */ = {
                     isa = XCConfigurationList;
                     buildConfigurations = (
                            9F288E35219A4474BD597F7F /* Debug */,
                            AA1EC63CD9534C5A9C552ADC /* Release */,
                            167343B39E3644BFA3E97507 /* MinSizeRel */,
                            4D4CBEF5E943407FA82709D1 /* RelWithDebInfo */,
                     );
                     defaultConfigurationIsVisible = 0;
                     defaultConfigurationName = Debug;
              };
              980A22B54E58473D8EF1374C /* Build configuration list for PBXAggregateTarget "package" */ = {
                     isa = XCConfigurationList;
                     buildConfigurations = (
                            ED676883FB1B490A96A1BEB2 /* Debug */,
                            A693734A7EF447628BAA751D /* Release */,
                            935E08C65E4B4901A9C7D16D /* MinSizeRel */,
                            4AF395440B9D492BB3D7E48C /* RelWithDebInfo */,
                     );
                     defaultConfigurationIsVisible = 0;
                     defaultConfigurationName = Debug;
              };
              62A0D764AAE948928B6A24BC /* Build configuration list for PBXNativeTarget "lua" */ = {
                     isa = XCConfigurationList;
                     buildConfigurations = (
                            F348CF3B98EA451C811C6812 /* Debug */,
                            3D272A99DFA942AF98A1390E /* Release */,
                            9303004BF9BB40DFB12FAC38 /* MinSizeRel */,
                            9683A1F29EC04A229764E82A /* RelWithDebInfo */,
                     );
                     defaultConfigurationIsVisible = 0;
                     defaultConfigurationName = Debug;
              };
/* End XCConfigurationList section */
       };
       rootObject = D94DB94DCC5F43DAB5111C21;
}
