// !$*UTF8*$!
{
       archiveVersion = 1;
       classes = {
       };
       objectVersion = 46;
       objects = {

/* Begin PBXAggregateTarget section */
              00B16596904D417299D556F2 /* ALL_BUILD */ = {
                     isa = PBXAggregateTarget;
                     buildConfigurationList = 747636A9AF57418783EBB88B /* Build configuration list for PBXAggregateTarget "ALL_BUILD" */;
                     buildPhases = (
                            2091A639B550443991EB6489 /* CMake Rules */,
                     );
                     dependencies = (
                            936079299278435482B63C84 /* PBXTargetDependency */,
                            AA93982478634866827956F5 /* PBXTargetDependency */,
                     );
                     name = ALL_BUILD;
                     productName = ALL_BUILD;
              };
              3C3DDCBB7AD34043A55973E8 /* ZERO_CHECK */ = {
                     isa = PBXAggregateTarget;
                     buildConfigurationList = CE53491762C343D1B4F48F3A /* Build configuration list for PBXAggregateTarget "ZERO_CHECK" */;
                     buildPhases = (
                            7136C6E47FEA474DB5B19A61 /* CMake Rules */,
                     );
                     dependencies = (
                     );
                     name = ZERO_CHECK;
                     productName = ZERO_CHECK;
              };
              FE949912548249F98E1B8C67 /* install */ = {
                     isa = PBXAggregateTarget;
                     buildConfigurationList = 93CB3FD9963042479541D344 /* Build configuration list for PBXAggregateTarget "install" */;
                     buildPhases = (
                            5BBA63A4DED343C2A2BE8A7D /* CMake PostBuild Rules */,
                     );
                     dependencies = (
                            68E7BF56AAD04164BCCCA70D /* PBXTargetDependency */,
                     );
                     name = install;
                     productName = install;
              };
              FFC2C255521C4B8E80BE2D44 /* package */ = {
                     isa = PBXAggregateTarget;
                     buildConfigurationList = 5B46C29CA13C40AAB454192A /* Build configuration list for PBXAggregateTarget "package" */;
                     buildPhases = (
                            586E17E8BD334072A9A20308 /* CMake PostBuild Rules */,
                     );
                     dependencies = (
                            68E7BF56AAD04164BCCCA70D /* PBXTargetDependency */,
                     );
                     name = package;
                     productName = package;
              };
/* End PBXAggregateTarget section */

/* Begin PBXBuildFile section */
7EEBC911179A414FA4651BE5 /* /Users/security/mtclient/src/lua/src/lapi.c */ = {isa = PBXBuildFile; fileRef = B53DF146EA7F49CBA5A4BD3F /* /Users/security/mtclient/src/lua/src/lapi.c */; settings = { COMPILER_FLAGS = ""; }; };
92BA9177C7034211A8BFFE0E /* /Users/security/mtclient/src/lua/src/lauxlib.c */ = {isa = PBXBuildFile; fileRef = ACC9E7084CAC4452BD86A173 /* /Users/security/mtclient/src/lua/src/lauxlib.c */; settings = { COMPILER_FLAGS = ""; }; };
A3436FE834D1422BAE2D9654 /* /Users/security/mtclient/src/lua/src/lbaselib.c */ = {isa = PBXBuildFile; fileRef = 8F07CDF63F674A60A1D4C706 /* /Users/security/mtclient/src/lua/src/lbaselib.c */; settings = { COMPILER_FLAGS = ""; }; };
E8B0E97B410D4CCEAEC707E9 /* /Users/security/mtclient/src/lua/src/lcode.c */ = {isa = PBXBuildFile; fileRef = 66ED37E518514E7D98618F16 /* /Users/security/mtclient/src/lua/src/lcode.c */; settings = { COMPILER_FLAGS = ""; }; };
7DBCFFF5C28B44DF8F91E6BE /* /Users/security/mtclient/src/lua/src/ldblib.c */ = {isa = PBXBuildFile; fileRef = F4D164E5DE1B44AFA99B1C7C /* /Users/security/mtclient/src/lua/src/ldblib.c */; settings = { COMPILER_FLAGS = ""; }; };
18AF6D2967654AF093485DE2 /* /Users/security/mtclient/src/lua/src/ldebug.c */ = {isa = PBXBuildFile; fileRef = 0049710EEE3D4683B0F42FD5 /* /Users/security/mtclient/src/lua/src/ldebug.c */; settings = { COMPILER_FLAGS = ""; }; };
20711402346B400B80A88214 /* /Users/security/mtclient/src/lua/src/ldo.c */ = {isa = PBXBuildFile; fileRef = 5DF6DA7A019345339FDA4772 /* /Users/security/mtclient/src/lua/src/ldo.c */; settings = { COMPILER_FLAGS = ""; }; };
9976B778210245DBA0FAB955 /* /Users/security/mtclient/src/lua/src/ldump.c */ = {isa = PBXBuildFile; fileRef = 76BFD7B0A91F4016AB69CC89 /* /Users/security/mtclient/src/lua/src/ldump.c */; settings = { COMPILER_FLAGS = ""; }; };
30871F00EF4542EB8B745A35 /* /Users/security/mtclient/src/lua/src/lfunc.c */ = {isa = PBXBuildFile; fileRef = C2320DFEB2A94F739C111F89 /* /Users/security/mtclient/src/lua/src/lfunc.c */; settings = { COMPILER_FLAGS = ""; }; };
7E2762966E994D2581E2F3C8 /* /Users/security/mtclient/src/lua/src/lgc.c */ = {isa = PBXBuildFile; fileRef = AF989695692842D88E362D2C /* /Users/security/mtclient/src/lua/src/lgc.c */; settings = { COMPILER_FLAGS = ""; }; };
8666091143184898B14E72CF /* /Users/security/mtclient/src/lua/src/linit.c */ = {isa = PBXBuildFile; fileRef = 2514B656AAA640448039E3E8 /* /Users/security/mtclient/src/lua/src/linit.c */; settings = { COMPILER_FLAGS = ""; }; };
9B601482FE194783AA20902F /* /Users/security/mtclient/src/lua/src/liolib.c */ = {isa = PBXBuildFile; fileRef = 0D46B382BEF04931A4D7AE38 /* /Users/security/mtclient/src/lua/src/liolib.c */; settings = { COMPILER_FLAGS = ""; }; };
D3A3696992DC42E09321FE1E /* /Users/security/mtclient/src/lua/src/llex.c */ = {isa = PBXBuildFile; fileRef = 8B219D23A48B47899D418B04 /* /Users/security/mtclient/src/lua/src/llex.c */; settings = { COMPILER_FLAGS = ""; }; };
13280B39338849B2BAA104AB /* /Users/security/mtclient/src/lua/src/lmathlib.c */ = {isa = PBXBuildFile; fileRef = 51E5347914D244BCB8B859AC /* /Users/security/mtclient/src/lua/src/lmathlib.c */; settings = { COMPILER_FLAGS = ""; }; };
3DD6EFE6EE844AF1855FA255 /* /Users/security/mtclient/src/lua/src/lmem.c */ = {isa = PBXBuildFile; fileRef = 7EF62583E8134AE39F1F3017 /* /Users/security/mtclient/src/lua/src/lmem.c */; settings = { COMPILER_FLAGS = ""; }; };
FBD995C963704FE8AA3157A7 /* /Users/security/mtclient/src/lua/src/loadlib.c */ = {isa = PBXBuildFile; fileRef = 431D561055424C2F936EE303 /* /Users/security/mtclient/src/lua/src/loadlib.c */; settings = { COMPILER_FLAGS = ""; }; };
3990E0684CF04597A99C97B5 /* /Users/security/mtclient/src/lua/src/lobject.c */ = {isa = PBXBuildFile; fileRef = 05A5BCE9A51C491B9E0CC342 /* /Users/security/mtclient/src/lua/src/lobject.c */; settings = { COMPILER_FLAGS = ""; }; };
F782F379A407454D90C5AFC1 /* /Users/security/mtclient/src/lua/src/lopcodes.c */ = {isa = PBXBuildFile; fileRef = C8378D22A30A46D6917F0061 /* /Users/security/mtclient/src/lua/src/lopcodes.c */; settings = { COMPILER_FLAGS = ""; }; };
E2AA107DE63644EE951D1ABF /* /Users/security/mtclient/src/lua/src/loslib.c */ = {isa = PBXBuildFile; fileRef = 05B019CF79F34D18B326201C /* /Users/security/mtclient/src/lua/src/loslib.c */; settings = { COMPILER_FLAGS = ""; }; };
53C714C27E674EA5AEA89646 /* /Users/security/mtclient/src/lua/src/lparser.c */ = {isa = PBXBuildFile; fileRef = 65004B8F40454888BF5C453B /* /Users/security/mtclient/src/lua/src/lparser.c */; settings = { COMPILER_FLAGS = ""; }; };
BCAE851DF7DA4F2598F5983E /* /Users/security/mtclient/src/lua/src/lstate.c */ = {isa = PBXBuildFile; fileRef = 85B238AA9FFF498EBA349831 /* /Users/security/mtclient/src/lua/src/lstate.c */; settings = { COMPILER_FLAGS = ""; }; };
F8219A7F874041ECA521701F /* /Users/security/mtclient/src/lua/src/lstring.c */ = {isa = PBXBuildFile; fileRef = 7C48508F9EBB42D79B5ECE43 /* /Users/security/mtclient/src/lua/src/lstring.c */; settings = { COMPILER_FLAGS = ""; }; };
14D21DE7046547C1B2AC56B3 /* /Users/security/mtclient/src/lua/src/lstrlib.c */ = {isa = PBXBuildFile; fileRef = 6C583112A8D049D78569881D /* /Users/security/mtclient/src/lua/src/lstrlib.c */; settings = { COMPILER_FLAGS = ""; }; };
F433329B80A04DE997281F0F /* /Users/security/mtclient/src/lua/src/ltable.c */ = {isa = PBXBuildFile; fileRef = 27D7E807BC484D8383E67A5C /* /Users/security/mtclient/src/lua/src/ltable.c */; settings = { COMPILER_FLAGS = ""; }; };
9BA32F3D68484192A35D0C56 /* /Users/security/mtclient/src/lua/src/ltablib.c */ = {isa = PBXBuildFile; fileRef = 048A59327A4246EA98AA5480 /* /Users/security/mtclient/src/lua/src/ltablib.c */; settings = { COMPILER_FLAGS = ""; }; };
48C503BB0EE341F1AFFA33AB /* /Users/security/mtclient/src/lua/src/ltm.c */ = {isa = PBXBuildFile; fileRef = F714A4A5D725461DAABF15E7 /* /Users/security/mtclient/src/lua/src/ltm.c */; settings = { COMPILER_FLAGS = ""; }; };
B9A1DE50003249039FA94714 /* /Users/security/mtclient/src/lua/src/lundump.c */ = {isa = PBXBuildFile; fileRef = 55D6614FDDB54F7DB6D772EB /* /Users/security/mtclient/src/lua/src/lundump.c */; settings = { COMPILER_FLAGS = ""; }; };
0055A8CEEEBE4253A06958FC /* /Users/security/mtclient/src/lua/src/lvm.c */ = {isa = PBXBuildFile; fileRef = 2E0C843AECD34EBF88EA2534 /* /Users/security/mtclient/src/lua/src/lvm.c */; settings = { COMPILER_FLAGS = ""; }; };
B87505E41B564D8BBB6EE564 /* /Users/security/mtclient/src/lua/src/lzio.c */ = {isa = PBXBuildFile; fileRef = F1EB2E774FE4457C9769DF6A /* /Users/security/mtclient/src/lua/src/lzio.c */; settings = { COMPILER_FLAGS = ""; }; };
F86D4DCC8DA1448B9AC71081 /* /Users/security/mtclient/src/lua/src/CMakeLists.txt */ = {isa = PBXBuildFile; fileRef = 0D7AD78476104748AD53E416 /* /Users/security/mtclient/src/lua/src/CMakeLists.txt */; settings = { COMPILER_FLAGS = ""; }; };
/* End PBXBuildFile section */

/* Begin PBXBuildStyle section */
              AD4F1B58F3B94BDA943A9445 /*  */ = {
                     isa = PBXBuildStyle;
              };
              5C4CC0BC34EF4FB0AD611D13 /* Debug */ = {
                     isa = PBXBuildStyle;
                     buildSettings = {
                            COPY_PHASE_STRIP = NO;
                     };
                     name = Debug;
              };
              7D99EF20DE2A41CA9AAE5ACE /* Release */ = {
                     isa = PBXBuildStyle;
                     buildSettings = {
                            COPY_PHASE_STRIP = NO;
                     };
                     name = Release;
              };
              AFC22EBD518F4768A44F9183 /* MinSizeRel */ = {
                     isa = PBXBuildStyle;
                     buildSettings = {
                            COPY_PHASE_STRIP = NO;
                     };
                     name = MinSizeRel;
              };
              91606F4B89DA40E784AE54AA /* RelWithDebInfo */ = {
                     isa = PBXBuildStyle;
                     buildSettings = {
                            COPY_PHASE_STRIP = NO;
                     };
                     name = RelWithDebInfo;
              };
/* End PBXBuildStyle section */

/* Begin PBXContainerItemProxy section */
              B67726305B05423FAC7F376C /* PBXContainerItemProxy */ = {
                     isa = PBXContainerItemProxy;
                     containerPortal = D94DB94DCC5F43DAB5111C21 /* Project object */;
                     proxyType = 1;
                     remoteGlobalIDString = 3C3DDCBB7AD34043A55973E8;
                     remoteInfo = ZERO_CHECK;
              };
              3C20E4E8673B43CDB0F2D02D /* PBXContainerItemProxy */ = {
                     isa = PBXContainerItemProxy;
                     containerPortal = D94DB94DCC5F43DAB5111C21 /* Project object */;
                     proxyType = 1;
                     remoteGlobalIDString = B5CD81AE4FC0409CBDE4BE6D;
                     remoteInfo = lua;
              };
              2598B829EBEC44B0A2FAC79A /* PBXContainerItemProxy */ = {
                     isa = PBXContainerItemProxy;
                     containerPortal = D94DB94DCC5F43DAB5111C21 /* Project object */;
                     proxyType = 1;
                     remoteGlobalIDString = 00B16596904D417299D556F2;
                     remoteInfo = ALL_BUILD;
              };
/* End PBXContainerItemProxy section */

/* Begin PBXFileReference section */
9968FD0B248044588D4D9E9D /* /Users/security/mtclient/src/lua/CMakeLists.txt */ = {isa = PBXFileReference; fileEncoding = 4; lastKnownFileType = "sourcecode.text"; name = "CMakeLists.txt"; path = "CMakeLists.txt"; sourceTree = SOURCE_ROOT; };
B53DF146EA7F49CBA5A4BD3F /* /Users/security/mtclient/src/lua/src/lapi.c */ = {isa = PBXFileReference; fileEncoding = 4; lastKnownFileType = "sourcecode.c.c"; name = "lapi.c"; path = "src/lapi.c"; sourceTree = SOURCE_ROOT; };
ACC9E7084CAC4452BD86A173 /* /Users/security/mtclient/src/lua/src/lauxlib.c */ = {isa = PBXFileReference; fileEncoding = 4; lastKnownFileType = "sourcecode.c.c"; name = "lauxlib.c"; path = "src/lauxlib.c"; sourceTree = SOURCE_ROOT; };
8F07CDF63F674A60A1D4C706 /* /Users/security/mtclient/src/lua/src/lbaselib.c */ = {isa = PBXFileReference; fileEncoding = 4; lastKnownFileType = "sourcecode.c.c"; name = "lbaselib.c"; path = "src/lbaselib.c"; sourceTree = SOURCE_ROOT; };
66ED37E518514E7D98618F16 /* /Users/security/mtclient/src/lua/src/lcode.c */ = {isa = PBXFileReference; fileEncoding = 4; lastKnownFileType = "sourcecode.c.c"; name = "lcode.c"; path = "src/lcode.c"; sourceTree = SOURCE_ROOT; };
F4D164E5DE1B44AFA99B1C7C /* /Users/security/mtclient/src/lua/src/ldblib.c */ = {isa = PBXFileReference; fileEncoding = 4; lastKnownFileType = "sourcecode.c.c"; name = "ldblib.c"; path = "src/ldblib.c"; sourceTree = SOURCE_ROOT; };
0049710EEE3D4683B0F42FD5 /* /Users/security/mtclient/src/lua/src/ldebug.c */ = {isa = PBXFileReference; fileEncoding = 4; lastKnownFileType = "sourcecode.c.c"; name = "ldebug.c"; path = "src/ldebug.c"; sourceTree = SOURCE_ROOT; };
5DF6DA7A019345339FDA4772 /* /Users/security/mtclient/src/lua/src/ldo.c */ = {isa = PBXFileReference; fileEncoding = 4; lastKnownFileType = "sourcecode.c.c"; name = "ldo.c"; path = "src/ldo.c"; sourceTree = SOURCE_ROOT; };
76BFD7B0A91F4016AB69CC89 /* /Users/security/mtclient/src/lua/src/ldump.c */ = {isa = PBXFileReference; fileEncoding = 4; lastKnownFileType = "sourcecode.c.c"; name = "ldump.c"; path = "src/ldump.c"; sourceTree = SOURCE_ROOT; };
C2320DFEB2A94F739C111F89 /* /Users/security/mtclient/src/lua/src/lfunc.c */ = {isa = PBXFileReference; fileEncoding = 4; lastKnownFileType = "sourcecode.c.c"; name = "lfunc.c"; path = "src/lfunc.c"; sourceTree = SOURCE_ROOT; };
AF989695692842D88E362D2C /* /Users/security/mtclient/src/lua/src/lgc.c */ = {isa = PBXFileReference; fileEncoding = 4; lastKnownFileType = "sourcecode.c.c"; name = "lgc.c"; path = "src/lgc.c"; sourceTree = SOURCE_ROOT; };
2514B656AAA640448039E3E8 /* /Users/security/mtclient/src/lua/src/linit.c */ = {isa = PBXFileReference; fileEncoding = 4; lastKnownFileType = "sourcecode.c.c"; name = "linit.c"; path = "src/linit.c"; sourceTree = SOURCE_ROOT; };
0D46B382BEF04931A4D7AE38 /* /Users/security/mtclient/src/lua/src/liolib.c */ = {isa = PBXFileReference; fileEncoding = 4; lastKnownFileType = "sourcecode.c.c"; name = "liolib.c"; path = "src/liolib.c"; sourceTree = SOURCE_ROOT; };
8B219D23A48B47899D418B04 /* /Users/security/mtclient/src/lua/src/llex.c */ = {isa = PBXFileReference; fileEncoding = 4; lastKnownFileType = "sourcecode.c.c"; name = "llex.c"; path = "src/llex.c"; sourceTree = SOURCE_ROOT; };
51E5347914D244BCB8B859AC /* /Users/security/mtclient/src/lua/src/lmathlib.c */ = {isa = PBXFileReference; fileEncoding = 4; lastKnownFileType = "sourcecode.c.c"; name = "lmathlib.c"; path = "src/lmathlib.c"; sourceTree = SOURCE_ROOT; };
7EF62583E8134AE39F1F3017 /* /Users/security/mtclient/src/lua/src/lmem.c */ = {isa = PBXFileReference; fileEncoding = 4; lastKnownFileType = "sourcecode.c.c"; name = "lmem.c"; path = "src/lmem.c"; sourceTree = SOURCE_ROOT; };
431D561055424C2F936EE303 /* /Users/security/mtclient/src/lua/src/loadlib.c */ = {isa = PBXFileReference; fileEncoding = 4; lastKnownFileType = "sourcecode.c.c"; name = "loadlib.c"; path = "src/loadlib.c"; sourceTree = SOURCE_ROOT; };
05A5BCE9A51C491B9E0CC342 /* /Users/security/mtclient/src/lua/src/lobject.c */ = {isa = PBXFileReference; fileEncoding = 4; lastKnownFileType = "sourcecode.c.c"; name = "lobject.c"; path = "src/lobject.c"; sourceTree = SOURCE_ROOT; };
C8378D22A30A46D6917F0061 /* /Users/security/mtclient/src/lua/src/lopcodes.c */ = {isa = PBXFileReference; fileEncoding = 4; lastKnownFileType = "sourcecode.c.c"; name = "lopcodes.c"; path = "src/lopcodes.c"; sourceTree = SOURCE_ROOT; };
05B019CF79F34D18B326201C /* /Users/security/mtclient/src/lua/src/loslib.c */ = {isa = PBXFileReference; fileEncoding = 4; lastKnownFileType = "sourcecode.c.c"; name = "loslib.c"; path = "src/loslib.c"; sourceTree = SOURCE_ROOT; };
65004B8F40454888BF5C453B /* /Users/security/mtclient/src/lua/src/lparser.c */ = {isa = PBXFileReference; fileEncoding = 4; lastKnownFileType = "sourcecode.c.c"; name = "lparser.c"; path = "src/lparser.c"; sourceTree = SOURCE_ROOT; };
85B238AA9FFF498EBA349831 /* /Users/security/mtclient/src/lua/src/lstate.c */ = {isa = PBXFileReference; fileEncoding = 4; lastKnownFileType = "sourcecode.c.c"; name = "lstate.c"; path = "src/lstate.c"; sourceTree = SOURCE_ROOT; };
7C48508F9EBB42D79B5ECE43 /* /Users/security/mtclient/src/lua/src/lstring.c */ = {isa = PBXFileReference; fileEncoding = 4; lastKnownFileType = "sourcecode.c.c"; name = "lstring.c"; path = "src/lstring.c"; sourceTree = SOURCE_ROOT; };
6C583112A8D049D78569881D /* /Users/security/mtclient/src/lua/src/lstrlib.c */ = {isa = PBXFileReference; fileEncoding = 4; lastKnownFileType = "sourcecode.c.c"; name = "lstrlib.c"; path = "src/lstrlib.c"; sourceTree = SOURCE_ROOT; };
27D7E807BC484D8383E67A5C /* /Users/security/mtclient/src/lua/src/ltable.c */ = {isa = PBXFileReference; fileEncoding = 4; lastKnownFileType = "sourcecode.c.c"; name = "ltable.c"; path = "src/ltable.c"; sourceTree = SOURCE_ROOT; };
048A59327A4246EA98AA5480 /* /Users/security/mtclient/src/lua/src/ltablib.c */ = {isa = PBXFileReference; fileEncoding = 4; lastKnownFileType = "sourcecode.c.c"; name = "ltablib.c"; path = "src/ltablib.c"; sourceTree = SOURCE_ROOT; };
F714A4A5D725461DAABF15E7 /* /Users/security/mtclient/src/lua/src/ltm.c */ = {isa = PBXFileReference; fileEncoding = 4; lastKnownFileType = "sourcecode.c.c"; name = "ltm.c"; path = "src/ltm.c"; sourceTree = SOURCE_ROOT; };
55D6614FDDB54F7DB6D772EB /* /Users/security/mtclient/src/lua/src/lundump.c */ = {isa = PBXFileReference; fileEncoding = 4; lastKnownFileType = "sourcecode.c.c"; name = "lundump.c"; path = "src/lundump.c"; sourceTree = SOURCE_ROOT; };
2E0C843AECD34EBF88EA2534 /* /Users/security/mtclient/src/lua/src/lvm.c */ = {isa = PBXFileReference; fileEncoding = 4; lastKnownFileType = "sourcecode.c.c"; name = "lvm.c"; path = "src/lvm.c"; sourceTree = SOURCE_ROOT; };
F1EB2E774FE4457C9769DF6A /* /Users/security/mtclient/src/lua/src/lzio.c */ = {isa = PBXFileReference; fileEncoding = 4; lastKnownFileType = "sourcecode.c.c"; name = "lzio.c"; path = "src/lzio.c"; sourceTree = SOURCE_ROOT; };
0D7AD78476104748AD53E416 /* /Users/security/mtclient/src/lua/src/CMakeLists.txt */ = {isa = PBXFileReference; fileEncoding = 4; lastKnownFileType = "sourcecode.text"; name = "CMakeLists.txt"; path = "src/CMakeLists.txt"; sourceTree = SOURCE_ROOT; };
6C4B7DD2CB424B6DB03A140F /* lua */ = {isa = PBXFileReference; explicitFileType = "archive.ar"; path = "liblua.a"; refType = 0; sourceTree = BUILT_PRODUCTS_DIR; };
/* End PBXFileReference section */

/* Begin PBXGroup section */
              22E3155F901C41A4ADB29E25  = {
                     isa = PBXGroup;
                     children = (
                            2092AEE1CCB04A0491874B4F /* Sources */,
                            9387E80B179542319576A5FC /* Resources */,
                            9223F2087857475C97C2ED9D /* Products */,
                     );
                     sourceTree = "<group>";
              };
              2092AEE1CCB04A0491874B4F /* Sources */ = {
                     isa = PBXGroup;
                     children = (
                            344940871970486189F2C867 /* ALL_BUILD */,
                            058D69EDE504489DA9E2F55E /* ZERO_CHECK */,
                            CCBBFEF87D6F45E6BCEFC0A3 /* lua */,
                     );
                     name = Sources;
                     sourceTree = "<group>";
              };
              9387E80B179542319576A5FC /* Resources */ = {
                     isa = PBXGroup;
                     children = (
                     );
                     name = Resources;
                     sourceTree = "<group>";
              };
              344940871970486189F2C867 /* ALL_BUILD */ = {
                     isa = PBXGroup;
                     children = (
                            54EF5692583143EBA833915F /* CMake Rules */,
                            9968FD0B248044588D4D9E9D /* /Users/security/mtclient/src/lua/CMakeLists.txt */,
                     );
                     name = ALL_BUILD;
                     sourceTree = "<group>";
              };
              54EF5692583143EBA833915F /* CMake Rules */ = {
                     isa = PBXGroup;
                     children = (
                     );
                     name = "CMake Rules";
                     sourceTree = "<group>";
              };
              058D69EDE504489DA9E2F55E /* ZERO_CHECK */ = {
                     isa = PBXGroup;
                     children = (
                            11DB965574A346D698202C0E /* CMake Rules */,
                            9968FD0B248044588D4D9E9D /* /Users/security/mtclient/src/lua/CMakeLists.txt */,
                     );
                     name = ZERO_CHECK;
                     sourceTree = "<group>";
              };
              11DB965574A346D698202C0E /* CMake Rules */ = {
                     isa = PBXGroup;
                     children = (
                     );
                     name = "CMake Rules";
                     sourceTree = "<group>";
              };
              CCBBFEF87D6F45E6BCEFC0A3 /* lua */ = {
                     isa = PBXGroup;
                     children = (
                            E39F6351D3824F6A9BED9160 /* Source Files */,
                            0D7AD78476104748AD53E416 /* /Users/security/mtclient/src/lua/src/CMakeLists.txt */,
                     );
                     name = lua;
                     sourceTree = "<group>";
              };
              E39F6351D3824F6A9BED9160 /* Source Files */ = {
                     isa = PBXGroup;
                     children = (
                            B53DF146EA7F49CBA5A4BD3F /* /Users/security/mtclient/src/lua/src/lapi.c */,
                            ACC9E7084CAC4452BD86A173 /* /Users/security/mtclient/src/lua/src/lauxlib.c */,
                            8F07CDF63F674A60A1D4C706 /* /Users/security/mtclient/src/lua/src/lbaselib.c */,
                            66ED37E518514E7D98618F16 /* /Users/security/mtclient/src/lua/src/lcode.c */,
                            F4D164E5DE1B44AFA99B1C7C /* /Users/security/mtclient/src/lua/src/ldblib.c */,
                            0049710EEE3D4683B0F42FD5 /* /Users/security/mtclient/src/lua/src/ldebug.c */,
                            5DF6DA7A019345339FDA4772 /* /Users/security/mtclient/src/lua/src/ldo.c */,
                            76BFD7B0A91F4016AB69CC89 /* /Users/security/mtclient/src/lua/src/ldump.c */,
                            C2320DFEB2A94F739C111F89 /* /Users/security/mtclient/src/lua/src/lfunc.c */,
                            AF989695692842D88E362D2C /* /Users/security/mtclient/src/lua/src/lgc.c */,
                            2514B656AAA640448039E3E8 /* /Users/security/mtclient/src/lua/src/linit.c */,
                            0D46B382BEF04931A4D7AE38 /* /Users/security/mtclient/src/lua/src/liolib.c */,
                            8B219D23A48B47899D418B04 /* /Users/security/mtclient/src/lua/src/llex.c */,
                            51E5347914D244BCB8B859AC /* /Users/security/mtclient/src/lua/src/lmathlib.c */,
                            7EF62583E8134AE39F1F3017 /* /Users/security/mtclient/src/lua/src/lmem.c */,
                            431D561055424C2F936EE303 /* /Users/security/mtclient/src/lua/src/loadlib.c */,
                            05A5BCE9A51C491B9E0CC342 /* /Users/security/mtclient/src/lua/src/lobject.c */,
                            C8378D22A30A46D6917F0061 /* /Users/security/mtclient/src/lua/src/lopcodes.c */,
                            05B019CF79F34D18B326201C /* /Users/security/mtclient/src/lua/src/loslib.c */,
                            65004B8F40454888BF5C453B /* /Users/security/mtclient/src/lua/src/lparser.c */,
                            85B238AA9FFF498EBA349831 /* /Users/security/mtclient/src/lua/src/lstate.c */,
                            7C48508F9EBB42D79B5ECE43 /* /Users/security/mtclient/src/lua/src/lstring.c */,
                            6C583112A8D049D78569881D /* /Users/security/mtclient/src/lua/src/lstrlib.c */,
                            27D7E807BC484D8383E67A5C /* /Users/security/mtclient/src/lua/src/ltable.c */,
                            048A59327A4246EA98AA5480 /* /Users/security/mtclient/src/lua/src/ltablib.c */,
                            F714A4A5D725461DAABF15E7 /* /Users/security/mtclient/src/lua/src/ltm.c */,
                            55D6614FDDB54F7DB6D772EB /* /Users/security/mtclient/src/lua/src/lundump.c */,
                            2E0C843AECD34EBF88EA2534 /* /Users/security/mtclient/src/lua/src/lvm.c */,
                            F1EB2E774FE4457C9769DF6A /* /Users/security/mtclient/src/lua/src/lzio.c */,
                     );
                     name = "Source Files";
                     sourceTree = "<group>";
              };
              9223F2087857475C97C2ED9D /* Products */ = {
                     isa = PBXGroup;
                     children = (
                            6C4B7DD2CB424B6DB03A140F /* lua */,
                     );
                     name = Products;
                     sourceTree = "<group>";
              };
/* End PBXGroup section */

/* Begin PBXNativeTarget section */
              B5CD81AE4FC0409CBDE4BE6D /* lua */ = {
                     isa = PBXNativeTarget;
                     buildConfigurationList = B4624CDE6D66462E93172242 /* Build configuration list for PBXNativeTarget "lua" */;
                     buildPhases = (
                            A909789BFB2B4B6ABECF1D3E /* Sources */,
                            DA75D961EA474934B80505C9 /* CMake PostBuild Rules */,
                     );
                     buildRules = (
                     );
                     dependencies = (
                     );
                     name = lua;
                     productName = lua;
                     productReference = 6C4B7DD2CB424B6DB03A140F /* lua */;
                     productType = "com.apple.product-type.library.static";
              };
/* End PBXNativeTarget section */

/* Begin PBXProject section */
              D94DB94DCC5F43DAB5111C21 /* Project object */ = {
                     isa = PBXProject;
                     attributes = {
                            BuildIndependentTargetsInParallel = YES;
                     };
                     buildConfigurationList = F4221E0119414B089A986B9F /* Build configuration list for PBXProject  "lua" */;
                     buildSettings = {
                     };
                     buildStyles = (
                            5C4CC0BC34EF4FB0AD611D13 /* Debug */,
                            7D99EF20DE2A41CA9AAE5ACE /* Release */,
                            AFC22EBD518F4768A44F9183 /* MinSizeRel */,
                            91606F4B89DA40E784AE54AA /* RelWithDebInfo */,
                     );
                     compatibilityVersion = "Xcode 3.2";
                     hasScannedForEncodings = 0;
                     mainGroup = 22E3155F901C41A4ADB29E25;
                     projectDirPath = ".";
                     projectRoot = "";
                     targets = (
                            00B16596904D417299D556F2 /* ALL_BUILD */,
                            3C3DDCBB7AD34043A55973E8 /* ZERO_CHECK */,
                            FE949912548249F98E1B8C67 /* install */,
                            FFC2C255521C4B8E80BE2D44 /* package */,
                            B5CD81AE4FC0409CBDE4BE6D /* lua */,
                     );
              };
/* End PBXProject section */

/* Begin PBXShellScriptBuildPhase section */
              2CB894C374AE4A48BB7EDA7A /*  */ = {
                     isa = PBXShellScriptBuildPhase;
                     buildActionMask = 2147483647;
                     files = (
                     );
                     inputPaths = (
                     );
                     outputPaths = (
                     );
                     runOnlyForDeploymentPostprocessing = 0;
                     shellPath = /bin/sh;
                     shellScript = "# shell script goes here
exit 0";
                     showEnvVarsInLog = 0;
              };
              2091A639B550443991EB6489 /* CMake Rules */ = {
                     isa = PBXShellScriptBuildPhase;
                     buildActionMask = 2147483647;
                     files = (
                     );
                     name = "CMake Rules";
                     runOnlyForDeploymentPostprocessing = 0;
                     shellPath = /bin/sh;
                     shellScript = "make -C /Users/security/mtclient/src/lua -f /Users/security/mtclient/src/lua/CMakeScripts/ALL_BUILD_cmakeRulesBuildPhase.make$CONFIGURATION all";
                     showEnvVarsInLog = 0;
              };
              90806F35E41E40F7817ABD4C /*  */ = {
                     isa = PBXShellScriptBuildPhase;
                     buildActionMask = 2147483647;
                     files = (
                     );
                     inputPaths = (
                     );
                     outputPaths = (
                     );
                     runOnlyForDeploymentPostprocessing = 0;
                     shellPath = /bin/sh;
                     shellScript = "# shell script goes here
exit 0";
                     showEnvVarsInLog = 0;
              };
              7136C6E47FEA474DB5B19A61 /* CMake Rules */ = {
                     isa = PBXShellScriptBuildPhase;
                     buildActionMask = 2147483647;
                     files = (
                     );
                     name = "CMake Rules";
                     runOnlyForDeploymentPostprocessing = 0;
                     shellPath = /bin/sh;
                     shellScript = "make -C /Users/security/mtclient/src/lua -f /Users/security/mtclient/src/lua/CMakeScripts/ZERO_CHECK_cmakeRulesBuildPhase.make$CONFIGURATION all";
                     showEnvVarsInLog = 0;
              };
              BEA10D76BB284D9CA34098B3 /*  */ = {
                     isa = PBXShellScriptBuildPhase;
                     buildActionMask = 2147483647;
                     files = (
                     );
                     inputPaths = (
                     );
                     outputPaths = (
                     );
                     runOnlyForDeploymentPostprocessing = 0;
                     shellPath = /bin/sh;
                     shellScript = "# shell script goes here
exit 0";
                     showEnvVarsInLog = 0;
              };
              5BBA63A4DED343C2A2BE8A7D /* CMake PostBuild Rules */ = {
                     isa = PBXShellScriptBuildPhase;
                     buildActionMask = 2147483647;
                     files = (
                     );
                     name = "CMake PostBuild Rules";
                     runOnlyForDeploymentPostprocessing = 0;
                     shellPath = /bin/sh;
                     shellScript = "make -C /Users/security/mtclient/src/lua -f /Users/security/mtclient/src/lua/CMakeScripts/install_postBuildPhase.make$CONFIGURATION all";
                     showEnvVarsInLog = 0;
              };
              1DCB9019B3294E0696C3A467 /*  */ = {
                     isa = PBXShellScriptBuildPhase;
                     buildActionMask = 2147483647;
                     files = (
                     );
                     inputPaths = (
                     );
                     outputPaths = (
                     );
                     runOnlyForDeploymentPostprocessing = 0;
                     shellPath = /bin/sh;
                     shellScript = "# shell script goes here
exit 0";
                     showEnvVarsInLog = 0;
              };
              586E17E8BD334072A9A20308 /* CMake PostBuild Rules */ = {
                     isa = PBXShellScriptBuildPhase;
                     buildActionMask = 2147483647;
                     files = (
                     );
                     name = "CMake PostBuild Rules";
                     runOnlyForDeploymentPostprocessing = 0;
                     shellPath = /bin/sh;
                     shellScript = "make -C /Users/security/mtclient/src/lua -f /Users/security/mtclient/src/lua/CMakeScripts/package_postBuildPhase.make$CONFIGURATION all";
                     showEnvVarsInLog = 0;
              };
              DA75D961EA474934B80505C9 /* CMake PostBuild Rules */ = {
                     isa = PBXShellScriptBuildPhase;
                     buildActionMask = 2147483647;
                     files = (
                     );
                     name = "CMake PostBuild Rules";
                     runOnlyForDeploymentPostprocessing = 0;
                     shellPath = /bin/sh;
                     shellScript = "make -C /Users/security/mtclient/src/lua/build -f /Users/security/mtclient/src/lua/build/CMakeScripts/lua_postBuildPhase.make$CONFIGURATION all";
                     showEnvVarsInLog = 0;
              };
/* End PBXShellScriptBuildPhase section */

/* Begin PBXSourcesBuildPhase section */
              A909789BFB2B4B6ABECF1D3E /* Sources */ = {
                     isa = PBXSourcesBuildPhase;
                     buildActionMask = 2147483647;
                     files = (
                            7EEBC911179A414FA4651BE5 /* /Users/security/mtclient/src/lua/src/lapi.c */,
                            92BA9177C7034211A8BFFE0E /* /Users/security/mtclient/src/lua/src/lauxlib.c */,
                            A3436FE834D1422BAE2D9654 /* /Users/security/mtclient/src/lua/src/lbaselib.c */,
                            E8B0E97B410D4CCEAEC707E9 /* /Users/security/mtclient/src/lua/src/lcode.c */,
                            7DBCFFF5C28B44DF8F91E6BE /* /Users/security/mtclient/src/lua/src/ldblib.c */,
                            18AF6D2967654AF093485DE2 /* /Users/security/mtclient/src/lua/src/ldebug.c */,
                            20711402346B400B80A88214 /* /Users/security/mtclient/src/lua/src/ldo.c */,
                            9976B778210245DBA0FAB955 /* /Users/security/mtclient/src/lua/src/ldump.c */,
                            30871F00EF4542EB8B745A35 /* /Users/security/mtclient/src/lua/src/lfunc.c */,
                            7E2762966E994D2581E2F3C8 /* /Users/security/mtclient/src/lua/src/lgc.c */,
                            8666091143184898B14E72CF /* /Users/security/mtclient/src/lua/src/linit.c */,
                            9B601482FE194783AA20902F /* /Users/security/mtclient/src/lua/src/liolib.c */,
                            D3A3696992DC42E09321FE1E /* /Users/security/mtclient/src/lua/src/llex.c */,
                            13280B39338849B2BAA104AB /* /Users/security/mtclient/src/lua/src/lmathlib.c */,
                            3DD6EFE6EE844AF1855FA255 /* /Users/security/mtclient/src/lua/src/lmem.c */,
                            FBD995C963704FE8AA3157A7 /* /Users/security/mtclient/src/lua/src/loadlib.c */,
                            3990E0684CF04597A99C97B5 /* /Users/security/mtclient/src/lua/src/lobject.c */,
                            F782F379A407454D90C5AFC1 /* /Users/security/mtclient/src/lua/src/lopcodes.c */,
                            E2AA107DE63644EE951D1ABF /* /Users/security/mtclient/src/lua/src/loslib.c */,
                            53C714C27E674EA5AEA89646 /* /Users/security/mtclient/src/lua/src/lparser.c */,
                            BCAE851DF7DA4F2598F5983E /* /Users/security/mtclient/src/lua/src/lstate.c */,
                            F8219A7F874041ECA521701F /* /Users/security/mtclient/src/lua/src/lstring.c */,
                            14D21DE7046547C1B2AC56B3 /* /Users/security/mtclient/src/lua/src/lstrlib.c */,
                            F433329B80A04DE997281F0F /* /Users/security/mtclient/src/lua/src/ltable.c */,
                            9BA32F3D68484192A35D0C56 /* /Users/security/mtclient/src/lua/src/ltablib.c */,
                            48C503BB0EE341F1AFFA33AB /* /Users/security/mtclient/src/lua/src/ltm.c */,
                            B9A1DE50003249039FA94714 /* /Users/security/mtclient/src/lua/src/lundump.c */,
                            0055A8CEEEBE4253A06958FC /* /Users/security/mtclient/src/lua/src/lvm.c */,
                            B87505E41B564D8BBB6EE564 /* /Users/security/mtclient/src/lua/src/lzio.c */,
                     );
                     runOnlyForDeploymentPostprocessing = 0;
              };
/* End PBXSourcesBuildPhase section */

/* Begin PBXTargetDependency section */
              936079299278435482B63C84 /* PBXTargetDependency */ = {
                     isa = PBXTargetDependency;
                     target = 3C3DDCBB7AD34043A55973E8 /* ZERO_CHECK */;
                     targetProxy = B67726305B05423FAC7F376C /* PBXContainerItemProxy */;
              };
              AA93982478634866827956F5 /* PBXTargetDependency */ = {
                     isa = PBXTargetDependency;
                     target = B5CD81AE4FC0409CBDE4BE6D /* lua */;
                     targetProxy = 3C20E4E8673B43CDB0F2D02D /* PBXContainerItemProxy */;
              };
              68E7BF56AAD04164BCCCA70D /* PBXTargetDependency */ = {
                     isa = PBXTargetDependency;
                     target = 00B16596904D417299D556F2 /* ALL_BUILD */;
                     targetProxy = 2598B829EBEC44B0A2FAC79A /* PBXContainerItemProxy */;
              };
/* End PBXTargetDependency section */

/* Begin XCBuildConfiguration section */
              44C0D0C7976A43BC95BD4AC9 /* Debug */ = {
                     isa = XCBuildConfiguration;
                     buildSettings = {
                            ARCHS = i386;
                            SDKROOT = "/Developer/SDKs/MacOSX10.6.sdk";
                            SYMROOT = /Users/security/mtclient/src/lua/build;
                     };
                     name = Debug;
              };
              5809D85996D74D2F895359B4 /* Release */ = {
                     isa = XCBuildConfiguration;
                     buildSettings = {
                            ARCHS = i386;
                            SDKROOT = "/Developer/SDKs/MacOSX10.6.sdk";
                            SYMROOT = /Users/security/mtclient/src/lua/build;
                     };
                     name = Release;
              };
              F1BFD62D9EC24600B341B774 /* MinSizeRel */ = {
                     isa = XCBuildConfiguration;
                     buildSettings = {
                            ARCHS = i386;
                            SDKROOT = "/Developer/SDKs/MacOSX10.6.sdk";
                            SYMROOT = /Users/security/mtclient/src/lua/build;
                     };
                     name = MinSizeRel;
              };
              26C84433D05241D18D0E8718 /* RelWithDebInfo */ = {
                     isa = XCBuildConfiguration;
                     buildSettings = {
                            ARCHS = i386;
                            SDKROOT = "/Developer/SDKs/MacOSX10.6.sdk";
                            SYMROOT = /Users/security/mtclient/src/lua/build;
                     };
                     name = RelWithDebInfo;
              };
              9DEF3033DFB14F1782F1DDEA /* Debug */ = {
                     isa = XCBuildConfiguration;
                     buildSettings = {
                            ARCHS = i386;
                            GCC_GENERATE_DEBUGGING_SYMBOLS = NO;
                            GCC_INLINES_ARE_PRIVATE_EXTERN = NO;
                            GCC_OPTIMIZATION_LEVEL = 0;
                            GCC_PREPROCESSOR_DEFINITIONS = ("'CMAKE_INTDIR=\"$(CONFIGURATION)$(EFFECTIVE_PLATFORM_NAME)\"'", USE_CMAKE_CONFIG_H, );
                            GCC_SYMBOLS_PRIVATE_EXTERN = NO;
                            INSTALL_PATH = "";
                            ONLY_ACTIVE_ARCH = NO;
                            OTHER_CFLAGS = "  ";
                            OTHER_LDFLAGS = "";
                            OTHER_REZFLAGS = "";
                            PREBINDING = NO;
                            PRODUCT_NAME = ALL_BUILD;
                            SECTORDER_FLAGS = "";
                            SYMROOT = /Users/security/mtclient/src/lua;
                            USE_HEADERMAP = NO;
                            WARNING_CFLAGS = ("-Wmost", "-Wno-four-char-constants", "-Wno-unknown-pragmas", );
                     };
                     name = Debug;
              };
              494605F5D1E148D69A0AD24D /* Release */ = {
                     isa = XCBuildConfiguration;
                     buildSettings = {
                            ARCHS = i386;
                            GCC_GENERATE_DEBUGGING_SYMBOLS = NO;
                            GCC_INLINES_ARE_PRIVATE_EXTERN = NO;
                            GCC_OPTIMIZATION_LEVEL = 0;
                            GCC_PREPROCESSOR_DEFINITIONS = ("'CMAKE_INTDIR=\"$(CONFIGURATION)$(EFFECTIVE_PLATFORM_NAME)\"'", USE_CMAKE_CONFIG_H, );
                            GCC_SYMBOLS_PRIVATE_EXTERN = NO;
                            INSTALL_PATH = "";
                            ONLY_ACTIVE_ARCH = NO;
                            OTHER_CFLAGS = "  ";
                            OTHER_LDFLAGS = "";
                            OTHER_REZFLAGS = "";
                            PREBINDING = NO;
                            PRODUCT_NAME = ALL_BUILD;
                            SECTORDER_FLAGS = "";
                            SYMROOT = /Users/security/mtclient/src/lua;
                            USE_HEADERMAP = NO;
                            WARNING_CFLAGS = ("-Wmost", "-Wno-four-char-constants", "-Wno-unknown-pragmas", );
                     };
                     name = Release;
              };
              A348EF7230FB474A93B27AFC /* MinSizeRel */ = {
                     isa = XCBuildConfiguration;
                     buildSettings = {
                            ARCHS = i386;
                            GCC_GENERATE_DEBUGGING_SYMBOLS = NO;
                            GCC_INLINES_ARE_PRIVATE_EXTERN = NO;
                            GCC_OPTIMIZATION_LEVEL = 0;
                            GCC_PREPROCESSOR_DEFINITIONS = ("'CMAKE_INTDIR=\"$(CONFIGURATION)$(EFFECTIVE_PLATFORM_NAME)\"'", USE_CMAKE_CONFIG_H, );
                            GCC_SYMBOLS_PRIVATE_EXTERN = NO;
                            INSTALL_PATH = "";
                            ONLY_ACTIVE_ARCH = NO;
                            OTHER_CFLAGS = "  ";
                            OTHER_LDFLAGS = "";
                            OTHER_REZFLAGS = "";
                            PREBINDING = NO;
                            PRODUCT_NAME = ALL_BUILD;
                            SECTORDER_FLAGS = "";
                            SYMROOT = /Users/security/mtclient/src/lua;
                            USE_HEADERMAP = NO;
                            WARNING_CFLAGS = ("-Wmost", "-Wno-four-char-constants", "-Wno-unknown-pragmas", );
                     };
                     name = MinSizeRel;
              };
              8980C53913D949E4AD666804 /* RelWithDebInfo */ = {
                     isa = XCBuildConfiguration;
                     buildSettings = {
                            ARCHS = i386;
                            GCC_GENERATE_DEBUGGING_SYMBOLS = NO;
                            GCC_INLINES_ARE_PRIVATE_EXTERN = NO;
                            GCC_OPTIMIZATION_LEVEL = 0;
                            GCC_PREPROCESSOR_DEFINITIONS = ("'CMAKE_INTDIR=\"$(CONFIGURATION)$(EFFECTIVE_PLATFORM_NAME)\"'", USE_CMAKE_CONFIG_H, );
                            GCC_SYMBOLS_PRIVATE_EXTERN = NO;
                            INSTALL_PATH = "";
                            ONLY_ACTIVE_ARCH = NO;
                            OTHER_CFLAGS = "  ";
                            OTHER_LDFLAGS = "";
                            OTHER_REZFLAGS = "";
                            PREBINDING = NO;
                            PRODUCT_NAME = ALL_BUILD;
                            SECTORDER_FLAGS = "";
                            SYMROOT = /Users/security/mtclient/src/lua;
                            USE_HEADERMAP = NO;
                            WARNING_CFLAGS = ("-Wmost", "-Wno-four-char-constants", "-Wno-unknown-pragmas", );
                     };
                     name = RelWithDebInfo;
              };
              9EB4B769841B4127B2492B99 /* Debug */ = {
                     isa = XCBuildConfiguration;
                     buildSettings = {
                            ARCHS = i386;
                            GCC_GENERATE_DEBUGGING_SYMBOLS = NO;
                            GCC_INLINES_ARE_PRIVATE_EXTERN = NO;
                            GCC_OPTIMIZATION_LEVEL = 0;
                            GCC_PREPROCESSOR_DEFINITIONS = ("'CMAKE_INTDIR=\"$(CONFIGURATION)$(EFFECTIVE_PLATFORM_NAME)\"'", USE_CMAKE_CONFIG_H, );
                            GCC_SYMBOLS_PRIVATE_EXTERN = NO;
                            INSTALL_PATH = "";
                            ONLY_ACTIVE_ARCH = NO;
                            OTHER_CFLAGS = "  ";
                            OTHER_LDFLAGS = "";
                            OTHER_REZFLAGS = "";
                            PREBINDING = NO;
                            PRODUCT_NAME = ZERO_CHECK;
                            SECTORDER_FLAGS = "";
                            SYMROOT = /Users/security/mtclient/src/lua;
                            USE_HEADERMAP = NO;
                            WARNING_CFLAGS = ("-Wmost", "-Wno-four-char-constants", "-Wno-unknown-pragmas", );
                     };
                     name = Debug;
              };
              5564E3ABC88340A689721898 /* Release */ = {
                     isa = XCBuildConfiguration;
                     buildSettings = {
                            ARCHS = i386;
                            GCC_GENERATE_DEBUGGING_SYMBOLS = NO;
                            GCC_INLINES_ARE_PRIVATE_EXTERN = NO;
                            GCC_OPTIMIZATION_LEVEL = 0;
                            GCC_PREPROCESSOR_DEFINITIONS = ("'CMAKE_INTDIR=\"$(CONFIGURATION)$(EFFECTIVE_PLATFORM_NAME)\"'", USE_CMAKE_CONFIG_H, );
                            GCC_SYMBOLS_PRIVATE_EXTERN = NO;
                            INSTALL_PATH = "";
                            ONLY_ACTIVE_ARCH = NO;
                            OTHER_CFLAGS = "  ";
                            OTHER_LDFLAGS = "";
                            OTHER_REZFLAGS = "";
                            PREBINDING = NO;
                            PRODUCT_NAME = ZERO_CHECK;
                            SECTORDER_FLAGS = "";
                            SYMROOT = /Users/security/mtclient/src/lua;
                            USE_HEADERMAP = NO;
                            WARNING_CFLAGS = ("-Wmost", "-Wno-four-char-constants", "-Wno-unknown-pragmas", );
                     };
                     name = Release;
              };
              737F513BC5054CB984F1B8B9 /* MinSizeRel */ = {
                     isa = XCBuildConfiguration;
                     buildSettings = {
                            ARCHS = i386;
                            GCC_GENERATE_DEBUGGING_SYMBOLS = NO;
                            GCC_INLINES_ARE_PRIVATE_EXTERN = NO;
                            GCC_OPTIMIZATION_LEVEL = 0;
                            GCC_PREPROCESSOR_DEFINITIONS = ("'CMAKE_INTDIR=\"$(CONFIGURATION)$(EFFECTIVE_PLATFORM_NAME)\"'", USE_CMAKE_CONFIG_H, );
                            GCC_SYMBOLS_PRIVATE_EXTERN = NO;
                            INSTALL_PATH = "";
                            ONLY_ACTIVE_ARCH = NO;
                            OTHER_CFLAGS = "  ";
                            OTHER_LDFLAGS = "";
                            OTHER_REZFLAGS = "";
                            PREBINDING = NO;
                            PRODUCT_NAME = ZERO_CHECK;
                            SECTORDER_FLAGS = "";
                            SYMROOT = /Users/security/mtclient/src/lua;
                            USE_HEADERMAP = NO;
                            WARNING_CFLAGS = ("-Wmost", "-Wno-four-char-constants", "-Wno-unknown-pragmas", );
                     };
                     name = MinSizeRel;
              };
              FA6F5CFB4C374DB4BF9C618F /* RelWithDebInfo */ = {
                     isa = XCBuildConfiguration;
                     buildSettings = {
                            ARCHS = i386;
                            GCC_GENERATE_DEBUGGING_SYMBOLS = NO;
                            GCC_INLINES_ARE_PRIVATE_EXTERN = NO;
                            GCC_OPTIMIZATION_LEVEL = 0;
                            GCC_PREPROCESSOR_DEFINITIONS = ("'CMAKE_INTDIR=\"$(CONFIGURATION)$(EFFECTIVE_PLATFORM_NAME)\"'", USE_CMAKE_CONFIG_H, );
                            GCC_SYMBOLS_PRIVATE_EXTERN = NO;
                            INSTALL_PATH = "";
                            ONLY_ACTIVE_ARCH = NO;
                            OTHER_CFLAGS = "  ";
                            OTHER_LDFLAGS = "";
                            OTHER_REZFLAGS = "";
                            PREBINDING = NO;
                            PRODUCT_NAME = ZERO_CHECK;
                            SECTORDER_FLAGS = "";
                            SYMROOT = /Users/security/mtclient/src/lua;
                            USE_HEADERMAP = NO;
                            WARNING_CFLAGS = ("-Wmost", "-Wno-four-char-constants", "-Wno-unknown-pragmas", );
                     };
                     name = RelWithDebInfo;
              };
              C4276139823B4CB1905630A1 /* Debug */ = {
                     isa = XCBuildConfiguration;
                     buildSettings = {
                            ARCHS = i386;
                            GCC_GENERATE_DEBUGGING_SYMBOLS = NO;
                            GCC_INLINES_ARE_PRIVATE_EXTERN = NO;
                            GCC_OPTIMIZATION_LEVEL = 0;
                            GCC_PREPROCESSOR_DEFINITIONS = ("'CMAKE_INTDIR=\"$(CONFIGURATION)$(EFFECTIVE_PLATFORM_NAME)\"'", USE_CMAKE_CONFIG_H, );
                            GCC_SYMBOLS_PRIVATE_EXTERN = NO;
                            INSTALL_PATH = "";
                            ONLY_ACTIVE_ARCH = NO;
                            OTHER_CFLAGS = "  ";
                            OTHER_LDFLAGS = "";
                            OTHER_REZFLAGS = "";
                            PREBINDING = NO;
                            PRODUCT_NAME = install;
                            SECTORDER_FLAGS = "";
                            SYMROOT = /Users/security/mtclient/src/lua;
                            USE_HEADERMAP = NO;
                            WARNING_CFLAGS = ("-Wmost", "-Wno-four-char-constants", "-Wno-unknown-pragmas", );
                     };
                     name = Debug;
              };
              021504AAE9E74997815D5573 /* Release */ = {
                     isa = XCBuildConfiguration;
                     buildSettings = {
                            ARCHS = i386;
                            GCC_GENERATE_DEBUGGING_SYMBOLS = NO;
                            GCC_INLINES_ARE_PRIVATE_EXTERN = NO;
                            GCC_OPTIMIZATION_LEVEL = 0;
                            GCC_PREPROCESSOR_DEFINITIONS = ("'CMAKE_INTDIR=\"$(CONFIGURATION)$(EFFECTIVE_PLATFORM_NAME)\"'", USE_CMAKE_CONFIG_H, );
                            GCC_SYMBOLS_PRIVATE_EXTERN = NO;
                            INSTALL_PATH = "";
                            ONLY_ACTIVE_ARCH = NO;
                            OTHER_CFLAGS = "  ";
                            OTHER_LDFLAGS = "";
                            OTHER_REZFLAGS = "";
                            PREBINDING = NO;
                            PRODUCT_NAME = install;
                            SECTORDER_FLAGS = "";
                            SYMROOT = /Users/security/mtclient/src/lua;
                            USE_HEADERMAP = NO;
                            WARNING_CFLAGS = ("-Wmost", "-Wno-four-char-constants", "-Wno-unknown-pragmas", );
                     };
                     name = Release;
              };
              5C0585F593204D0DB5F24D45 /* MinSizeRel */ = {
                     isa = XCBuildConfiguration;
                     buildSettings = {
                            ARCHS = i386;
                            GCC_GENERATE_DEBUGGING_SYMBOLS = NO;
                            GCC_INLINES_ARE_PRIVATE_EXTERN = NO;
                            GCC_OPTIMIZATION_LEVEL = 0;
                            GCC_PREPROCESSOR_DEFINITIONS = ("'CMAKE_INTDIR=\"$(CONFIGURATION)$(EFFECTIVE_PLATFORM_NAME)\"'", USE_CMAKE_CONFIG_H, );
                            GCC_SYMBOLS_PRIVATE_EXTERN = NO;
                            INSTALL_PATH = "";
                            ONLY_ACTIVE_ARCH = NO;
                            OTHER_CFLAGS = "  ";
                            OTHER_LDFLAGS = "";
                            OTHER_REZFLAGS = "";
                            PREBINDING = NO;
                            PRODUCT_NAME = install;
                            SECTORDER_FLAGS = "";
                            SYMROOT = /Users/security/mtclient/src/lua;
                            USE_HEADERMAP = NO;
                            WARNING_CFLAGS = ("-Wmost", "-Wno-four-char-constants", "-Wno-unknown-pragmas", );
                     };
                     name = MinSizeRel;
              };
              BF3CE945BC2644EAA837433D /* RelWithDebInfo */ = {
                     isa = XCBuildConfiguration;
                     buildSettings = {
                            ARCHS = i386;
                            GCC_GENERATE_DEBUGGING_SYMBOLS = NO;
                            GCC_INLINES_ARE_PRIVATE_EXTERN = NO;
                            GCC_OPTIMIZATION_LEVEL = 0;
                            GCC_PREPROCESSOR_DEFINITIONS = ("'CMAKE_INTDIR=\"$(CONFIGURATION)$(EFFECTIVE_PLATFORM_NAME)\"'", USE_CMAKE_CONFIG_H, );
                            GCC_SYMBOLS_PRIVATE_EXTERN = NO;
                            INSTALL_PATH = "";
                            ONLY_ACTIVE_ARCH = NO;
                            OTHER_CFLAGS = "  ";
                            OTHER_LDFLAGS = "";
                            OTHER_REZFLAGS = "";
                            PREBINDING = NO;
                            PRODUCT_NAME = install;
                            SECTORDER_FLAGS = "";
                            SYMROOT = /Users/security/mtclient/src/lua;
                            USE_HEADERMAP = NO;
                            WARNING_CFLAGS = ("-Wmost", "-Wno-four-char-constants", "-Wno-unknown-pragmas", );
                     };
                     name = RelWithDebInfo;
              };
              AE9329288D79447692B8815D /* Debug */ = {
                     isa = XCBuildConfiguration;
                     buildSettings = {
                            ARCHS = i386;
                            GCC_GENERATE_DEBUGGING_SYMBOLS = NO;
                            GCC_INLINES_ARE_PRIVATE_EXTERN = NO;
                            GCC_OPTIMIZATION_LEVEL = 0;
                            GCC_PREPROCESSOR_DEFINITIONS = ("'CMAKE_INTDIR=\"$(CONFIGURATION)$(EFFECTIVE_PLATFORM_NAME)\"'", USE_CMAKE_CONFIG_H, );
                            GCC_SYMBOLS_PRIVATE_EXTERN = NO;
                            INSTALL_PATH = "";
                            ONLY_ACTIVE_ARCH = NO;
                            OTHER_CFLAGS = "  ";
                            OTHER_LDFLAGS = "";
                            OTHER_REZFLAGS = "";
                            PREBINDING = NO;
                            PRODUCT_NAME = package;
                            SECTORDER_FLAGS = "";
                            SYMROOT = /Users/security/mtclient/src/lua;
                            USE_HEADERMAP = NO;
                            WARNING_CFLAGS = ("-Wmost", "-Wno-four-char-constants", "-Wno-unknown-pragmas", );
                     };
                     name = Debug;
              };
              D89E23ADB3254F4EBE7B05FF /* Release */ = {
                     isa = XCBuildConfiguration;
                     buildSettings = {
                            ARCHS = i386;
                            GCC_GENERATE_DEBUGGING_SYMBOLS = NO;
                            GCC_INLINES_ARE_PRIVATE_EXTERN = NO;
                            GCC_OPTIMIZATION_LEVEL = 0;
                            GCC_PREPROCESSOR_DEFINITIONS = ("'CMAKE_INTDIR=\"$(CONFIGURATION)$(EFFECTIVE_PLATFORM_NAME)\"'", USE_CMAKE_CONFIG_H, );
                            GCC_SYMBOLS_PRIVATE_EXTERN = NO;
                            INSTALL_PATH = "";
                            ONLY_ACTIVE_ARCH = NO;
                            OTHER_CFLAGS = "  ";
                            OTHER_LDFLAGS = "";
                            OTHER_REZFLAGS = "";
                            PREBINDING = NO;
                            PRODUCT_NAME = package;
                            SECTORDER_FLAGS = "";
                            SYMROOT = /Users/security/mtclient/src/lua;
                            USE_HEADERMAP = NO;
                            WARNING_CFLAGS = ("-Wmost", "-Wno-four-char-constants", "-Wno-unknown-pragmas", );
                     };
                     name = Release;
              };
              827812AE90744324A3E42EBB /* MinSizeRel */ = {
                     isa = XCBuildConfiguration;
                     buildSettings = {
                            ARCHS = i386;
                            GCC_GENERATE_DEBUGGING_SYMBOLS = NO;
                            GCC_INLINES_ARE_PRIVATE_EXTERN = NO;
                            GCC_OPTIMIZATION_LEVEL = 0;
                            GCC_PREPROCESSOR_DEFINITIONS = ("'CMAKE_INTDIR=\"$(CONFIGURATION)$(EFFECTIVE_PLATFORM_NAME)\"'", USE_CMAKE_CONFIG_H, );
                            GCC_SYMBOLS_PRIVATE_EXTERN = NO;
                            INSTALL_PATH = "";
                            ONLY_ACTIVE_ARCH = NO;
                            OTHER_CFLAGS = "  ";
                            OTHER_LDFLAGS = "";
                            OTHER_REZFLAGS = "";
                            PREBINDING = NO;
                            PRODUCT_NAME = package;
                            SECTORDER_FLAGS = "";
                            SYMROOT = /Users/security/mtclient/src/lua;
                            USE_HEADERMAP = NO;
                            WARNING_CFLAGS = ("-Wmost", "-Wno-four-char-constants", "-Wno-unknown-pragmas", );
                     };
                     name = MinSizeRel;
              };
              2B94F6888D9E4BCDA85A44E0 /* RelWithDebInfo */ = {
                     isa = XCBuildConfiguration;
                     buildSettings = {
                            ARCHS = i386;
                            GCC_GENERATE_DEBUGGING_SYMBOLS = NO;
                            GCC_INLINES_ARE_PRIVATE_EXTERN = NO;
                            GCC_OPTIMIZATION_LEVEL = 0;
                            GCC_PREPROCESSOR_DEFINITIONS = ("'CMAKE_INTDIR=\"$(CONFIGURATION)$(EFFECTIVE_PLATFORM_NAME)\"'", USE_CMAKE_CONFIG_H, );
                            GCC_SYMBOLS_PRIVATE_EXTERN = NO;
                            INSTALL_PATH = "";
                            ONLY_ACTIVE_ARCH = NO;
                            OTHER_CFLAGS = "  ";
                            OTHER_LDFLAGS = "";
                            OTHER_REZFLAGS = "";
                            PREBINDING = NO;
                            PRODUCT_NAME = package;
                            SECTORDER_FLAGS = "";
                            SYMROOT = /Users/security/mtclient/src/lua;
                            USE_HEADERMAP = NO;
                            WARNING_CFLAGS = ("-Wmost", "-Wno-four-char-constants", "-Wno-unknown-pragmas", );
                     };
                     name = RelWithDebInfo;
              };
              56211001092843698B004EC6 /* Debug */ = {
                     isa = XCBuildConfiguration;
                     buildSettings = {
                            ARCHS = i386;
                            EXECUTABLE_PREFIX = lib;
                            EXECUTABLE_SUFFIX = ".a";
                            GCC_GENERATE_DEBUGGING_SYMBOLS = YES;
                            GCC_INLINES_ARE_PRIVATE_EXTERN = NO;
                            GCC_OPTIMIZATION_LEVEL = 0;
                            GCC_PREPROCESSOR_DEFINITIONS = ("'CMAKE_INTDIR=\"$(CONFIGURATION)$(EFFECTIVE_PLATFORM_NAME)\"'", USE_CMAKE_CONFIG_H, );
                            GCC_SYMBOLS_PRIVATE_EXTERN = NO;
                            HEADER_SEARCH_PATHS = (/Users/security/mtclient/src/lua/src, /Users/security/mtclient/src/lua/build, );
                            INSTALL_PATH = "";
                            LIBRARY_STYLE = STATIC;
                            ONLY_ACTIVE_ARCH = NO;
                            OTHER_CFLAGS = "  -DLUA_USE_DLOPEN -pipe -Wall -Wextra -Wshadow -W -pedantic -std=gnu99                  ";
                            OTHER_LDFLAGS = "";
                            OTHER_REZFLAGS = "";
                            PREBINDING = NO;
                            PRODUCT_NAME = lua;
                            SECTORDER_FLAGS = "";
                            SYMROOT = /Users/security/mtclient/src/lua/build;
                            USE_HEADERMAP = NO;
                            WARNING_CFLAGS = ("-Wmost", "-Wno-four-char-constants", "-Wno-unknown-pragmas", );
                     };
                     name = Debug;
              };
              02525B009726435D8CC3B7E6 /* Release */ = {
                     isa = XCBuildConfiguration;
                     buildSettings = {
                            ARCHS = i386;
                            EXECUTABLE_PREFIX = lib;
                            EXECUTABLE_SUFFIX = ".a";
                            GCC_GENERATE_DEBUGGING_SYMBOLS = NO;
                            GCC_INLINES_ARE_PRIVATE_EXTERN = NO;
                            GCC_OPTIMIZATION_LEVEL = 2;
                            GCC_PREPROCESSOR_DEFINITIONS = ("'CMAKE_INTDIR=\"$(CONFIGURATION)$(EFFECTIVE_PLATFORM_NAME)\"'", USE_CMAKE_CONFIG_H, );
                            GCC_SYMBOLS_PRIVATE_EXTERN = NO;
                            HEADER_SEARCH_PATHS = (/Users/security/mtclient/src/lua/src, /Users/security/mtclient/src/lua/build, );
                            INSTALL_PATH = "";
                            LIBRARY_STYLE = STATIC;
                            ONLY_ACTIVE_ARCH = NO;
                            OTHER_CFLAGS = "  -DLUA_USE_DLOPEN -pipe -Wall -Wextra -Wshadow -W -pedantic -std=gnu99     -DNDEBUG          ";
                            OTHER_LDFLAGS = "";
                            OTHER_REZFLAGS = "";
                            PREBINDING = NO;
                            PRODUCT_NAME = lua;
                            SECTORDER_FLAGS = "";
                            SYMROOT = /Users/security/mtclient/src/lua/build;
                            USE_HEADERMAP = NO;
                            WARNING_CFLAGS = ("-Wmost", "-Wno-four-char-constants", "-Wno-unknown-pragmas", );
                     };
                     name = Release;
              };
              CC62B6A343D94B2AA0E87E1E /* MinSizeRel */ = {
                     isa = XCBuildConfiguration;
                     buildSettings = {
                            ARCHS = i386;
                            EXECUTABLE_PREFIX = lib;
                            EXECUTABLE_SUFFIX = ".a";
                            GCC_GENERATE_DEBUGGING_SYMBOLS = NO;
                            GCC_INLINES_ARE_PRIVATE_EXTERN = NO;
                            GCC_OPTIMIZATION_LEVEL = s;
                            GCC_PREPROCESSOR_DEFINITIONS = ("'CMAKE_INTDIR=\"$(CONFIGURATION)$(EFFECTIVE_PLATFORM_NAME)\"'", USE_CMAKE_CONFIG_H, );
                            GCC_SYMBOLS_PRIVATE_EXTERN = NO;
                            HEADER_SEARCH_PATHS = (/Users/security/mtclient/src/lua/src, /Users/security/mtclient/src/lua/build, );
                            INSTALL_PATH = "";
                            LIBRARY_STYLE = STATIC;
                            ONLY_ACTIVE_ARCH = NO;
                            OTHER_CFLAGS = "  -DLUA_USE_DLOPEN -pipe -Wall -Wextra -Wshadow -W -pedantic -std=gnu99     -DNDEBUG  ";
                            OTHER_LDFLAGS = "";
                            OTHER_REZFLAGS = "";
                            PREBINDING = NO;
                            PRODUCT_NAME = lua;
                            SECTORDER_FLAGS = "";
                            SYMROOT = /Users/security/mtclient/src/lua/build;
                            USE_HEADERMAP = NO;
                            WARNING_CFLAGS = ("-Wmost", "-Wno-four-char-constants", "-Wno-unknown-pragmas", );
                     };
                     name = MinSizeRel;
              };
              0ADFB3BC4F124FEC96E6F3E8 /* RelWithDebInfo */ = {
                     isa = XCBuildConfiguration;
                     buildSettings = {
                            ARCHS = i386;
                            EXECUTABLE_PREFIX = lib;
                            EXECUTABLE_SUFFIX = ".a";
                            GCC_GENERATE_DEBUGGING_SYMBOLS = YES;
                            GCC_INLINES_ARE_PRIVATE_EXTERN = NO;
                            GCC_OPTIMIZATION_LEVEL = 2;
                            GCC_PREPROCESSOR_DEFINITIONS = ("'CMAKE_INTDIR=\"$(CONFIGURATION)$(EFFECTIVE_PLATFORM_NAME)\"'", USE_CMAKE_CONFIG_H, );
                            GCC_SYMBOLS_PRIVATE_EXTERN = NO;
                            HEADER_SEARCH_PATHS = (/Users/security/mtclient/src/lua/src, /Users/security/mtclient/src/lua/build, );
                            INSTALL_PATH = "";
                            LIBRARY_STYLE = STATIC;
                            ONLY_ACTIVE_ARCH = NO;
                            OTHER_CFLAGS = "  -DLUA_USE_DLOPEN -pipe -Wall -Wextra -Wshadow -W -pedantic -std=gnu99          ";
                            OTHER_LDFLAGS = "";
                            OTHER_REZFLAGS = "";
                            PREBINDING = NO;
                            PRODUCT_NAME = lua;
                            SECTORDER_FLAGS = "";
                            SYMROOT = /Users/security/mtclient/src/lua/build;
                            USE_HEADERMAP = NO;
                            WARNING_CFLAGS = ("-Wmost", "-Wno-four-char-constants", "-Wno-unknown-pragmas", );
                     };
                     name = RelWithDebInfo;
              };
/* End XCBuildConfiguration section */

/* Begin XCConfigurationList section */
              F4221E0119414B089A986B9F /* Build configuration list for PBXProject  "lua" */ = {
                     isa = XCConfigurationList;
                     buildConfigurations = (
                            44C0D0C7976A43BC95BD4AC9 /* Debug */,
                            5809D85996D74D2F895359B4 /* Release */,
                            F1BFD62D9EC24600B341B774 /* MinSizeRel */,
                            26C84433D05241D18D0E8718 /* RelWithDebInfo */,
                     );
                     defaultConfigurationIsVisible = 0;
                     defaultConfigurationName = Debug;
              };
              747636A9AF57418783EBB88B /* Build configuration list for PBXAggregateTarget "ALL_BUILD" */ = {
                     isa = XCConfigurationList;
                     buildConfigurations = (
                            9DEF3033DFB14F1782F1DDEA /* Debug */,
                            494605F5D1E148D69A0AD24D /* Release */,
                            A348EF7230FB474A93B27AFC /* MinSizeRel */,
                            8980C53913D949E4AD666804 /* RelWithDebInfo */,
                     );
                     defaultConfigurationIsVisible = 0;
                     defaultConfigurationName = Debug;
              };
              CE53491762C343D1B4F48F3A /* Build configuration list for PBXAggregateTarget "ZERO_CHECK" */ = {
                     isa = XCConfigurationList;
                     buildConfigurations = (
                            9EB4B769841B4127B2492B99 /* Debug */,
                            5564E3ABC88340A689721898 /* Release */,
                            737F513BC5054CB984F1B8B9 /* MinSizeRel */,
                            FA6F5CFB4C374DB4BF9C618F /* RelWithDebInfo */,
                     );
                     defaultConfigurationIsVisible = 0;
                     defaultConfigurationName = Debug;
              };
              93CB3FD9963042479541D344 /* Build configuration list for PBXAggregateTarget "install" */ = {
                     isa = XCConfigurationList;
                     buildConfigurations = (
                            C4276139823B4CB1905630A1 /* Debug */,
                            021504AAE9E74997815D5573 /* Release */,
                            5C0585F593204D0DB5F24D45 /* MinSizeRel */,
                            BF3CE945BC2644EAA837433D /* RelWithDebInfo */,
                     );
                     defaultConfigurationIsVisible = 0;
                     defaultConfigurationName = Debug;
              };
              5B46C29CA13C40AAB454192A /* Build configuration list for PBXAggregateTarget "package" */ = {
                     isa = XCConfigurationList;
                     buildConfigurations = (
                            AE9329288D79447692B8815D /* Debug */,
                            D89E23ADB3254F4EBE7B05FF /* Release */,
                            827812AE90744324A3E42EBB /* MinSizeRel */,
                            2B94F6888D9E4BCDA85A44E0 /* RelWithDebInfo */,
                     );
                     defaultConfigurationIsVisible = 0;
                     defaultConfigurationName = Debug;
              };
              B4624CDE6D66462E93172242 /* Build configuration list for PBXNativeTarget "lua" */ = {
                     isa = XCConfigurationList;
                     buildConfigurations = (
                            56211001092843698B004EC6 /* Debug */,
                            02525B009726435D8CC3B7E6 /* Release */,
                            CC62B6A343D94B2AA0E87E1E /* MinSizeRel */,
                            0ADFB3BC4F124FEC96E6F3E8 /* RelWithDebInfo */,
                     );
                     defaultConfigurationIsVisible = 0;
                     defaultConfigurationName = Debug;
              };
/* End XCConfigurationList section */
       };
       rootObject = D94DB94DCC5F43DAB5111C21;
}
